{
  "originHash" : "9d238ea857b2b0093ba7348e78d7fa8631aecd22503fec2f9642be9568cbccd2",
  "pins" : [
    {
      "identity" : "reactiveswift",
      "kind" : "remoteSourceControl",
      "location" : "https://github.com/ReactiveCocoa/ReactiveSwift",
      "state" : {
        "branch" : "master",
        "revision" : "f4f3d4d7375ce26a797f7f0b4c246444c3afd43f"
      }
    },
    {
      "identity" : "realm-core",
      "kind" : "remoteSourceControl",
      "location" : "https://github.com/realm/realm-core",
      "state" : {
        "revision" : "23f60515a00f076a9e3f2dc672fe1ae07601ee90",
        "version" : "11.4.1"
      }
    },
    {
      "identity" : "realm-swift",
      "kind" : "remoteSourceControl",
      "location" : "https://github.com/realm/realm-swift.git",
      "state" : {
        "revision" : "9f43d0da902c55b493d6c8bb63203764caa8acbe",
        "version" : "10.18.0"
      }
    }
  ],
  "version" : 3
}
