PODS:
  - AFNetworking (1.3.4)
  - Amplitude-iOS (3.8.5)
  - AppAuth (0.7.1)
  - AttributedMarkdown (0.9.2)
  - Bolts (1.8.4):
    - Bolts/AppLinks (= 1.8.4)
    - Bolts/Tasks (= 1.8.4)
  - Bolts/AppLinks (1.8.4):
    - Bolts/Tasks
  - Bolts/Tasks (1.8.4)
  - CargoBay (1.0.0):
    - AFNetworking (~> 1.3)
  - CRToast (0.0.9)
  - DateTools (2.0.0)
  - DTCoreText (1.6.19):
    - DTCoreText/Core (= 1.6.19)
    - DTFoundation/Core (~> 1.7.5)
    - DTFoundation/DTAnimatedGIF (~> 1.7.5)
    - DTFoundation/DTHTMLParser (~> 1.7.5)
    - DTFoundation/UIKit (~> 1.7.5)
  - DTCoreText/Core (1.6.19):
    - DTFoundation/Core (~> 1.7.5)
    - DTFoundation/DTAnimatedGIF (~> 1.7.5)
    - DTFoundation/DTHTMLParser (~> 1.7.5)
    - DTFoundation/UIKit (~> 1.7.5)
  - DTFoundation/Core (1.7.11)
  - DTFoundation/DTAnimatedGIF (1.7.11)
  - DTFoundation/DTHTMLParser (1.7.11):
    - DTFoundation/Core
  - DTFoundation/UIKit (1.7.11):
    - DTFoundation/Core
  - EAIntroView (2.10.0):
    - EARestrictedScrollView (~> 1.1.0)
  - EARestrictedScrollView (1.1.0)
  - FBSDKCoreKit (4.19.0):
    - Bolts (~> 1.7)
  - FBSDKLoginKit (4.19.0):
    - FBSDKCoreKit
  - FBSnapshotTestCase (2.1.4):
    - FBSnapshotTestCase/SwiftSupport (= 2.1.4)
  - FBSnapshotTestCase/Core (2.1.4)
  - FBSnapshotTestCase/SwiftSupport (2.1.4):
    - FBSnapshotTestCase/Core
  - FirebaseAnalytics (3.6.0):
    - FirebaseCore (~> 3.4)
    - FirebaseInstanceID (~> 1.0)
    - GoogleInterchangeUtilities (~> 1.2)
    - GoogleSymbolUtilities (~> 1.1)
    - GoogleToolboxForMac/NSData+zlib (~> 2.1)
  - FirebaseCore (3.4.7):
    - GoogleInterchangeUtilities (~> 1.2)
    - GoogleSymbolUtilities (~> 1.1)
    - GoogleToolboxForMac/NSData+zlib (~> 2.1)
  - FirebaseInstanceID (1.0.8)
  - FLEX (2.4.0)
  - FontAwesomeIconFactory (2.1.1)
  - Google/Analytics (3.0.3):
    - Google/Core
    - GoogleAnalytics (~> 3.12)
  - Google/Core (3.0.3):
    - FirebaseAnalytics (~> 3.2)
  - GoogleAnalytics (3.17.0)
  - GoogleInterchangeUtilities (1.2.2):
    - GoogleSymbolUtilities (~> 1.1)
  - GoogleSymbolUtilities (1.1.2)
  - GoogleToolboxForMac/Defines (2.1.1)
  - GoogleToolboxForMac/NSData+zlib (2.1.1):
    - GoogleToolboxForMac/Defines (= 2.1.1)
  - ISO8601DateFormatterValueTransformer (0.6.1):
    - RKValueTransformers (~> 1.1.0)
  - Keys (1.0.0)
  - KLCPopup (1.0)
  - Masonry (1.0.2)
  - MRProgress (0.8.3):
    - MRProgress/ActivityIndicator (= 0.8.3)
    - MRProgress/Blur (= 0.8.3)
    - MRProgress/Circular (= 0.8.3)
    - MRProgress/Icons (= 0.8.3)
    - MRProgress/NavigationBarProgress (= 0.8.3)
    - MRProgress/Overlay (= 0.8.3)
  - MRProgress/ActivityIndicator (0.8.3):
    - MRProgress/Stopable
  - MRProgress/Blur (0.8.3):
    - MRProgress/Helper
  - MRProgress/Circular (0.8.3):
    - MRProgress/Helper
    - MRProgress/ProgressBaseClass
    - MRProgress/Stopable
  - MRProgress/Helper (0.8.3)
  - MRProgress/Icons (0.8.3)
  - MRProgress/NavigationBarProgress (0.8.3):
    - MRProgress/ProgressBaseClass
  - MRProgress/Overlay (0.8.3):
    - MRProgress/ActivityIndicator
    - MRProgress/Blur
    - MRProgress/Circular
    - MRProgress/Helper
    - MRProgress/Icons
  - MRProgress/ProgressBaseClass (0.8.3)
  - MRProgress/Stopable (0.8.3):
    - MRProgress/Helper
  - NSString+Emoji (0.2.0)
  - OHHTTPStubs (5.2.3):
    - OHHTTPStubs/Default (= 5.2.3)
  - OHHTTPStubs/Core (5.2.3)
  - OHHTTPStubs/Default (5.2.3):
    - OHHTTPStubs/Core
    - OHHTTPStubs/JSON
    - OHHTTPStubs/NSURLSession
    - OHHTTPStubs/OHPathHelpers
  - OHHTTPStubs/JSON (5.2.3):
    - OHHTTPStubs/Core
  - OHHTTPStubs/NSURLSession (5.2.3):
    - OHHTTPStubs/Core
  - OHHTTPStubs/OHPathHelpers (5.2.3)
  - PDKeychainBindingsController (0.0.1)
  - pop (1.0.9)
  - ReactiveCocoa (5.0.0):
    - ReactiveSwift (~> 1.0.0)
  - ReactiveSwift (1.0.0):
    - Result (~> 3.1)
  - RestKit (0.27.0):
    - RestKit/Core (= 0.27.0)
  - RestKit/Core (0.27.0):
    - RestKit/CoreData
    - RestKit/Network
    - RestKit/ObjectMapping
  - RestKit/CoreData (0.27.0):
    - RestKit/ObjectMapping
  - RestKit/Network (0.27.0):
    - RestKit/ObjectMapping
    - RestKit/Support
    - SOCKit
  - RestKit/ObjectMapping (0.27.0):
    - ISO8601DateFormatterValueTransformer (~> 0.6.1)
    - RestKit/Support
    - RKValueTransformers (~> 1.1.0)
  - RestKit/Support (0.27.0):
    - TransitionKit (~> 2.2)
  - Result (3.1.0)
  - RKValueTransformers (1.1.3)
  - SeedsSDK (0.4.2)
  - SlackTextViewController (1.9.5)
  - SOCKit (1.1)
  - SwiftyStoreKit (0.7.1)
  - TransitionKit (2.2.1)
  - VTAcknowledgementsViewController (1.2.1)
  - XLForm (3.3.0)
  - YYCache (1.0.4)
  - YYImage (1.0.4):
    - YYImage/Core (= 1.0.4)
  - YYImage/Core (1.0.4)
  - YYWebImage (1.0.5):
    - YYCache
    - YYImage

DEPENDENCIES:
  - Amplitude-iOS (~> 3.8.5)
  - AppAuth
  - AttributedMarkdown (from `https://github.com/dreamwieber/AttributedMarkdown.git`)
  - CargoBay (from `https://github.com/vIiRuS/CargoBay.git`, branch `v1`)
  - CRToast (from `https://github.com/cruffenach/CRToast`)
  - DateTools
  - DTCoreText
  - EAIntroView
  - FBSDKCoreKit (~> 4)
  - FBSDKLoginKit (~> 4)
  - FBSnapshotTestCase
  - FLEX (~> 2.0)
  - FontAwesomeIconFactory
  - Google/Analytics
  - Keys (from `Pods/CocoaPodsKeys`)
  - KLCPopup
  - Masonry
  - MRProgress
  - NSString+Emoji
  - OHHTTPStubs
  - PDKeychainBindingsController (~> 0.0.1)
  - pop
  - ReactiveCocoa (= 5.0.0)
  - RestKit (from `https://github.com/RestKit/RestKit.git`, commit `13d98d5a6a5e06656ad040013dcae149b7cf8b99`)
  - SeedsSDK (= 0.4.2)
  - SlackTextViewController
  - SwiftyStoreKit
  - VTAcknowledgementsViewController
  - XLForm
  - YYWebImage (~> 1.0.5)

EXTERNAL SOURCES:
  AttributedMarkdown:
    :git: https://github.com/dreamwieber/AttributedMarkdown.git
  CargoBay:
    :branch: v1
    :git: https://github.com/vIiRuS/CargoBay.git
  CRToast:
    :git: https://github.com/cruffenach/CRToast
  Keys:
    :path: Pods/CocoaPodsKeys
  RestKit:
    :commit: 13d98d5a6a5e06656ad040013dcae149b7cf8b99
    :git: https://github.com/RestKit/RestKit.git

CHECKOUT OPTIONS:
  AttributedMarkdown:
    :commit: 4aef3c80e0ffe6c7011c20c7f703ea56af774861
    :git: https://github.com/dreamwieber/AttributedMarkdown.git
  CargoBay:
    :commit: 60fee59c70227085afe547edb3016e2656171fc6
    :git: https://github.com/vIiRuS/CargoBay.git
  CRToast:
    :commit: 82ff49ca70569075467368de8b10450204fd84e9
    :git: https://github.com/cruffenach/CRToast
  RestKit:
    :commit: 13d98d5a6a5e06656ad040013dcae149b7cf8b99
    :git: https://github.com/RestKit/RestKit.git

SPEC CHECKSUMS:
  AFNetworking: cf8e418e16f0c9c7e5c3150d019a3c679d015018
  Amplitude-iOS: de7cfde0c791d05fb0e0f82bd34cbd3585ccd63f
  AppAuth: c56d352b0d50bb34dbb302d7ba50b20aa6b6ae89
  AttributedMarkdown: ac5060667280be8cc8ee33a46c73e4ec6b17ca1a
  Bolts: 8a7995239dbe724f9cba2248b766d48b7ebdd322
  CargoBay: d0ab6070553bb49ef61e6b5a036c0091936cc3be
  CRToast: 5a78c22b921c5ed3487488af605bc403a9c92fed
  DateTools: 933ac9c490f21f92127cf690ccd8c397e0126caf
  DTCoreText: 184cc2f460c2177108e8700dfb0eb1b1cb72c99d
  DTFoundation: 0ef29c70a9814e15518694862bd739347abe2a50
  EAIntroView: 3494b7bbd1212e3a4f7e8d16194a1b00e7b9abb2
  EARestrictedScrollView: b0c2a3f92fb2610bb44d71c5e4893777c89e45ef
  FBSDKCoreKit: 894b2b6eda6a4c8c4204e92e59cc355709ef045c
  FBSDKLoginKit: 83ca4d8f12a2022570af9fd6aacf27f6b425b99f
  FBSnapshotTestCase: '094f9f314decbabe373b87cc339bea235a63e07a'
  FirebaseAnalytics: 9c67af0ebeb8d2146c9b4ea2616439affa947b58
  FirebaseCore: 46afaf2c2e0419ea7d3acfb08cf26a461a75fe85
  FirebaseInstanceID: ba1e640935235e5fac39dfa816fe7660e72e1a8a
  FLEX: bd1a39e55b56bb413b6f1b34b3c10a0dc44ef079
  FontAwesomeIconFactory: bb9ce26d3dd13044854a82d380023c8e7d3ebf1a
  Google: 813c467362eabc11385f5a5cc9ad0cb651a58f4e
  GoogleAnalytics: f42cc53a87a51fe94334821868d9c8481ff47a7b
  GoogleInterchangeUtilities: d5bc4d88d5b661ab72f9d70c58d02ca8c27ad1f7
  GoogleSymbolUtilities: 631ee17048aa5e9ab133470d768ea997a5ef9b96
  GoogleToolboxForMac: 8e329f1b599f2512c6b10676d45736bcc2cbbeb0
  ISO8601DateFormatterValueTransformer: 52da467d6ec899d6aedda8e48280ac92e8ee97e6
  Keys: 9c35bf00f612ee1d48556f4a4b9b4551e224e90f
  KLCPopup: 76c5a19227977f1e53d85236f9ef42257c168d98
  Masonry: 7c429b56da9d4ee0bbb3ed77a5ea710d6a5df39e
  MRProgress: 16de7cc9f347e8846797a770db102a323fe7ef09
  NSString+Emoji: 127da93993ac7c01eadb2edbb039cda89a1369f4
  OHHTTPStubs: e238cd5b66d8efa51c861db45895de8fe079f4a7
  PDKeychainBindingsController: fa8cb3cf99f2ea9240d61066ed0549f34e2cec3c
  pop: f667631a5108a2e60d9e8797c9b32ddaf2080bce
  ReactiveCocoa: 60ef0da915b4f70c34ebecc3f4fb8f96af0e53d6
  ReactiveSwift: f391724ee318a2cfd3e37dfb041cd49ecf4e7869
  RestKit: 9539fb2ca8cd53431a1fdc7f55bba4af3646cfa9
  Result: 4e3ed5995ed94d0cd6a09be9a431fce3f3624bbf
  RKValueTransformers: e5ed67e3811229b616fe01bddeeafe3bb337b1b9
  SeedsSDK: e49ba4528e0d9e2eaae6b4d2fb5a6d19e0954eb8
  SlackTextViewController: fbcdadbb8090673f604484ff5b6eb8d77baed42a
  SOCKit: c7376ac262bea9115b8f749358f762522a47d392
  SwiftyStoreKit: 3db119f5c6fcb8c36c7b4e8ac703a5319dc2bcfe
  TransitionKit: 9ceccda4cd0cdc0a05ef85eb235e5a3292c3c250
  VTAcknowledgementsViewController: e1de80f2c0ce31cc7e1c6f1c8aaeec2770371f09
  XLForm: d5c391dfc62865927b5bcab0a5a0dbfb3e02b0ec
  YYCache: 8105b6638f5e849296c71f331ff83891a4942952
  YYImage: 1e1b62a9997399593e4b9c4ecfbbabbf1d3f3b54
  YYWebImage: 5f7f36aee2ae293f016d418c7d6ba05c4863e928

PODFILE CHECKSUM: 0d2abb960f16926c2374dfa79dde09e44a8dd2ad

COCOAPODS: 1.2.0
