PODS:
  - AFNetworking (1.3.4)
  - CargoBay (1.0.0):
    - AFNetworking (~> 1.3)
  - CRToast (0.0.7)
  - DateTools (1.6.1)
  - DTCoreText (1.6.15):
    - DTFoundation/Core (~> 1.7.5)
    - DTFoundation/DTAnimatedGIF (~> 1.7.5)
    - DTFoundation/DTHTMLParser (~> 1.7.5)
    - DTFoundation/UIKit (~> 1.7.5)
  - DTFoundation/Core (1.7.5)
  - DTFoundation/DTAnimatedGIF (1.7.5)
  - DTFoundation/DTHTMLParser (1.7.5):
    - DTFoundation/Core
  - DTFoundation/UIKit (1.7.5):
    - DTFoundation/Core
  - EAIntroView (2.6.4)
  - FLEX (2.0.2)
  - FontAwesomeIconFactory (2.0)
  - ISO8601DateFormatterValueTransformer (0.6.0):
    - RKValueTransformers (~> 1.1.0)
  - MCSwipeTableViewCell (2.1.2)
  - MRProgress (0.8.2):
    - MRProgress/ActivityIndicator (= 0.8.2)
    - MRProgress/Blur (= 0.8.2)
    - MRProgress/Circular (= 0.8.2)
    - MRProgress/Icons (= 0.8.2)
    - MRProgress/NavigationBarProgress (= 0.8.2)
    - MRProgress/Overlay (= 0.8.2)
  - MRProgress/ActivityIndicator (0.8.2):
    - MRProgress/Stopable
  - MRProgress/Blur (0.8.2):
    - MRProgress/Helper
  - MRProgress/Circular (0.8.2):
    - MRProgress/Helper
    - MRProgress/ProgressBaseClass
    - MRProgress/Stopable
  - MRProgress/Helper (0.8.2)
  - MRProgress/Icons (0.8.2)
  - MRProgress/NavigationBarProgress (0.8.2):
    - MRProgress/ProgressBaseClass
  - MRProgress/Overlay (0.8.2):
    - MRProgress/ActivityIndicator
    - MRProgress/Blur
    - MRProgress/Circular
    - MRProgress/Helper
    - MRProgress/Icons
  - MRProgress/ProgressBaseClass (0.8.2)
  - MRProgress/Stopable (0.8.2):
    - MRProgress/Helper
  - NSString+Emoji (0.2.0)
  - OHHTTPStubs (4.0.0)
  - PDKeychainBindingsController (0.0.1)
  - pop (1.0.7)
  - RestKit (0.24.1):
    - RestKit/Core (= 0.24.1)
  - RestKit/Core (0.24.1):
    - RestKit/CoreData
    - RestKit/Network
    - RestKit/ObjectMapping
  - RestKit/CoreData (0.24.1):
    - RestKit/ObjectMapping
  - RestKit/Network (0.24.1):
    - AFNetworking (~> 1.3.0)
    - RestKit/ObjectMapping
    - RestKit/Support
    - SOCKit
  - RestKit/ObjectMapping (0.24.1):
    - ISO8601DateFormatterValueTransformer (~> 0.6.0)
    - RestKit/Support
    - RKValueTransformers (~> 1.1.0)
  - RestKit/Support (0.24.1):
    - TransitionKit (~> 2.1.0)
  - RestKit/Testing (0.24.1):
    - RestKit/Network
  - RKValueTransformers (1.1.2)
  - SDWebImage (3.7.2):
    - SDWebImage/Core (= 3.7.2)
  - SDWebImage/Core (3.7.2)
  - SOCKit (1.1)
  - TransitionKit (2.1.1)
  - VTAcknowledgementsViewController (0.13)
  - XLForm (2.2.0)

DEPENDENCIES:
  - CargoBay (from `https://github.com/segiddins/CargoBay.git`, branch `v1`)
  - CRToast (from `https://github.com/cruffenach/CRToast`)
  - DateTools
  - DTCoreText
  - EAIntroView (~> 2.6.0)
  - FLEX
  - FontAwesomeIconFactory
  - MCSwipeTableViewCell (~> 2.1.0)
  - MRProgress
  - NSString+Emoji
  - OHHTTPStubs
  - PDKeychainBindingsController (~> 0.0.1)
  - pop
  - RestKit (~> 0.24.1)
  - RestKit/Testing
  - SDWebImage
  - VTAcknowledgementsViewController
  - XLForm

EXTERNAL SOURCES:
  CargoBay:
    :branch: v1
    :git: https://github.com/segiddins/CargoBay.git
  CRToast:
    :git: https://github.com/cruffenach/CRToast

CHECKOUT OPTIONS:
  CargoBay:
    :commit: 333b13622ff465539d124a7537b18d4677a6b397
    :git: https://github.com/segiddins/CargoBay.git
  CRToast:
    :commit: 076a83cb07db500150a495b9e7515b0114d6ec0b
    :git: https://github.com/cruffenach/CRToast

SPEC CHECKSUMS:
  AFNetworking: cf8e418e16f0c9c7e5c3150d019a3c679d015018
  CargoBay: 41ef6423588b3fc13847ae89bae27fe14bf77ab9
  CRToast: eb22641501990233c53cb8f83f7d2ea87e0ddf73
  DateTools: 9bcc89e4f2f9004d8a7a2bd1b49269cf78968e65
  DTCoreText: 13ce06e63204a3b47c9db974e3d9be982bb0b1ed
  DTFoundation: 1d28080c20c3da041706545363f8238ab53a6204
  EAIntroView: df7dc18da73e1831d06878b9c0e13da78e6bb3ce
  FLEX: 321e6150cbababb76aaadde355dfce2ee1cac2d8
  FontAwesomeIconFactory: d161a1832f8220d764033e0fcc4f4a8388495ab7
  ISO8601DateFormatterValueTransformer: 3ac3a721381697cab4e792d8049ce2f2e9ad3036
  MCSwipeTableViewCell: 0fc22bd3635b9b5f4ce08675218b0a7278b6440f
  MRProgress: f4cfe862082418e8f542f077772283f425d6c699
  NSString+Emoji: 127da93993ac7c01eadb2edbb039cda89a1369f4
  OHHTTPStubs: 3d65d31dd8389a8adabcc086ff2cc99c02e49bcc
  PDKeychainBindingsController: fa8cb3cf99f2ea9240d61066ed0549f34e2cec3c
  pop: 628ffc631644601567ee8bfaaaea493ebd7d0923
  RestKit: 1987b5efef289c6b27bd980714d6ca48d3871b78
  RKValueTransformers: 66ac5e4f077fdbe3496e792d89eeff4c3eb67701
  SDWebImage: 71b7cdc1d1721d6a82ed62889030225f2c249e29
  SOCKit: c7376ac262bea9115b8f749358f762522a47d392
  TransitionKit: 3a14b6acc7cf2d1dd3e454e24dbad1cfab9a1ef1
  VTAcknowledgementsViewController: f2391b007c3abafd3b3afccda7d8914a59b44309
  XLForm: 799e61ef230f519914e722bf032b19a597223c19

COCOAPODS: 0.37.2
