PODS:
  - Amplitude-iOS (4.6.0)
  - AppAuth (0.95.1)
  - Crashlytics (3.12.0):
    - Fabric (~> 1.9.0)
  - DateTools (2.0.0)
  - DeepLinkKit (1.5.0)
  - Down (0.8.1)
  - DynamicBlurView (3.0.1)
  - Eureka (5.0.0)
  - Fabric (1.9.0)
  - FBSDKCoreKit (5.0.0):
    - FBSDKCoreKit/Basics (= 5.0.0)
    - FBSDKCoreKit/Core (= 5.0.0)
  - FBSDKCoreKit/Basics (5.0.0)
  - FBSDKCoreKit/Core (5.0.0):
    - FBSDKCoreKit/Basics
  - FBSDKLoginKit (5.0.0):
    - FBSDKCoreKit (= 5.0.0)
  - Firebase/Core (5.20.2):
    - Firebase/CoreOnly
    - FirebaseAnalytics (= 5.8.1)
  - Firebase/CoreOnly (5.20.2):
    - FirebaseCore (= 5.4.1)
  - Firebase/Messaging (5.20.2):
    - Firebase/CoreOnly
    - FirebaseMessaging (= 3.5.0)
  - Firebase/Performance (5.20.2):
    - Firebase/Core
    - FirebasePerformance (= 2.2.4)
  - Firebase/RemoteConfig (5.20.2):
    - Firebase/Core
    - FirebaseRemoteConfig (= 3.1.0)
  - FirebaseABTesting (2.0.0):
    - FirebaseCore (~> 5.0)
    - Protobuf (~> 3.5)
  - FirebaseAnalytics (5.8.1):
    - FirebaseCore (~> 5.4)
    - FirebaseInstanceID (~> 3.8)
    - GoogleAppMeasurement (= 5.8.1)
    - GoogleUtilities/AppDelegateSwizzler (~> 5.2)
    - GoogleUtilities/MethodSwizzler (~> 5.2)
    - GoogleUtilities/Network (~> 5.2)
    - "GoogleUtilities/NSData+zlib (~> 5.2)"
    - nanopb (~> 0.3)
  - FirebaseAnalyticsInterop (1.2.0)
  - FirebaseCore (5.4.1):
    - GoogleUtilities/Environment (~> 5.2)
    - GoogleUtilities/Logger (~> 5.2)
  - FirebaseInstanceID (3.8.1):
    - FirebaseCore (~> 5.2)
    - GoogleUtilities/Environment (~> 5.2)
    - GoogleUtilities/UserDefaults (~> 5.2)
  - FirebaseMessaging (3.5.0):
    - FirebaseAnalyticsInterop (~> 1.1)
    - FirebaseCore (~> 5.2)
    - FirebaseInstanceID (~> 3.6)
    - GoogleUtilities/Environment (~> 5.3)
    - GoogleUtilities/Reachability (~> 5.3)
    - GoogleUtilities/UserDefaults (~> 5.3)
    - Protobuf (~> 3.1)
  - FirebasePerformance (2.2.4):
    - FirebaseAnalytics (~> 5.8)
    - FirebaseInstanceID (~> 3.8)
    - FirebaseRemoteConfig (~> 3.1)
    - GoogleToolboxForMac/Logger (~> 2.1)
    - "GoogleToolboxForMac/NSData+zlib (~> 2.1)"
    - GoogleUtilities/ISASwizzler (~> 5.2)
    - GoogleUtilities/MethodSwizzler (~> 5.2)
    - GTMSessionFetcher/Core (~> 1.1)
    - Protobuf (~> 3.5)
  - FirebaseRemoteConfig (3.1.0):
    - FirebaseABTesting (~> 2.0)
    - FirebaseAnalytics (~> 5.3)
    - FirebaseCore (~> 5.1)
    - FirebaseInstanceID (~> 3.3)
    - GoogleUtilities/Environment (~> 5.2)
    - "GoogleUtilities/NSData+zlib (~> 5.2)"
    - Protobuf (~> 3.5)
  - FLEX (3.0.0)
  - GoogleAppMeasurement (5.8.1):
    - GoogleUtilities/AppDelegateSwizzler (~> 5.2)
    - GoogleUtilities/MethodSwizzler (~> 5.2)
    - GoogleUtilities/Network (~> 5.2)
    - "GoogleUtilities/NSData+zlib (~> 5.2)"
    - nanopb (~> 0.3)
  - GoogleToolboxForMac/Defines (2.2.0)
  - GoogleToolboxForMac/Logger (2.2.0):
    - GoogleToolboxForMac/Defines (= 2.2.0)
  - "GoogleToolboxForMac/NSData+zlib (2.2.0)":
    - GoogleToolboxForMac/Defines (= 2.2.0)
  - GoogleUtilities/AppDelegateSwizzler (5.8.0):
    - GoogleUtilities/Environment
    - GoogleUtilities/Logger
    - GoogleUtilities/Network
  - GoogleUtilities/Environment (5.8.0)
  - GoogleUtilities/ISASwizzler (5.8.0)
  - GoogleUtilities/Logger (5.8.0):
    - GoogleUtilities/Environment
  - GoogleUtilities/MethodSwizzler (5.8.0):
    - GoogleUtilities/Logger
  - GoogleUtilities/Network (5.8.0):
    - GoogleUtilities/Logger
    - "GoogleUtilities/NSData+zlib"
    - GoogleUtilities/Reachability
  - "GoogleUtilities/NSData+zlib (5.8.0)"
  - GoogleUtilities/Reachability (5.8.0):
    - GoogleUtilities/Logger
  - GoogleUtilities/UserDefaults (5.8.0):
    - GoogleUtilities/Logger
  - GTMSessionFetcher/Core (1.2.1)
  - iOSSnapshotTestCase (5.0.2):
    - iOSSnapshotTestCase/SwiftSupport (= 5.0.2)
  - iOSSnapshotTestCase/Core (5.0.2)
  - iOSSnapshotTestCase/SwiftSupport (5.0.2):
    - iOSSnapshotTestCase/Core
  - KeychainAccess (3.2.0)
  - Keys (1.0.1)
  - Kingfisher (4.10.1)
  - KLCPopup (1.0)
  - Masonry (1.1.0)
  - MRProgress (0.8.3):
    - MRProgress/ActivityIndicator (= 0.8.3)
    - MRProgress/Blur (= 0.8.3)
    - MRProgress/Circular (= 0.8.3)
    - MRProgress/Icons (= 0.8.3)
    - MRProgress/NavigationBarProgress (= 0.8.3)
    - MRProgress/Overlay (= 0.8.3)
  - MRProgress/ActivityIndicator (0.8.3):
    - MRProgress/Stopable
  - MRProgress/Blur (0.8.3):
    - MRProgress/Helper
  - MRProgress/Circular (0.8.3):
    - MRProgress/Helper
    - MRProgress/ProgressBaseClass
    - MRProgress/Stopable
  - MRProgress/Helper (0.8.3)
  - MRProgress/Icons (0.8.3)
  - MRProgress/NavigationBarProgress (0.8.3):
    - MRProgress/ProgressBaseClass
  - MRProgress/Overlay (0.8.3):
    - MRProgress/ActivityIndicator
    - MRProgress/Blur
    - MRProgress/Circular
    - MRProgress/Helper
    - MRProgress/Icons
  - MRProgress/ProgressBaseClass (0.8.3)
  - MRProgress/Stopable (0.8.3):
    - MRProgress/Helper
  - nanopb (0.3.901):
    - nanopb/decode (= 0.3.901)
    - nanopb/encode (= 0.3.901)
  - nanopb/decode (0.3.901)
  - nanopb/encode (0.3.901)
  - Nimble (7.3.4)
  - OHHTTPStubs/Core (8.0.0)
  - OHHTTPStubs/Default (8.0.0):
    - OHHTTPStubs/Core
    - OHHTTPStubs/JSON
    - OHHTTPStubs/NSURLSession
    - OHHTTPStubs/OHPathHelpers
  - OHHTTPStubs/JSON (8.0.0):
    - OHHTTPStubs/Core
  - OHHTTPStubs/NSURLSession (8.0.0):
    - OHHTTPStubs/Core
  - OHHTTPStubs/OHPathHelpers (8.0.0)
  - OHHTTPStubs/Swift (8.0.0):
    - OHHTTPStubs/Default
  - PinLayout (1.8.7)
  - PopupDialog (1.0.0):
    - DynamicBlurView (~> 3.0.1)
  - Prelude (3.0.0)
  - Protobuf (3.7.0)
  - Quick (1.2.0)
  - ReactiveCocoa (10.0.0):
    - ReactiveSwift (~> 6.0)
  - ReactiveSwift (6.0.0)
  - Realm (3.14.2):
    - Realm/Headers (= 3.14.2)
  - Realm/Headers (3.14.2)
  - RealmSwift (3.14.2):
    - Realm (= 3.14.2)
  - SeedsSDK (0.5.0)
  - SimulatorStatusMagic (2.4.1)
  - SlackTextViewController (1.9.6)
  - SwiftGen (6.1.0)
  - SwiftLint (0.32.0)
  - SwiftyStoreKit (0.15.0)
  - VTAcknowledgementsViewController (1.5.1)
  - XLForm (4.0.1)

DEPENDENCIES:
  - Amplitude-iOS (~> 4.6.0)
  - AppAuth
  - Crashlytics
  - DateTools
  - DeepLinkKit
  - Down
  - Eureka
  - Fabric
  - FBSDKCoreKit (~> 5)
  - FBSDKLoginKit (~> 5)
  - Firebase/Core
  - Firebase/Messaging
  - Firebase/Performance
  - Firebase/RemoteConfig
  - FLEX (~> 3.0)
  - iOSSnapshotTestCase
  - KeychainAccess
  - Keys (from `Pods/CocoaPodsKeys`)
  - Kingfisher
  - KLCPopup
  - Masonry
  - MRProgress
  - Nimble (~> 7.3)
  - OHHTTPStubs/Swift
  - PinLayout
  - PopupDialog
  - Prelude
  - Quick (~> 1.2.0)
  - ReactiveCocoa (~> 10)
  - RealmSwift
  - SeedsSDK
  - SimulatorStatusMagic
  - SlackTextViewController
  - SwiftGen
  - SwiftLint
  - SwiftyStoreKit
  - VTAcknowledgementsViewController
  - XLForm

SPEC REPOS:
  https://github.com/cocoapods/specs.git:
    - Amplitude-iOS
    - AppAuth
    - Crashlytics
    - DateTools
    - DeepLinkKit
    - Down
    - DynamicBlurView
    - Eureka
    - Fabric
    - FBSDKCoreKit
    - FBSDKLoginKit
    - Firebase
    - FirebaseABTesting
    - FirebaseAnalytics
    - FirebaseAnalyticsInterop
    - FirebaseCore
    - FirebaseInstanceID
    - FirebaseMessaging
    - FirebasePerformance
    - FirebaseRemoteConfig
    - FLEX
    - GoogleAppMeasurement
    - GoogleToolboxForMac
    - GoogleUtilities
    - GTMSessionFetcher
    - iOSSnapshotTestCase
    - KeychainAccess
    - Kingfisher
    - KLCPopup
    - Masonry
    - MRProgress
    - nanopb
    - Nimble
    - OHHTTPStubs
    - PinLayout
    - PopupDialog
    - Prelude
    - Protobuf
    - Quick
    - ReactiveCocoa
    - ReactiveSwift
    - Realm
    - RealmSwift
    - SeedsSDK
    - SimulatorStatusMagic
    - SlackTextViewController
    - SwiftGen
    - SwiftLint
    - SwiftyStoreKit
    - VTAcknowledgementsViewController
    - XLForm

EXTERNAL SOURCES:
  Keys:
    :path: Pods/CocoaPodsKeys

SPEC CHECKSUMS:
  Amplitude-iOS: ac1715ae68104b7a51723209ad574f60ab22ae5f
  AppAuth: cd34aac431e5c77c46ec7f03935377faa8c5808b
  Crashlytics: 07fb167b1694128c1c9a5a5cc319b0e9c3ca0933
  DateTools: 933ac9c490f21f92127cf690ccd8c397e0126caf
  DeepLinkKit: 98a26f2c5cf4c86b97c1170cdf3737ae49a3a50c
  Down: 3aa5ab1aee1a2ffff3c07291e9210dac5cc462cd
  DynamicBlurView: b1df5415f9bd31897549e5d7077e5ec120a4d636
  Eureka: 0f64f477ec8ef6201c6fec143d60ff5c201cf654
  Fabric: f988e33c97f08930a413e08123064d2e5f68d655
  FBSDKCoreKit: ba361d4a9d4dc29ff218822b849b22d4f869c7bb
  FBSDKLoginKit: c6d0dc187bd076e370dffa10f7fc8a3562a6892c
  Firebase: 0c8cf33f266410c61ab3e2265cfa412200351d9c
  FirebaseABTesting: 1f50b8d50f5e3469eea54e7463a7b7fe221d1f5e
  FirebaseAnalytics: ece1aa57a4f43c64d53a648b5a5e05151aae947b
  FirebaseAnalyticsInterop: efbe45c8385ec626e29f9525e5ebd38520dfb6c1
  FirebaseCore: f1a9a8be1aee4bf71a2fc0f4096df6788bdfda61
  FirebaseInstanceID: a122b0c258720cf250551bb2bedf48c699f80d90
  FirebaseMessaging: 4235f949ce1c4e827aeb19705ba5c53f9b85aa10
  FirebasePerformance: 25ecee2a260bcf398d7f32d6f4804438df953100
  FirebaseRemoteConfig: 7e11c65f0769c09bff6947997c209515058c5318
  FLEX: d66c759bce0f6ebbbf472c742380874d846f2883
  GoogleAppMeasurement: ffe513e90551844a739e7bcbb1d2aca1c28a4338
  GoogleToolboxForMac: ff31605b7d66400dcec09bed5861689aebadda4d
  GoogleUtilities: 04fce34bcd5620c1ee76fb79172105c74a4df335
  GTMSessionFetcher: 32aeca0aa144acea523e1c8e053089dec2cb98ca
  iOSSnapshotTestCase: 2d51aa06775e95cecb0a1fb9c5c159ccd1dd4596
  KeychainAccess: 3b1bf8a77eb4c6ea1ce9404c292e48f948954c6b
  Keys: a576f4c9c1c641ca913a959a9c62ed3f215a8de9
  Kingfisher: c148cd7b47ebde9989f6bc7c27dcaa79d81279a0
  KLCPopup: 76c5a19227977f1e53d85236f9ef42257c168d98
  Masonry: 678fab65091a9290e40e2832a55e7ab731aad201
  MRProgress: 16de7cc9f347e8846797a770db102a323fe7ef09
  nanopb: 2901f78ea1b7b4015c860c2fdd1ea2fee1a18d48
  Nimble: 051e3d8912d40138fa5591c78594f95fb172af37
  OHHTTPStubs: 9cbce6364bec557cc3439aa6bb7514670d780881
  PinLayout: a0722a5c8f0e0168a9c091ffe4930dabf0c8582c
  PopupDialog: 28f29a1ffe9e1fab32fb258b53d56ca31670e8a2
  Prelude: fe4cc0fd961d34edf48fe6b04d05c863449efb0a
  Protobuf: 7a877b7f3e5964e3fce995e2eb323dbc6831bb5a
  Quick: 58d203b1c5e27fff7229c4c1ae445ad7069a7a08
  ReactiveCocoa: 6d4c37ba236f5d9a7a55b2172cd09f19ba85f574
  ReactiveSwift: 24b7ed245617bbfd30ee0c87779b6c64ac1b4518
  Realm: 179c6706e3a49dbfe112e572fd3c03d3169bea35
  RealmSwift: 1797f272fb51c555b764fada32e82159a2c65247
  SeedsSDK: 8de27e088c15ff3eba33a6d2941ec507e4a5bb95
  SimulatorStatusMagic: 28d4a9d1a500ac7cea0b2b5a43c1c6ddb40ba56c
  SlackTextViewController: b854e62c1c156336bc4fd409c6ca79b5773e8f9d
  SwiftGen: f872ca75cbd17bf7103c17f13dcfa0d9a15667b0
  SwiftLint: 009a898ef2a1c851f45e1b59349bf6ff2ddc990d
  SwiftyStoreKit: 033d06b6f87955405d3f844a18a7687c2438592a
  VTAcknowledgementsViewController: 3bb742da852a5161dc9f4b017e52f926a41ef5d3
  XLForm: b8d47a9a00fb6166981cb40de7169d70d611e9be

PODFILE CHECKSUM: e5a44b93900e53cf9644229b389f16f673f91cdf

COCOAPODS: 1.6.1
