// !$*UTF8*$!
{
	archiveVersion = 1;
	classes = {
	};
	objectVersion = 46;
	objects = {

/* Begin PBXBuildFile section */
		D908B3831903515B00D32A75 /* HRPGSwipeTableViewCell.m in Sources */ = {isa = PBXBuildFile; fileRef = D908B3821903515B00D32A75 /* HRPGSwipeTableViewCell.m */; };
		D922F01F191BCC1600B197EA /* HRPGQuestDetailController.m in Sources */ = {isa = PBXBuildFile; fileRef = D922F01E191BCC1600B197EA /* HRPGQuestDetailController.m */; };
		D922F0A8191C1F6B00B197EA /* HRPGUserBuyResponse.m in Sources */ = {isa = PBXBuildFile; fileRef = D922F0A7191C1F6B00B197EA /* HRPGUserBuyResponse.m */; };
		D922F0AB191D957D00B197EA /* HRPGDeathViewController.m in Sources */ = {isa = PBXBuildFile; fileRef = D922F0AA191D957D00B197EA /* HRPGDeathViewController.m */; };
		D922F0AE19217C2300B197EA /* HRPGEmptySerializer.m in Sources */ = {isa = PBXBuildFile; fileRef = D922F0AD19217C2300B197EA /* HRPGEmptySerializer.m */; };
		D922F0B11925314500B197EA /* HRPGNetworkIndicatorController.m in Sources */ = {isa = PBXBuildFile; fileRef = D922F0B01925314500B197EA /* HRPGNetworkIndicatorController.m */; };
		D92CDADD18CB79E50006C242 /* HRPGTableViewController.m in Sources */ = {isa = PBXBuildFile; fileRef = D92CDADC18CB79E50006C242 /* HRPGTableViewController.m */; };
		D92CDAE018CB83B90006C242 /* HRPGHabitTableViewController.m in Sources */ = {isa = PBXBuildFile; fileRef = D92CDADF18CB83B90006C242 /* HRPGHabitTableViewController.m */; };
		D92CDAE418CB83EF0006C242 /* HRPGDailyTableViewController.m in Sources */ = {isa = PBXBuildFile; fileRef = D92CDAE318CB83EF0006C242 /* HRPGDailyTableViewController.m */; };
		D92CDAE718CB84000006C242 /* HRPGToDoTableViewController.m in Sources */ = {isa = PBXBuildFile; fileRef = D92CDAE618CB84000006C242 /* HRPGToDoTableViewController.m */; };
		D92CDAEA18CB8C130006C242 /* HRPGFormViewController.m in Sources */ = {isa = PBXBuildFile; fileRef = D92CDAE918CB8C130006C242 /* HRPGFormViewController.m */; };
		D94AADB0192973CD00546C8E /* HabitRPG.xcdatamodeld in Sources */ = {isa = PBXBuildFile; fileRef = D94AADAE192973CD00546C8E /* HabitRPG.xcdatamodeld */; };
		D94AADB4192A30F900546C8E /* Spell.m in Sources */ = {isa = PBXBuildFile; fileRef = D94AADB3192A30F900546C8E /* Spell.m */; };
		D94AADB7192A56E800546C8E /* HRPGSpellTaskController.m in Sources */ = {isa = PBXBuildFile; fileRef = D94AADB6192A56E800546C8E /* HRPGSpellTaskController.m */; };
		D94AADBA192A5CE700546C8E /* HRPGSpellTabBarController.m in Sources */ = {isa = PBXBuildFile; fileRef = D94AADB9192A5CE700546C8E /* HRPGSpellTabBarController.m */; };
		D958E2AD1915D40600186A08 /* CoreText.framework in Frameworks */ = {isa = PBXBuildFile; fileRef = D958E2AC1915D40600186A08 /* CoreText.framework */; };
		D958E2AE1915D40F00186A08 /* QuartzCore.framework in Frameworks */ = {isa = PBXBuildFile; fileRef = D915F8621915BEE50037D04D /* QuartzCore.framework */; };
		D958E2B01915D41400186A08 /* Security.framework in Frameworks */ = {isa = PBXBuildFile; fileRef = D958E2AF1915D41400186A08 /* Security.framework */; };
		D958E2B11915D41D00186A08 /* SystemConfiguration.framework in Frameworks */ = {isa = PBXBuildFile; fileRef = D915F8641915BF0D0037D04D /* SystemConfiguration.framework */; };
		D96038371930F90E0025EAEC /* HRPGMessageViewController.m in Sources */ = {isa = PBXBuildFile; fileRef = D96038361930F90E0025EAEC /* HRPGMessageViewController.m */; };
		D966557418FB129F0014C09D /* HRPGSettingsViewController.m in Sources */ = {isa = PBXBuildFile; fileRef = D966557318FB129F0014C09D /* HRPGSettingsViewController.m */; };
		D97C71DB18EC98A30089FDC6 /* Quest.m in Sources */ = {isa = PBXBuildFile; fileRef = D97C71DA18EC98A30089FDC6 /* Quest.m */; };
		D97C71DE18EC98A40089FDC6 /* QuestCollect.m in Sources */ = {isa = PBXBuildFile; fileRef = D97C71DD18EC98A40089FDC6 /* QuestCollect.m */; };
		D97C71E118ECA7050089FDC6 /* ChatMessage.m in Sources */ = {isa = PBXBuildFile; fileRef = D97C71E018ECA7050089FDC6 /* ChatMessage.m */; };
		D97C71E418ECE09A0089FDC6 /* HRPGSpellViewController.m in Sources */ = {isa = PBXBuildFile; fileRef = D97C71E318ECE09A0089FDC6 /* HRPGSpellViewController.m */; };
		D97C71E718F32FED0089FDC6 /* Potion.m in Sources */ = {isa = PBXBuildFile; fileRef = D97C71E618F32FED0089FDC6 /* Potion.m */; };
		D97C71EA18F32FEE0089FDC6 /* Reward.m in Sources */ = {isa = PBXBuildFile; fileRef = D97C71E918F32FEE0089FDC6 /* Reward.m */; };
		D97C71ED18F32FEF0089FDC6 /* Gear.m in Sources */ = {isa = PBXBuildFile; fileRef = D97C71EC18F32FEF0089FDC6 /* Gear.m */; };
		D97C71F018F32FEF0089FDC6 /* MetaReward.m in Sources */ = {isa = PBXBuildFile; fileRef = D97C71EF18F32FEF0089FDC6 /* MetaReward.m */; };
		D97C71F318F364950089FDC6 /* HRPGEquipmentViewController.m in Sources */ = {isa = PBXBuildFile; fileRef = D97C71F218F364950089FDC6 /* HRPGEquipmentViewController.m */; };
		D97C71F518F371D70089FDC6 /* Pods-acknowledgements.plist in Resources */ = {isa = PBXBuildFile; fileRef = D97C71F418F371D70089FDC6 /* Pods-acknowledgements.plist */; };
		D9884B4519168AF00078BC7C /* HRPGProgressView.m in Sources */ = {isa = PBXBuildFile; fileRef = D9884B4419168AF00078BC7C /* HRPGProgressView.m */; };
		D98F5AEC190566CA002F8223 /* User.m in Sources */ = {isa = PBXBuildFile; fileRef = D98F5AEB190566CA002F8223 /* User.m */; };
		D98F5AEF1905C090002F8223 /* HRPGQuestParticipantsViewController.m in Sources */ = {isa = PBXBuildFile; fileRef = D98F5AEE1905C090002F8223 /* HRPGQuestParticipantsViewController.m */; };
		D98F5AF21905DE86002F8223 /* HRPGPartyMembersViewController.m in Sources */ = {isa = PBXBuildFile; fileRef = D98F5AF11905DE86002F8223 /* HRPGPartyMembersViewController.m */; };
		D99DEC841908313D00FFD2B9 /* HRPGItemViewController.m in Sources */ = {isa = PBXBuildFile; fileRef = D99DEC831908313D00FFD2B9 /* HRPGItemViewController.m */; };
		D99DEC87190836D400FFD2B9 /* Item.m in Sources */ = {isa = PBXBuildFile; fileRef = D99DEC86190836D400FFD2B9 /* Item.m */; };
		D99DEC89190842CA00FFD2B9 /* Placeholder.png in Resources */ = {isa = PBXBuildFile; fileRef = D99DEC88190842CA00FFD2B9 /* Placeholder.png */; };
		D99DEC8C19084E0D00FFD2B9 /* Crashlytics.framework in Frameworks */ = {isa = PBXBuildFile; fileRef = D99DEC8B19084E0D00FFD2B9 /* Crashlytics.framework */; };
		D99DEC8F190914AD00FFD2B9 /* HRPGQuestInvitationViewController.m in Sources */ = {isa = PBXBuildFile; fileRef = D99DEC8E190914AD00FFD2B9 /* HRPGQuestInvitationViewController.m */; };
		D99F15C0191027D90081836E /* HRPGBaseViewController.m in Sources */ = {isa = PBXBuildFile; fileRef = D99F15BF191027D90081836E /* HRPGBaseViewController.m */; };
		D9B11C8C18D63D4E00AB4D23 /* HRPGTabBarController.m in Sources */ = {isa = PBXBuildFile; fileRef = D9B11C8B18D63D4E00AB4D23 /* HRPGTabBarController.m */; };
		D9B5C0AE18CCC87A00C8D1B7 /* HRPGManager.m in Sources */ = {isa = PBXBuildFile; fileRef = D9B5C0AD18CCC87A00C8D1B7 /* HRPGManager.m */; };
		D9B5C0B118CCD1EA00C8D1B7 /* Task.m in Sources */ = {isa = PBXBuildFile; fileRef = D9B5C0B018CCD1EA00C8D1B7 /* Task.m */; };
		D9B5C0B718D5C07100C8D1B7 /* HRPGProfileViewController.m in Sources */ = {isa = PBXBuildFile; fileRef = D9B5C0B618D5C07100C8D1B7 /* HRPGProfileViewController.m */; };
		D9B5C0C018D5EFF400C8D1B7 /* ChecklistItem.m in Sources */ = {isa = PBXBuildFile; fileRef = D9B5C0BF18D5EFF400C8D1B7 /* ChecklistItem.m */; };
		D9B5C0CF18D5F4D400C8D1B7 /* Tag.m in Sources */ = {isa = PBXBuildFile; fileRef = D9B5C0CE18D5F4D400C8D1B7 /* Tag.m */; };
		D9B5C0D518D5F94400C8D1B7 /* HRPGPartyViewController.m in Sources */ = {isa = PBXBuildFile; fileRef = D9B5C0D418D5F94400C8D1B7 /* HRPGPartyViewController.m */; };
		D9B5C0E118D602FC00C8D1B7 /* Group.m in Sources */ = {isa = PBXBuildFile; fileRef = D9B5C0E018D602FC00C8D1B7 /* Group.m */; };
		D9B5C0E418D610E300C8D1B7 /* HRPGTaskResponse.m in Sources */ = {isa = PBXBuildFile; fileRef = D9B5C0E318D610E300C8D1B7 /* HRPGTaskResponse.m */; };
		D9B5C0E718D62CC700C8D1B7 /* HRPGLoginViewController.m in Sources */ = {isa = PBXBuildFile; fileRef = D9B5C0E618D62CC700C8D1B7 /* HRPGLoginViewController.m */; };
		D9B5C0EA18D6320D00C8D1B7 /* HRPGLoginData.m in Sources */ = {isa = PBXBuildFile; fileRef = D9B5C0E918D6320D00C8D1B7 /* HRPGLoginData.m */; };
		D9C000301928F83E003D4E4C /* HRPGRoundProgressView.m in Sources */ = {isa = PBXBuildFile; fileRef = D9C0002F1928F83E003D4E4C /* HRPGRoundProgressView.m */; };
		D9C0003419290D5E003D4E4C /* HRPGActivityIndicatorOverlayView.m in Sources */ = {isa = PBXBuildFile; fileRef = D9C0003319290D5E003D4E4C /* HRPGActivityIndicatorOverlayView.m */; };
		D9C7C1F018E26BBB0083F4E4 /* Egg.m in Sources */ = {isa = PBXBuildFile; fileRef = D9C7C1EF18E26BBB0083F4E4 /* Egg.m */; };
		D9C7C1F318E280DE0083F4E4 /* HRPGRewardsViewController.m in Sources */ = {isa = PBXBuildFile; fileRef = D9C7C1F218E280DD0083F4E4 /* HRPGRewardsViewController.m */; };
		D9E0869118DF800F00BAF2EF /* HRPGTavernViewController.m in Sources */ = {isa = PBXBuildFile; fileRef = D9E0869018DF800F00BAF2EF /* HRPGTavernViewController.m */; };
		D9EB4E8F18CB4A9400BB2094 /* Foundation.framework in Frameworks */ = {isa = PBXBuildFile; fileRef = D9EB4E8E18CB4A9400BB2094 /* Foundation.framework */; };
		D9EB4E9118CB4A9400BB2094 /* CoreGraphics.framework in Frameworks */ = {isa = PBXBuildFile; fileRef = D9EB4E9018CB4A9400BB2094 /* CoreGraphics.framework */; };
		D9EB4E9318CB4A9400BB2094 /* UIKit.framework in Frameworks */ = {isa = PBXBuildFile; fileRef = D9EB4E9218CB4A9400BB2094 /* UIKit.framework */; };
		D9EB4E9918CB4A9400BB2094 /* InfoPlist.strings in Resources */ = {isa = PBXBuildFile; fileRef = D9EB4E9718CB4A9400BB2094 /* InfoPlist.strings */; };
		D9EB4E9B18CB4A9400BB2094 /* main.m in Sources */ = {isa = PBXBuildFile; fileRef = D9EB4E9A18CB4A9400BB2094 /* main.m */; };
		D9EB4E9F18CB4A9400BB2094 /* HRPGAppDelegate.m in Sources */ = {isa = PBXBuildFile; fileRef = D9EB4E9E18CB4A9400BB2094 /* HRPGAppDelegate.m */; };
		D9EB4EA218CB4A9400BB2094 /* Main_iPhone.storyboard in Resources */ = {isa = PBXBuildFile; fileRef = D9EB4EA018CB4A9400BB2094 /* Main_iPhone.storyboard */; };
		D9EB4EA518CB4A9400BB2094 /* Main_iPad.storyboard in Resources */ = {isa = PBXBuildFile; fileRef = D9EB4EA318CB4A9400BB2094 /* Main_iPad.storyboard */; };
		D9EB4EAD18CB4A9400BB2094 /* Images.xcassets in Resources */ = {isa = PBXBuildFile; fileRef = D9EB4EAC18CB4A9400BB2094 /* Images.xcassets */; };
		D9EB4EB418CB4A9400BB2094 /* XCTest.framework in Frameworks */ = {isa = PBXBuildFile; fileRef = D9EB4EB318CB4A9400BB2094 /* XCTest.framework */; };
		D9EB4EB518CB4A9400BB2094 /* Foundation.framework in Frameworks */ = {isa = PBXBuildFile; fileRef = D9EB4E8E18CB4A9400BB2094 /* Foundation.framework */; };
		D9EB4EB618CB4A9400BB2094 /* UIKit.framework in Frameworks */ = {isa = PBXBuildFile; fileRef = D9EB4E9218CB4A9400BB2094 /* UIKit.framework */; };
		D9EB4EBE18CB4A9400BB2094 /* InfoPlist.strings in Resources */ = {isa = PBXBuildFile; fileRef = D9EB4EBC18CB4A9400BB2094 /* InfoPlist.strings */; };
		D9EB4EC018CB4A9400BB2094 /* HabitRPGTests.m in Sources */ = {isa = PBXBuildFile; fileRef = D9EB4EBF18CB4A9400BB2094 /* HabitRPGTests.m */; };
		F076F3C3B57B4367B7624D1F /* libPods.a in Frameworks */ = {isa = PBXBuildFile; fileRef = EC82AC0621234004BC92DB72 /* libPods.a */; };
/* End PBXBuildFile section */

/* Begin PBXContainerItemProxy section */
		D9EB4EB718CB4A9400BB2094 /* PBXContainerItemProxy */ = {
			isa = PBXContainerItemProxy;
			containerPortal = D9EB4E8318CB4A9400BB2094 /* Project object */;
			proxyType = 1;
			remoteGlobalIDString = D9EB4E8A18CB4A9400BB2094;
			remoteInfo = HabitRPG;
		};
/* End PBXContainerItemProxy section */

/* Begin PBXFileReference section */
		D908B3811903515B00D32A75 /* HRPGSwipeTableViewCell.h */ = {isa = PBXFileReference; fileEncoding = 4; lastKnownFileType = sourcecode.c.h; path = HRPGSwipeTableViewCell.h; sourceTree = "<group>"; };
		D908B3821903515B00D32A75 /* HRPGSwipeTableViewCell.m */ = {isa = PBXFileReference; fileEncoding = 4; lastKnownFileType = sourcecode.c.objc; path = HRPGSwipeTableViewCell.m; sourceTree = "<group>"; };
		D915F8621915BEE50037D04D /* QuartzCore.framework */ = {isa = PBXFileReference; lastKnownFileType = wrapper.framework; name = QuartzCore.framework; path = System/Library/Frameworks/QuartzCore.framework; sourceTree = SDKROOT; };
		D915F8641915BF0D0037D04D /* SystemConfiguration.framework */ = {isa = PBXFileReference; lastKnownFileType = wrapper.framework; name = SystemConfiguration.framework; path = System/Library/Frameworks/SystemConfiguration.framework; sourceTree = SDKROOT; };
		D922F01D191BCC1600B197EA /* HRPGQuestDetailController.h */ = {isa = PBXFileReference; fileEncoding = 4; lastKnownFileType = sourcecode.c.h; path = HRPGQuestDetailController.h; sourceTree = "<group>"; };
		D922F01E191BCC1600B197EA /* HRPGQuestDetailController.m */ = {isa = PBXFileReference; fileEncoding = 4; lastKnownFileType = sourcecode.c.objc; path = HRPGQuestDetailController.m; sourceTree = "<group>"; };
		D922F0A6191C1F6B00B197EA /* HRPGUserBuyResponse.h */ = {isa = PBXFileReference; fileEncoding = 4; lastKnownFileType = sourcecode.c.h; path = HRPGUserBuyResponse.h; sourceTree = "<group>"; };
		D922F0A7191C1F6B00B197EA /* HRPGUserBuyResponse.m */ = {isa = PBXFileReference; fileEncoding = 4; lastKnownFileType = sourcecode.c.objc; path = HRPGUserBuyResponse.m; sourceTree = "<group>"; };
		D922F0A9191D957D00B197EA /* HRPGDeathViewController.h */ = {isa = PBXFileReference; fileEncoding = 4; lastKnownFileType = sourcecode.c.h; path = HRPGDeathViewController.h; sourceTree = "<group>"; };
		D922F0AA191D957D00B197EA /* HRPGDeathViewController.m */ = {isa = PBXFileReference; fileEncoding = 4; lastKnownFileType = sourcecode.c.objc; path = HRPGDeathViewController.m; sourceTree = "<group>"; };
		D922F0AC19217C2300B197EA /* HRPGEmptySerializer.h */ = {isa = PBXFileReference; fileEncoding = 4; lastKnownFileType = sourcecode.c.h; path = HRPGEmptySerializer.h; sourceTree = "<group>"; };
		D922F0AD19217C2300B197EA /* HRPGEmptySerializer.m */ = {isa = PBXFileReference; fileEncoding = 4; lastKnownFileType = sourcecode.c.objc; path = HRPGEmptySerializer.m; sourceTree = "<group>"; };
		D922F0AF1925314500B197EA /* HRPGNetworkIndicatorController.h */ = {isa = PBXFileReference; fileEncoding = 4; lastKnownFileType = sourcecode.c.h; path = HRPGNetworkIndicatorController.h; sourceTree = "<group>"; };
		D922F0B01925314500B197EA /* HRPGNetworkIndicatorController.m */ = {isa = PBXFileReference; fileEncoding = 4; lastKnownFileType = sourcecode.c.objc; path = HRPGNetworkIndicatorController.m; sourceTree = "<group>"; };
		D92CDADB18CB79E50006C242 /* HRPGTableViewController.h */ = {isa = PBXFileReference; fileEncoding = 4; lastKnownFileType = sourcecode.c.h; path = HRPGTableViewController.h; sourceTree = "<group>"; };
		D92CDADC18CB79E50006C242 /* HRPGTableViewController.m */ = {isa = PBXFileReference; fileEncoding = 4; lastKnownFileType = sourcecode.c.objc; path = HRPGTableViewController.m; sourceTree = "<group>"; };
		D92CDADE18CB83B90006C242 /* HRPGHabitTableViewController.h */ = {isa = PBXFileReference; fileEncoding = 4; lastKnownFileType = sourcecode.c.h; path = HRPGHabitTableViewController.h; sourceTree = "<group>"; };
		D92CDADF18CB83B90006C242 /* HRPGHabitTableViewController.m */ = {isa = PBXFileReference; fileEncoding = 4; lastKnownFileType = sourcecode.c.objc; path = HRPGHabitTableViewController.m; sourceTree = "<group>"; };
		D92CDAE218CB83EF0006C242 /* HRPGDailyTableViewController.h */ = {isa = PBXFileReference; fileEncoding = 4; lastKnownFileType = sourcecode.c.h; path = HRPGDailyTableViewController.h; sourceTree = "<group>"; };
		D92CDAE318CB83EF0006C242 /* HRPGDailyTableViewController.m */ = {isa = PBXFileReference; fileEncoding = 4; lastKnownFileType = sourcecode.c.objc; path = HRPGDailyTableViewController.m; sourceTree = "<group>"; };
		D92CDAE518CB84000006C242 /* HRPGToDoTableViewController.h */ = {isa = PBXFileReference; fileEncoding = 4; lastKnownFileType = sourcecode.c.h; path = HRPGToDoTableViewController.h; sourceTree = "<group>"; };
		D92CDAE618CB84000006C242 /* HRPGToDoTableViewController.m */ = {isa = PBXFileReference; fileEncoding = 4; lastKnownFileType = sourcecode.c.objc; path = HRPGToDoTableViewController.m; sourceTree = "<group>"; };
		D92CDAE818CB8C130006C242 /* HRPGFormViewController.h */ = {isa = PBXFileReference; fileEncoding = 4; lastKnownFileType = sourcecode.c.h; path = HRPGFormViewController.h; sourceTree = "<group>"; };
		D92CDAE918CB8C130006C242 /* HRPGFormViewController.m */ = {isa = PBXFileReference; fileEncoding = 4; lastKnownFileType = sourcecode.c.objc; path = HRPGFormViewController.m; sourceTree = "<group>"; };
		D94AADAF192973CD00546C8E /* HabitRPG.xcdatamodel */ = {isa = PBXFileReference; lastKnownFileType = wrapper.xcdatamodel; path = HabitRPG.xcdatamodel; sourceTree = "<group>"; };
		D94AADB1192974AD00546C8E /* HabitRPG 2.xcdatamodel */ = {isa = PBXFileReference; lastKnownFileType = wrapper.xcdatamodel; path = "HabitRPG 2.xcdatamodel"; sourceTree = "<group>"; };
		D94AADB2192A30F900546C8E /* Spell.h */ = {isa = PBXFileReference; fileEncoding = 4; lastKnownFileType = sourcecode.c.h; path = Spell.h; sourceTree = "<group>"; };
		D94AADB3192A30F900546C8E /* Spell.m */ = {isa = PBXFileReference; fileEncoding = 4; lastKnownFileType = sourcecode.c.objc; path = Spell.m; sourceTree = "<group>"; };
		D94AADB5192A56E800546C8E /* HRPGSpellTaskController.h */ = {isa = PBXFileReference; fileEncoding = 4; lastKnownFileType = sourcecode.c.h; path = HRPGSpellTaskController.h; sourceTree = "<group>"; };
		D94AADB6192A56E800546C8E /* HRPGSpellTaskController.m */ = {isa = PBXFileReference; fileEncoding = 4; lastKnownFileType = sourcecode.c.objc; path = HRPGSpellTaskController.m; sourceTree = "<group>"; };
		D94AADB8192A5CE700546C8E /* HRPGSpellTabBarController.h */ = {isa = PBXFileReference; fileEncoding = 4; lastKnownFileType = sourcecode.c.h; path = HRPGSpellTabBarController.h; sourceTree = "<group>"; };
		D94AADB9192A5CE700546C8E /* HRPGSpellTabBarController.m */ = {isa = PBXFileReference; fileEncoding = 4; lastKnownFileType = sourcecode.c.objc; path = HRPGSpellTabBarController.m; sourceTree = "<group>"; };
		D958E2AC1915D40600186A08 /* CoreText.framework */ = {isa = PBXFileReference; lastKnownFileType = wrapper.framework; name = CoreText.framework; path = System/Library/Frameworks/CoreText.framework; sourceTree = SDKROOT; };
		D958E2AF1915D41400186A08 /* Security.framework */ = {isa = PBXFileReference; lastKnownFileType = wrapper.framework; name = Security.framework; path = System/Library/Frameworks/Security.framework; sourceTree = SDKROOT; };
		D96038351930F90E0025EAEC /* HRPGMessageViewController.h */ = {isa = PBXFileReference; fileEncoding = 4; lastKnownFileType = sourcecode.c.h; path = HRPGMessageViewController.h; sourceTree = "<group>"; };
		D96038361930F90E0025EAEC /* HRPGMessageViewController.m */ = {isa = PBXFileReference; fileEncoding = 4; lastKnownFileType = sourcecode.c.objc; path = HRPGMessageViewController.m; sourceTree = "<group>"; };
		D966557218FB129F0014C09D /* HRPGSettingsViewController.h */ = {isa = PBXFileReference; fileEncoding = 4; lastKnownFileType = sourcecode.c.h; path = HRPGSettingsViewController.h; sourceTree = "<group>"; };
		D966557318FB129F0014C09D /* HRPGSettingsViewController.m */ = {isa = PBXFileReference; fileEncoding = 4; lastKnownFileType = sourcecode.c.objc; path = HRPGSettingsViewController.m; sourceTree = "<group>"; };
		D97C71D918EC98A30089FDC6 /* Quest.h */ = {isa = PBXFileReference; fileEncoding = 4; lastKnownFileType = sourcecode.c.h; path = Quest.h; sourceTree = "<group>"; };
		D97C71DA18EC98A30089FDC6 /* Quest.m */ = {isa = PBXFileReference; fileEncoding = 4; lastKnownFileType = sourcecode.c.objc; path = Quest.m; sourceTree = "<group>"; };
		D97C71DC18EC98A40089FDC6 /* QuestCollect.h */ = {isa = PBXFileReference; fileEncoding = 4; lastKnownFileType = sourcecode.c.h; path = QuestCollect.h; sourceTree = "<group>"; };
		D97C71DD18EC98A40089FDC6 /* QuestCollect.m */ = {isa = PBXFileReference; fileEncoding = 4; lastKnownFileType = sourcecode.c.objc; path = QuestCollect.m; sourceTree = "<group>"; };
		D97C71DF18ECA7050089FDC6 /* ChatMessage.h */ = {isa = PBXFileReference; fileEncoding = 4; lastKnownFileType = sourcecode.c.h; path = ChatMessage.h; sourceTree = "<group>"; };
		D97C71E018ECA7050089FDC6 /* ChatMessage.m */ = {isa = PBXFileReference; fileEncoding = 4; lastKnownFileType = sourcecode.c.objc; path = ChatMessage.m; sourceTree = "<group>"; };
		D97C71E218ECE09A0089FDC6 /* HRPGSpellViewController.h */ = {isa = PBXFileReference; fileEncoding = 4; lastKnownFileType = sourcecode.c.h; path = HRPGSpellViewController.h; sourceTree = "<group>"; };
		D97C71E318ECE09A0089FDC6 /* HRPGSpellViewController.m */ = {isa = PBXFileReference; fileEncoding = 4; lastKnownFileType = sourcecode.c.objc; path = HRPGSpellViewController.m; sourceTree = "<group>"; };
		D97C71E518F32FED0089FDC6 /* Potion.h */ = {isa = PBXFileReference; fileEncoding = 4; lastKnownFileType = sourcecode.c.h; path = Potion.h; sourceTree = "<group>"; };
		D97C71E618F32FED0089FDC6 /* Potion.m */ = {isa = PBXFileReference; fileEncoding = 4; lastKnownFileType = sourcecode.c.objc; path = Potion.m; sourceTree = "<group>"; };
		D97C71E818F32FEE0089FDC6 /* Reward.h */ = {isa = PBXFileReference; fileEncoding = 4; lastKnownFileType = sourcecode.c.h; path = Reward.h; sourceTree = "<group>"; };
		D97C71E918F32FEE0089FDC6 /* Reward.m */ = {isa = PBXFileReference; fileEncoding = 4; lastKnownFileType = sourcecode.c.objc; path = Reward.m; sourceTree = "<group>"; };
		D97C71EB18F32FEF0089FDC6 /* Gear.h */ = {isa = PBXFileReference; fileEncoding = 4; lastKnownFileType = sourcecode.c.h; path = Gear.h; sourceTree = "<group>"; };
		D97C71EC18F32FEF0089FDC6 /* Gear.m */ = {isa = PBXFileReference; fileEncoding = 4; lastKnownFileType = sourcecode.c.objc; path = Gear.m; sourceTree = "<group>"; };
		D97C71EE18F32FEF0089FDC6 /* MetaReward.h */ = {isa = PBXFileReference; fileEncoding = 4; lastKnownFileType = sourcecode.c.h; path = MetaReward.h; sourceTree = "<group>"; };
		D97C71EF18F32FEF0089FDC6 /* MetaReward.m */ = {isa = PBXFileReference; fileEncoding = 4; lastKnownFileType = sourcecode.c.objc; path = MetaReward.m; sourceTree = "<group>"; };
		D97C71F118F364950089FDC6 /* HRPGEquipmentViewController.h */ = {isa = PBXFileReference; fileEncoding = 4; lastKnownFileType = sourcecode.c.h; path = HRPGEquipmentViewController.h; sourceTree = "<group>"; };
		D97C71F218F364950089FDC6 /* HRPGEquipmentViewController.m */ = {isa = PBXFileReference; fileEncoding = 4; lastKnownFileType = sourcecode.c.objc; path = HRPGEquipmentViewController.m; sourceTree = "<group>"; };
		D97C71F418F371D70089FDC6 /* Pods-acknowledgements.plist */ = {isa = PBXFileReference; fileEncoding = 4; lastKnownFileType = text.plist.xml; name = "Pods-acknowledgements.plist"; path = "Pods/Pods-acknowledgements.plist"; sourceTree = SOURCE_ROOT; };
		D9884B4319168AF00078BC7C /* HRPGProgressView.h */ = {isa = PBXFileReference; fileEncoding = 4; lastKnownFileType = sourcecode.c.h; path = HRPGProgressView.h; sourceTree = "<group>"; };
		D9884B4419168AF00078BC7C /* HRPGProgressView.m */ = {isa = PBXFileReference; fileEncoding = 4; lastKnownFileType = sourcecode.c.objc; path = HRPGProgressView.m; sourceTree = "<group>"; };
		D98F5AEA190566CA002F8223 /* User.h */ = {isa = PBXFileReference; fileEncoding = 4; lastKnownFileType = sourcecode.c.h; path = User.h; sourceTree = "<group>"; };
		D98F5AEB190566CA002F8223 /* User.m */ = {isa = PBXFileReference; fileEncoding = 4; lastKnownFileType = sourcecode.c.objc; path = User.m; sourceTree = "<group>"; };
		D98F5AED1905C090002F8223 /* HRPGQuestParticipantsViewController.h */ = {isa = PBXFileReference; fileEncoding = 4; lastKnownFileType = sourcecode.c.h; path = HRPGQuestParticipantsViewController.h; sourceTree = "<group>"; };
		D98F5AEE1905C090002F8223 /* HRPGQuestParticipantsViewController.m */ = {isa = PBXFileReference; fileEncoding = 4; lastKnownFileType = sourcecode.c.objc; path = HRPGQuestParticipantsViewController.m; sourceTree = "<group>"; };
		D98F5AF01905DE86002F8223 /* HRPGPartyMembersViewController.h */ = {isa = PBXFileReference; fileEncoding = 4; lastKnownFileType = sourcecode.c.h; path = HRPGPartyMembersViewController.h; sourceTree = "<group>"; };
		D98F5AF11905DE86002F8223 /* HRPGPartyMembersViewController.m */ = {isa = PBXFileReference; fileEncoding = 4; lastKnownFileType = sourcecode.c.objc; path = HRPGPartyMembersViewController.m; sourceTree = "<group>"; };
		D99DEC821908313D00FFD2B9 /* HRPGItemViewController.h */ = {isa = PBXFileReference; fileEncoding = 4; lastKnownFileType = sourcecode.c.h; path = HRPGItemViewController.h; sourceTree = "<group>"; };
		D99DEC831908313D00FFD2B9 /* HRPGItemViewController.m */ = {isa = PBXFileReference; fileEncoding = 4; lastKnownFileType = sourcecode.c.objc; path = HRPGItemViewController.m; sourceTree = "<group>"; };
		D99DEC85190836D400FFD2B9 /* Item.h */ = {isa = PBXFileReference; fileEncoding = 4; lastKnownFileType = sourcecode.c.h; path = Item.h; sourceTree = "<group>"; };
		D99DEC86190836D400FFD2B9 /* Item.m */ = {isa = PBXFileReference; fileEncoding = 4; lastKnownFileType = sourcecode.c.objc; path = Item.m; sourceTree = "<group>"; };
		D99DEC88190842CA00FFD2B9 /* Placeholder.png */ = {isa = PBXFileReference; lastKnownFileType = image.png; path = Placeholder.png; sourceTree = "<group>"; };
		D99DEC8B19084E0D00FFD2B9 /* Crashlytics.framework */ = {isa = PBXFileReference; lastKnownFileType = wrapper.framework; path = Crashlytics.framework; sourceTree = "<group>"; };
		D99DEC8D190914AD00FFD2B9 /* HRPGQuestInvitationViewController.h */ = {isa = PBXFileReference; fileEncoding = 4; lastKnownFileType = sourcecode.c.h; path = HRPGQuestInvitationViewController.h; sourceTree = "<group>"; };
		D99DEC8E190914AD00FFD2B9 /* HRPGQuestInvitationViewController.m */ = {isa = PBXFileReference; fileEncoding = 4; lastKnownFileType = sourcecode.c.objc; path = HRPGQuestInvitationViewController.m; sourceTree = "<group>"; };
		D99F15BE191027D90081836E /* HRPGBaseViewController.h */ = {isa = PBXFileReference; fileEncoding = 4; lastKnownFileType = sourcecode.c.h; path = HRPGBaseViewController.h; sourceTree = "<group>"; };
		D99F15BF191027D90081836E /* HRPGBaseViewController.m */ = {isa = PBXFileReference; fileEncoding = 4; lastKnownFileType = sourcecode.c.objc; path = HRPGBaseViewController.m; sourceTree = "<group>"; };
		D9B11C8A18D63D4E00AB4D23 /* HRPGTabBarController.h */ = {isa = PBXFileReference; fileEncoding = 4; lastKnownFileType = sourcecode.c.h; path = HRPGTabBarController.h; sourceTree = "<group>"; };
		D9B11C8B18D63D4E00AB4D23 /* HRPGTabBarController.m */ = {isa = PBXFileReference; fileEncoding = 4; lastKnownFileType = sourcecode.c.objc; path = HRPGTabBarController.m; sourceTree = "<group>"; };
		D9B5C0AC18CCC87A00C8D1B7 /* HRPGManager.h */ = {isa = PBXFileReference; fileEncoding = 4; lastKnownFileType = sourcecode.c.h; path = HRPGManager.h; sourceTree = "<group>"; };
		D9B5C0AD18CCC87A00C8D1B7 /* HRPGManager.m */ = {isa = PBXFileReference; fileEncoding = 4; lastKnownFileType = sourcecode.c.objc; path = HRPGManager.m; sourceTree = "<group>"; };
		D9B5C0AF18CCD1EA00C8D1B7 /* Task.h */ = {isa = PBXFileReference; fileEncoding = 4; lastKnownFileType = sourcecode.c.h; path = Task.h; sourceTree = "<group>"; };
		D9B5C0B018CCD1EA00C8D1B7 /* Task.m */ = {isa = PBXFileReference; fileEncoding = 4; lastKnownFileType = sourcecode.c.objc; path = Task.m; sourceTree = "<group>"; };
		D9B5C0B518D5C07100C8D1B7 /* HRPGProfileViewController.h */ = {isa = PBXFileReference; fileEncoding = 4; lastKnownFileType = sourcecode.c.h; path = HRPGProfileViewController.h; sourceTree = "<group>"; };
		D9B5C0B618D5C07100C8D1B7 /* HRPGProfileViewController.m */ = {isa = PBXFileReference; fileEncoding = 4; lastKnownFileType = sourcecode.c.objc; path = HRPGProfileViewController.m; sourceTree = "<group>"; };
		D9B5C0BE18D5EFF400C8D1B7 /* ChecklistItem.h */ = {isa = PBXFileReference; fileEncoding = 4; lastKnownFileType = sourcecode.c.h; path = ChecklistItem.h; sourceTree = "<group>"; };
		D9B5C0BF18D5EFF400C8D1B7 /* ChecklistItem.m */ = {isa = PBXFileReference; fileEncoding = 4; lastKnownFileType = sourcecode.c.objc; path = ChecklistItem.m; sourceTree = "<group>"; };
		D9B5C0CD18D5F4D400C8D1B7 /* Tag.h */ = {isa = PBXFileReference; fileEncoding = 4; lastKnownFileType = sourcecode.c.h; path = Tag.h; sourceTree = "<group>"; };
		D9B5C0CE18D5F4D400C8D1B7 /* Tag.m */ = {isa = PBXFileReference; fileEncoding = 4; lastKnownFileType = sourcecode.c.objc; path = Tag.m; sourceTree = "<group>"; };
		D9B5C0D318D5F94400C8D1B7 /* HRPGPartyViewController.h */ = {isa = PBXFileReference; fileEncoding = 4; lastKnownFileType = sourcecode.c.h; path = HRPGPartyViewController.h; sourceTree = "<group>"; };
		D9B5C0D418D5F94400C8D1B7 /* HRPGPartyViewController.m */ = {isa = PBXFileReference; fileEncoding = 4; lastKnownFileType = sourcecode.c.objc; path = HRPGPartyViewController.m; sourceTree = "<group>"; };
		D9B5C0DF18D602FC00C8D1B7 /* Group.h */ = {isa = PBXFileReference; fileEncoding = 4; lastKnownFileType = sourcecode.c.h; path = Group.h; sourceTree = "<group>"; };
		D9B5C0E018D602FC00C8D1B7 /* Group.m */ = {isa = PBXFileReference; fileEncoding = 4; lastKnownFileType = sourcecode.c.objc; path = Group.m; sourceTree = "<group>"; };
		D9B5C0E218D610E200C8D1B7 /* HRPGTaskResponse.h */ = {isa = PBXFileReference; fileEncoding = 4; lastKnownFileType = sourcecode.c.h; path = HRPGTaskResponse.h; sourceTree = "<group>"; };
		D9B5C0E318D610E300C8D1B7 /* HRPGTaskResponse.m */ = {isa = PBXFileReference; fileEncoding = 4; lastKnownFileType = sourcecode.c.objc; path = HRPGTaskResponse.m; sourceTree = "<group>"; };
		D9B5C0E518D62CC700C8D1B7 /* HRPGLoginViewController.h */ = {isa = PBXFileReference; fileEncoding = 4; lastKnownFileType = sourcecode.c.h; path = HRPGLoginViewController.h; sourceTree = "<group>"; };
		D9B5C0E618D62CC700C8D1B7 /* HRPGLoginViewController.m */ = {isa = PBXFileReference; fileEncoding = 4; lastKnownFileType = sourcecode.c.objc; path = HRPGLoginViewController.m; sourceTree = "<group>"; };
		D9B5C0E818D6320C00C8D1B7 /* HRPGLoginData.h */ = {isa = PBXFileReference; fileEncoding = 4; lastKnownFileType = sourcecode.c.h; path = HRPGLoginData.h; sourceTree = "<group>"; };
		D9B5C0E918D6320D00C8D1B7 /* HRPGLoginData.m */ = {isa = PBXFileReference; fileEncoding = 4; lastKnownFileType = sourcecode.c.objc; path = HRPGLoginData.m; sourceTree = "<group>"; };
		D9C0002E1928F83E003D4E4C /* HRPGRoundProgressView.h */ = {isa = PBXFileReference; fileEncoding = 4; lastKnownFileType = sourcecode.c.h; path = HRPGRoundProgressView.h; sourceTree = "<group>"; };
		D9C0002F1928F83E003D4E4C /* HRPGRoundProgressView.m */ = {isa = PBXFileReference; fileEncoding = 4; lastKnownFileType = sourcecode.c.objc; path = HRPGRoundProgressView.m; sourceTree = "<group>"; };
		D9C0003219290D5E003D4E4C /* HRPGActivityIndicatorOverlayView.h */ = {isa = PBXFileReference; fileEncoding = 4; lastKnownFileType = sourcecode.c.h; path = HRPGActivityIndicatorOverlayView.h; sourceTree = "<group>"; };
		D9C0003319290D5E003D4E4C /* HRPGActivityIndicatorOverlayView.m */ = {isa = PBXFileReference; fileEncoding = 4; lastKnownFileType = sourcecode.c.objc; path = HRPGActivityIndicatorOverlayView.m; sourceTree = "<group>"; };
		D9C7C1EE18E26BBB0083F4E4 /* Egg.h */ = {isa = PBXFileReference; fileEncoding = 4; lastKnownFileType = sourcecode.c.h; path = Egg.h; sourceTree = "<group>"; };
		D9C7C1EF18E26BBB0083F4E4 /* Egg.m */ = {isa = PBXFileReference; fileEncoding = 4; lastKnownFileType = sourcecode.c.objc; path = Egg.m; sourceTree = "<group>"; };
		D9C7C1F118E280DD0083F4E4 /* HRPGRewardsViewController.h */ = {isa = PBXFileReference; fileEncoding = 4; lastKnownFileType = sourcecode.c.h; path = HRPGRewardsViewController.h; sourceTree = "<group>"; };
		D9C7C1F218E280DD0083F4E4 /* HRPGRewardsViewController.m */ = {isa = PBXFileReference; fileEncoding = 4; lastKnownFileType = sourcecode.c.objc; path = HRPGRewardsViewController.m; sourceTree = "<group>"; };
		D9E0868F18DF800F00BAF2EF /* HRPGTavernViewController.h */ = {isa = PBXFileReference; fileEncoding = 4; lastKnownFileType = sourcecode.c.h; path = HRPGTavernViewController.h; sourceTree = "<group>"; };
		D9E0869018DF800F00BAF2EF /* HRPGTavernViewController.m */ = {isa = PBXFileReference; fileEncoding = 4; lastKnownFileType = sourcecode.c.objc; path = HRPGTavernViewController.m; sourceTree = "<group>"; };
		D9EB4E8B18CB4A9400BB2094 /* RabbitRPG.app */ = {isa = PBXFileReference; explicitFileType = wrapper.application; includeInIndex = 0; path = RabbitRPG.app; sourceTree = BUILT_PRODUCTS_DIR; };
		D9EB4E8E18CB4A9400BB2094 /* Foundation.framework */ = {isa = PBXFileReference; lastKnownFileType = wrapper.framework; name = Foundation.framework; path = System/Library/Frameworks/Foundation.framework; sourceTree = SDKROOT; };
		D9EB4E9018CB4A9400BB2094 /* CoreGraphics.framework */ = {isa = PBXFileReference; lastKnownFileType = wrapper.framework; name = CoreGraphics.framework; path = System/Library/Frameworks/CoreGraphics.framework; sourceTree = SDKROOT; };
		D9EB4E9218CB4A9400BB2094 /* UIKit.framework */ = {isa = PBXFileReference; lastKnownFileType = wrapper.framework; name = UIKit.framework; path = System/Library/Frameworks/UIKit.framework; sourceTree = SDKROOT; };
		D9EB4E9618CB4A9400BB2094 /* RabbitRPG-Info.plist */ = {isa = PBXFileReference; lastKnownFileType = text.plist.xml; path = "RabbitRPG-Info.plist"; sourceTree = "<group>"; };
		D9EB4E9818CB4A9400BB2094 /* en */ = {isa = PBXFileReference; lastKnownFileType = text.plist.strings; name = en; path = en.lproj/InfoPlist.strings; sourceTree = "<group>"; };
		D9EB4E9A18CB4A9400BB2094 /* main.m */ = {isa = PBXFileReference; lastKnownFileType = sourcecode.c.objc; path = main.m; sourceTree = "<group>"; };
		D9EB4E9C18CB4A9400BB2094 /* HabitRPG-Prefix.pch */ = {isa = PBXFileReference; lastKnownFileType = sourcecode.c.h; path = "HabitRPG-Prefix.pch"; sourceTree = "<group>"; };
		D9EB4E9D18CB4A9400BB2094 /* HRPGAppDelegate.h */ = {isa = PBXFileReference; lastKnownFileType = sourcecode.c.h; path = HRPGAppDelegate.h; sourceTree = "<group>"; };
		D9EB4E9E18CB4A9400BB2094 /* HRPGAppDelegate.m */ = {isa = PBXFileReference; lastKnownFileType = sourcecode.c.objc; path = HRPGAppDelegate.m; sourceTree = "<group>"; };
		D9EB4EA118CB4A9400BB2094 /* Base */ = {isa = PBXFileReference; lastKnownFileType = file.storyboard; name = Base; path = Base.lproj/Main_iPhone.storyboard; sourceTree = "<group>"; };
		D9EB4EA418CB4A9400BB2094 /* Base */ = {isa = PBXFileReference; lastKnownFileType = file.storyboard; name = Base; path = Base.lproj/Main_iPad.storyboard; sourceTree = "<group>"; };
		D9EB4EAC18CB4A9400BB2094 /* Images.xcassets */ = {isa = PBXFileReference; lastKnownFileType = folder.assetcatalog; path = Images.xcassets; sourceTree = "<group>"; };
		D9EB4EB218CB4A9400BB2094 /* RabbitRPGTests.xctest */ = {isa = PBXFileReference; explicitFileType = wrapper.cfbundle; includeInIndex = 0; path = RabbitRPGTests.xctest; sourceTree = BUILT_PRODUCTS_DIR; };
		D9EB4EB318CB4A9400BB2094 /* XCTest.framework */ = {isa = PBXFileReference; lastKnownFileType = wrapper.framework; name = XCTest.framework; path = Library/Frameworks/XCTest.framework; sourceTree = DEVELOPER_DIR; };
		D9EB4EBB18CB4A9400BB2094 /* RabbitRPGTests-Info.plist */ = {isa = PBXFileReference; lastKnownFileType = text.plist.xml; path = "RabbitRPGTests-Info.plist"; sourceTree = "<group>"; };
		D9EB4EBD18CB4A9400BB2094 /* en */ = {isa = PBXFileReference; lastKnownFileType = text.plist.strings; name = en; path = en.lproj/InfoPlist.strings; sourceTree = "<group>"; };
		D9EB4EBF18CB4A9400BB2094 /* HabitRPGTests.m */ = {isa = PBXFileReference; lastKnownFileType = sourcecode.c.objc; path = HabitRPGTests.m; sourceTree = "<group>"; };
		E55E45210D0A48989E0A671E /* Pods.xcconfig */ = {isa = PBXFileReference; includeInIndex = 1; lastKnownFileType = text.xcconfig; name = Pods.xcconfig; path = Pods/Pods.xcconfig; sourceTree = "<group>"; };
		EC82AC0621234004BC92DB72 /* libPods.a */ = {isa = PBXFileReference; explicitFileType = archive.ar; includeInIndex = 0; path = libPods.a; sourceTree = BUILT_PRODUCTS_DIR; };
/* End PBXFileReference section */

/* Begin PBXFrameworksBuildPhase section */
		D9EB4E8818CB4A9400BB2094 /* Frameworks */ = {
			isa = PBXFrameworksBuildPhase;
			buildActionMask = 2147483647;
			files = (
				D958E2B11915D41D00186A08 /* SystemConfiguration.framework in Frameworks */,
				D958E2B01915D41400186A08 /* Security.framework in Frameworks */,
				D958E2AE1915D40F00186A08 /* QuartzCore.framework in Frameworks */,
				D958E2AD1915D40600186A08 /* CoreText.framework in Frameworks */,
				D9EB4E9118CB4A9400BB2094 /* CoreGraphics.framework in Frameworks */,
				D9EB4E9318CB4A9400BB2094 /* UIKit.framework in Frameworks */,
				D9EB4E8F18CB4A9400BB2094 /* Foundation.framework in Frameworks */,
				D99DEC8C19084E0D00FFD2B9 /* Crashlytics.framework in Frameworks */,
				F076F3C3B57B4367B7624D1F /* libPods.a in Frameworks */,
			);
			runOnlyForDeploymentPostprocessing = 0;
		};
		D9EB4EAF18CB4A9400BB2094 /* Frameworks */ = {
			isa = PBXFrameworksBuildPhase;
			buildActionMask = 2147483647;
			files = (
				D9EB4EB418CB4A9400BB2094 /* XCTest.framework in Frameworks */,
				D9EB4EB618CB4A9400BB2094 /* UIKit.framework in Frameworks */,
				D9EB4EB518CB4A9400BB2094 /* Foundation.framework in Frameworks */,
			);
			runOnlyForDeploymentPostprocessing = 0;
		};
/* End PBXFrameworksBuildPhase section */

/* Begin PBXGroup section */
		D92CDAE118CB83C40006C242 /* TablewViewController */ = {
			isa = PBXGroup;
			children = (
				D99F15BE191027D90081836E /* HRPGBaseViewController.h */,
				D99F15BF191027D90081836E /* HRPGBaseViewController.m */,
				D97C71F118F364950089FDC6 /* HRPGEquipmentViewController.h */,
				D97C71F218F364950089FDC6 /* HRPGEquipmentViewController.m */,
				D99DEC821908313D00FFD2B9 /* HRPGItemViewController.h */,
				D99DEC831908313D00FFD2B9 /* HRPGItemViewController.m */,
				D9B5C0B518D5C07100C8D1B7 /* HRPGProfileViewController.h */,
				D9B5C0B618D5C07100C8D1B7 /* HRPGProfileViewController.m */,
				D922F01D191BCC1600B197EA /* HRPGQuestDetailController.h */,
				D922F01E191BCC1600B197EA /* HRPGQuestDetailController.m */,
				D9C7C1F118E280DD0083F4E4 /* HRPGRewardsViewController.h */,
				D9C7C1F218E280DD0083F4E4 /* HRPGRewardsViewController.m */,
				D966557218FB129F0014C09D /* HRPGSettingsViewController.h */,
				D966557318FB129F0014C09D /* HRPGSettingsViewController.m */,
				D9E0868F18DF800F00BAF2EF /* HRPGTavernViewController.h */,
				D9E0869018DF800F00BAF2EF /* HRPGTavernViewController.m */,
				D9E3654F1930D45500C056F1 /* Modals */,
				D9E365501930D58900C056F1 /* Party */,
				D9E3654E1930D44300C056F1 /* Spells */,
				D9E365511930D59D00C056F1 /* Tasks */,
			);
			name = TablewViewController;
			sourceTree = "<group>";
		};
		D9B5C0EB18D6321400C8D1B7 /* Models */ = {
			isa = PBXGroup;
			children = (
				D97C71EE18F32FEF0089FDC6 /* MetaReward.h */,
				D97C71EF18F32FEF0089FDC6 /* MetaReward.m */,
				D97C71EB18F32FEF0089FDC6 /* Gear.h */,
				D97C71EC18F32FEF0089FDC6 /* Gear.m */,
				D97C71E818F32FEE0089FDC6 /* Reward.h */,
				D97C71E918F32FEE0089FDC6 /* Reward.m */,
				D97C71E518F32FED0089FDC6 /* Potion.h */,
				D97C71E618F32FED0089FDC6 /* Potion.m */,
				D9B5C0BE18D5EFF400C8D1B7 /* ChecklistItem.h */,
				D9B5C0BF18D5EFF400C8D1B7 /* ChecklistItem.m */,
				D9B5C0DF18D602FC00C8D1B7 /* Group.h */,
				D9B5C0E018D602FC00C8D1B7 /* Group.m */,
				D9B5C0E818D6320C00C8D1B7 /* HRPGLoginData.h */,
				D9B5C0E918D6320D00C8D1B7 /* HRPGLoginData.m */,
				D9B5C0E218D610E200C8D1B7 /* HRPGTaskResponse.h */,
				D9B5C0E318D610E300C8D1B7 /* HRPGTaskResponse.m */,
				D94AADB2192A30F900546C8E /* Spell.h */,
				D94AADB3192A30F900546C8E /* Spell.m */,
				D9B5C0CD18D5F4D400C8D1B7 /* Tag.h */,
				D9B5C0CE18D5F4D400C8D1B7 /* Tag.m */,
				D9B5C0AF18CCD1EA00C8D1B7 /* Task.h */,
				D9B5C0B018CCD1EA00C8D1B7 /* Task.m */,
				D9C7C1EE18E26BBB0083F4E4 /* Egg.h */,
				D9C7C1EF18E26BBB0083F4E4 /* Egg.m */,
				D97C71DC18EC98A40089FDC6 /* QuestCollect.h */,
				D97C71DD18EC98A40089FDC6 /* QuestCollect.m */,
				D97C71D918EC98A30089FDC6 /* Quest.h */,
				D97C71DA18EC98A30089FDC6 /* Quest.m */,
				D99DEC85190836D400FFD2B9 /* Item.h */,
				D99DEC86190836D400FFD2B9 /* Item.m */,
				D97C71DF18ECA7050089FDC6 /* ChatMessage.h */,
				D97C71E018ECA7050089FDC6 /* ChatMessage.m */,
				D98F5AEA190566CA002F8223 /* User.h */,
				D98F5AEB190566CA002F8223 /* User.m */,
				D922F0A6191C1F6B00B197EA /* HRPGUserBuyResponse.h */,
				D922F0A7191C1F6B00B197EA /* HRPGUserBuyResponse.m */,
			);
			name = Models;
			sourceTree = "<group>";
		};
		D9C000311928F85E003D4E4C /* Views */ = {
			isa = PBXGroup;
			children = (
				D9C0002E1928F83E003D4E4C /* HRPGRoundProgressView.h */,
				D9C0002F1928F83E003D4E4C /* HRPGRoundProgressView.m */,
				D9C0003219290D5E003D4E4C /* HRPGActivityIndicatorOverlayView.h */,
				D9C0003319290D5E003D4E4C /* HRPGActivityIndicatorOverlayView.m */,
				D9884B4319168AF00078BC7C /* HRPGProgressView.h */,
				D9884B4419168AF00078BC7C /* HRPGProgressView.m */,
				D908B3811903515B00D32A75 /* HRPGSwipeTableViewCell.h */,
				D908B3821903515B00D32A75 /* HRPGSwipeTableViewCell.m */,
			);
			name = Views;
			sourceTree = "<group>";
		};
		D9E3654E1930D44300C056F1 /* Spells */ = {
			isa = PBXGroup;
			children = (
				D97C71E218ECE09A0089FDC6 /* HRPGSpellViewController.h */,
				D97C71E318ECE09A0089FDC6 /* HRPGSpellViewController.m */,
				D94AADB5192A56E800546C8E /* HRPGSpellTaskController.h */,
				D94AADB6192A56E800546C8E /* HRPGSpellTaskController.m */,
				D94AADB8192A5CE700546C8E /* HRPGSpellTabBarController.h */,
				D94AADB9192A5CE700546C8E /* HRPGSpellTabBarController.m */,
			);
			name = Spells;
			sourceTree = "<group>";
		};
		D9E3654F1930D45500C056F1 /* Modals */ = {
			isa = PBXGroup;
			children = (
				D9B5C0E518D62CC700C8D1B7 /* HRPGLoginViewController.h */,
				D9B5C0E618D62CC700C8D1B7 /* HRPGLoginViewController.m */,
				D99DEC8D190914AD00FFD2B9 /* HRPGQuestInvitationViewController.h */,
				D99DEC8E190914AD00FFD2B9 /* HRPGQuestInvitationViewController.m */,
				D922F0A9191D957D00B197EA /* HRPGDeathViewController.h */,
				D922F0AA191D957D00B197EA /* HRPGDeathViewController.m */,
				D96038351930F90E0025EAEC /* HRPGMessageViewController.h */,
				D96038361930F90E0025EAEC /* HRPGMessageViewController.m */,
			);
			name = Modals;
			sourceTree = "<group>";
		};
		D9E365501930D58900C056F1 /* Party */ = {
			isa = PBXGroup;
			children = (
				D9B5C0D318D5F94400C8D1B7 /* HRPGPartyViewController.h */,
				D9B5C0D418D5F94400C8D1B7 /* HRPGPartyViewController.m */,
				D98F5AED1905C090002F8223 /* HRPGQuestParticipantsViewController.h */,
				D98F5AEE1905C090002F8223 /* HRPGQuestParticipantsViewController.m */,
				D98F5AF01905DE86002F8223 /* HRPGPartyMembersViewController.h */,
				D98F5AF11905DE86002F8223 /* HRPGPartyMembersViewController.m */,
			);
			name = Party;
			sourceTree = "<group>";
		};
		D9E365511930D59D00C056F1 /* Tasks */ = {
			isa = PBXGroup;
			children = (
				D92CDAE818CB8C130006C242 /* HRPGFormViewController.h */,
				D92CDAE918CB8C130006C242 /* HRPGFormViewController.m */,
				D92CDAE218CB83EF0006C242 /* HRPGDailyTableViewController.h */,
				D92CDAE318CB83EF0006C242 /* HRPGDailyTableViewController.m */,
				D92CDADE18CB83B90006C242 /* HRPGHabitTableViewController.h */,
				D92CDADF18CB83B90006C242 /* HRPGHabitTableViewController.m */,
				D92CDADB18CB79E50006C242 /* HRPGTableViewController.h */,
				D92CDADC18CB79E50006C242 /* HRPGTableViewController.m */,
				D92CDAE518CB84000006C242 /* HRPGToDoTableViewController.h */,
				D92CDAE618CB84000006C242 /* HRPGToDoTableViewController.m */,
			);
			name = Tasks;
			sourceTree = "<group>";
		};
		D9EB4E8218CB4A9400BB2094 = {
			isa = PBXGroup;
			children = (
				D9EB4E9418CB4A9400BB2094 /* RabbitRPG */,
				D9EB4EB918CB4A9400BB2094 /* RabbitRPGTests */,
				D9EB4E8D18CB4A9400BB2094 /* Frameworks */,
				D9EB4E8C18CB4A9400BB2094 /* Products */,
				E55E45210D0A48989E0A671E /* Pods.xcconfig */,
			);
			sourceTree = "<group>";
		};
		D9EB4E8C18CB4A9400BB2094 /* Products */ = {
			isa = PBXGroup;
			children = (
				D9EB4E8B18CB4A9400BB2094 /* RabbitRPG.app */,
				D9EB4EB218CB4A9400BB2094 /* RabbitRPGTests.xctest */,
			);
			name = Products;
			sourceTree = "<group>";
		};
		D9EB4E8D18CB4A9400BB2094 /* Frameworks */ = {
			isa = PBXGroup;
			children = (
				D958E2AF1915D41400186A08 /* Security.framework */,
				D958E2AC1915D40600186A08 /* CoreText.framework */,
				D915F8641915BF0D0037D04D /* SystemConfiguration.framework */,
				D915F8621915BEE50037D04D /* QuartzCore.framework */,
				D99DEC8B19084E0D00FFD2B9 /* Crashlytics.framework */,
				D9EB4E8E18CB4A9400BB2094 /* Foundation.framework */,
				D9EB4E9018CB4A9400BB2094 /* CoreGraphics.framework */,
				D9EB4E9218CB4A9400BB2094 /* UIKit.framework */,
				D9EB4EB318CB4A9400BB2094 /* XCTest.framework */,
				EC82AC0621234004BC92DB72 /* libPods.a */,
			);
			name = Frameworks;
			sourceTree = "<group>";
		};
		D9EB4E9418CB4A9400BB2094 /* RabbitRPG */ = {
			isa = PBXGroup;
			children = (
				D9B5C0EB18D6321400C8D1B7 /* Models */,
				D92CDAE118CB83C40006C242 /* TablewViewController */,
				D9C000311928F85E003D4E4C /* Views */,
				D9EB4E9D18CB4A9400BB2094 /* HRPGAppDelegate.h */,
				D9EB4E9E18CB4A9400BB2094 /* HRPGAppDelegate.m */,
				D922F0AF1925314500B197EA /* HRPGNetworkIndicatorController.h */,
				D922F0B01925314500B197EA /* HRPGNetworkIndicatorController.m */,
				D9B5C0AC18CCC87A00C8D1B7 /* HRPGManager.h */,
				D9B5C0AD18CCC87A00C8D1B7 /* HRPGManager.m */,
				D9B11C8A18D63D4E00AB4D23 /* HRPGTabBarController.h */,
				D9B11C8B18D63D4E00AB4D23 /* HRPGTabBarController.m */,
				D922F0AC19217C2300B197EA /* HRPGEmptySerializer.h */,
				D922F0AD19217C2300B197EA /* HRPGEmptySerializer.m */,
				D9EB4EA018CB4A9400BB2094 /* Main_iPhone.storyboard */,
				D9EB4EA318CB4A9400BB2094 /* Main_iPad.storyboard */,
				D9EB4EAC18CB4A9400BB2094 /* Images.xcassets */,
				D94AADAE192973CD00546C8E /* HabitRPG.xcdatamodeld */,
				D9EB4E9518CB4A9400BB2094 /* Supporting Files */,
			);
			name = RabbitRPG;
			path = HabitRPG;
			sourceTree = "<group>";
		};
		D9EB4E9518CB4A9400BB2094 /* Supporting Files */ = {
			isa = PBXGroup;
			children = (
				D99DEC88190842CA00FFD2B9 /* Placeholder.png */,
				D97C71F418F371D70089FDC6 /* Pods-acknowledgements.plist */,
				D9EB4E9618CB4A9400BB2094 /* RabbitRPG-Info.plist */,
				D9EB4E9718CB4A9400BB2094 /* InfoPlist.strings */,
				D9EB4E9A18CB4A9400BB2094 /* main.m */,
				D9EB4E9C18CB4A9400BB2094 /* HabitRPG-Prefix.pch */,
			);
			name = "Supporting Files";
			sourceTree = "<group>";
		};
		D9EB4EB918CB4A9400BB2094 /* RabbitRPGTests */ = {
			isa = PBXGroup;
			children = (
				D9EB4EBF18CB4A9400BB2094 /* HabitRPGTests.m */,
				D9EB4EBA18CB4A9400BB2094 /* Supporting Files */,
			);
			name = RabbitRPGTests;
			path = HabitRPGTests;
			sourceTree = "<group>";
		};
		D9EB4EBA18CB4A9400BB2094 /* Supporting Files */ = {
			isa = PBXGroup;
			children = (
				D9EB4EBB18CB4A9400BB2094 /* RabbitRPGTests-Info.plist */,
				D9EB4EBC18CB4A9400BB2094 /* InfoPlist.strings */,
			);
			name = "Supporting Files";
			sourceTree = "<group>";
		};
/* End PBXGroup section */

/* Begin PBXNativeTarget section */
		D9EB4E8A18CB4A9400BB2094 /* RabbitRPG */ = {
			isa = PBXNativeTarget;
			buildConfigurationList = D9EB4EC318CB4A9400BB2094 /* Build configuration list for PBXNativeTarget "RabbitRPG" */;
			buildPhases = (
				02DCD40452424CABA2724616 /* Check Pods Manifest.lock */,
				D9EB4E8718CB4A9400BB2094 /* Sources */,
				D9EB4E8818CB4A9400BB2094 /* Frameworks */,
				D9EB4E8918CB4A9400BB2094 /* Resources */,
				E849E9FA1DD6461BA39AB99A /* Copy Pods Resources */,
				D99DEC8A19084DDD00FFD2B9 /* ShellScript */,
				D915F89E1915CD760037D04D /* ShellScript */,
			);
			buildRules = (
			);
			dependencies = (
			);
			name = RabbitRPG;
			productName = HabitRPG;
			productReference = D9EB4E8B18CB4A9400BB2094 /* RabbitRPG.app */;
			productType = "com.apple.product-type.application";
		};
		D9EB4EB118CB4A9400BB2094 /* RabbitRPGTests */ = {
			isa = PBXNativeTarget;
			buildConfigurationList = D9EB4EC618CB4A9400BB2094 /* Build configuration list for PBXNativeTarget "RabbitRPGTests" */;
			buildPhases = (
				D9EB4EAE18CB4A9400BB2094 /* Sources */,
				D9EB4EAF18CB4A9400BB2094 /* Frameworks */,
				D9EB4EB018CB4A9400BB2094 /* Resources */,
			);
			buildRules = (
			);
			dependencies = (
				D9EB4EB818CB4A9400BB2094 /* PBXTargetDependency */,
			);
			name = RabbitRPGTests;
			productName = HabitRPGTests;
			productReference = D9EB4EB218CB4A9400BB2094 /* RabbitRPGTests.xctest */;
			productType = "com.apple.product-type.bundle.unit-test";
		};
/* End PBXNativeTarget section */

/* Begin PBXProject section */
		D9EB4E8318CB4A9400BB2094 /* Project object */ = {
			isa = PBXProject;
			attributes = {
				CLASSPREFIX = HRPG;
				LastUpgradeCheck = 0500;
				ORGANIZATIONNAME = "Phillip Thelen";
				TargetAttributes = {
					D9EB4EB118CB4A9400BB2094 = {
						TestTargetID = D9EB4E8A18CB4A9400BB2094;
					};
				};
			};
			buildConfigurationList = D9EB4E8618CB4A9400BB2094 /* Build configuration list for PBXProject "RabbitRPG" */;
			compatibilityVersion = "Xcode 3.2";
			developmentRegion = English;
			hasScannedForEncodings = 0;
			knownRegions = (
				en,
				Base,
			);
			mainGroup = D9EB4E8218CB4A9400BB2094;
			productRefGroup = D9EB4E8C18CB4A9400BB2094 /* Products */;
			projectDirPath = "";
			projectRoot = "";
			targets = (
				D9EB4E8A18CB4A9400BB2094 /* RabbitRPG */,
				D9EB4EB118CB4A9400BB2094 /* RabbitRPGTests */,
			);
		};
/* End PBXProject section */

/* Begin PBXResourcesBuildPhase section */
		D9EB4E8918CB4A9400BB2094 /* Resources */ = {
			isa = PBXResourcesBuildPhase;
			buildActionMask = 2147483647;
			files = (
				D9EB4EA518CB4A9400BB2094 /* Main_iPad.storyboard in Resources */,
				D9EB4EAD18CB4A9400BB2094 /* Images.xcassets in Resources */,
				D97C71F518F371D70089FDC6 /* Pods-acknowledgements.plist in Resources */,
				D9EB4EA218CB4A9400BB2094 /* Main_iPhone.storyboard in Resources */,
				D99DEC89190842CA00FFD2B9 /* Placeholder.png in Resources */,
				D9EB4E9918CB4A9400BB2094 /* InfoPlist.strings in Resources */,
			);
			runOnlyForDeploymentPostprocessing = 0;
		};
		D9EB4EB018CB4A9400BB2094 /* Resources */ = {
			isa = PBXResourcesBuildPhase;
			buildActionMask = 2147483647;
			files = (
				D9EB4EBE18CB4A9400BB2094 /* InfoPlist.strings in Resources */,
			);
			runOnlyForDeploymentPostprocessing = 0;
		};
/* End PBXResourcesBuildPhase section */

/* Begin PBXShellScriptBuildPhase section */
		02DCD40452424CABA2724616 /* Check Pods Manifest.lock */ = {
			isa = PBXShellScriptBuildPhase;
			buildActionMask = 2147483647;
			files = (
			);
			inputPaths = (
			);
			name = "Check Pods Manifest.lock";
			outputPaths = (
			);
			runOnlyForDeploymentPostprocessing = 0;
			shellPath = /bin/sh;
			shellScript = "diff \"${PODS_ROOT}/../Podfile.lock\" \"${PODS_ROOT}/Manifest.lock\" > /dev/null\nif [[ $? != 0 ]] ; then\n    cat << EOM\nerror: The sandbox is not in sync with the Podfile.lock. Run 'pod install' or update your CocoaPods installation.\nEOM\n    exit 1\nfi\n";
			showEnvVarsInLog = 0;
		};
		D915F89E1915CD760037D04D /* ShellScript */ = {
			isa = PBXShellScriptBuildPhase;
			buildActionMask = 2147483647;
			files = (
			);
			inputPaths = (
			);
			outputPaths = (
			);
			runOnlyForDeploymentPostprocessing = 0;
			shellPath = /bin/sh;
			shellScript = "FILE=\"${SRCROOT}/HockeySDK-iOS/BuildAgent\"\nif [ -f \"$FILE\" ]; then\n\"$FILE\"\nfi";
		};
		D99DEC8A19084DDD00FFD2B9 /* ShellScript */ = {
			isa = PBXShellScriptBuildPhase;
			buildActionMask = 2147483647;
			files = (
			);
			inputPaths = (
			);
			outputPaths = (
			);
			runOnlyForDeploymentPostprocessing = 0;
			shellPath = /bin/sh;
			shellScript = "./Crashlytics.framework/run 2eb3b3edb3b0f4722d37d649a5af366656e46ddd d2ba51e7ded38c0a45cef17c3288994dc2f00032f3c076119f9fed034aeb154c";
		};
		E849E9FA1DD6461BA39AB99A /* Copy Pods Resources */ = {
			isa = PBXShellScriptBuildPhase;
			buildActionMask = 2147483647;
			files = (
			);
			inputPaths = (
			);
			name = "Copy Pods Resources";
			outputPaths = (
			);
			runOnlyForDeploymentPostprocessing = 0;
			shellPath = /bin/sh;
			shellScript = "\"${SRCROOT}/Pods/Pods-resources.sh\"\n";
			showEnvVarsInLog = 0;
		};
/* End PBXShellScriptBuildPhase section */

/* Begin PBXSourcesBuildPhase section */
		D9EB4E8718CB4A9400BB2094 /* Sources */ = {
			isa = PBXSourcesBuildPhase;
			buildActionMask = 2147483647;
			files = (
				D99DEC87190836D400FFD2B9 /* Item.m in Sources */,
				D9C7C1F018E26BBB0083F4E4 /* Egg.m in Sources */,
				D922F0B11925314500B197EA /* HRPGNetworkIndicatorController.m in Sources */,
				D97C71E418ECE09A0089FDC6 /* HRPGSpellViewController.m in Sources */,
				D922F0A8191C1F6B00B197EA /* HRPGUserBuyResponse.m in Sources */,
				D97C71F318F364950089FDC6 /* HRPGEquipmentViewController.m in Sources */,
				D9B5C0D518D5F94400C8D1B7 /* HRPGPartyViewController.m in Sources */,
				D9B5C0B118CCD1EA00C8D1B7 /* Task.m in Sources */,
				D98F5AF21905DE86002F8223 /* HRPGPartyMembersViewController.m in Sources */,
				D94AADB4192A30F900546C8E /* Spell.m in Sources */,
				D966557418FB129F0014C09D /* HRPGSettingsViewController.m in Sources */,
				D9E0869118DF800F00BAF2EF /* HRPGTavernViewController.m in Sources */,
				D97C71DB18EC98A30089FDC6 /* Quest.m in Sources */,
				D97C71ED18F32FEF0089FDC6 /* Gear.m in Sources */,
				D9B5C0AE18CCC87A00C8D1B7 /* HRPGManager.m in Sources */,
				D9EB4E9B18CB4A9400BB2094 /* main.m in Sources */,
				D92CDAE018CB83B90006C242 /* HRPGHabitTableViewController.m in Sources */,
				D99F15C0191027D90081836E /* HRPGBaseViewController.m in Sources */,
				D94AADBA192A5CE700546C8E /* HRPGSpellTabBarController.m in Sources */,
				D922F0AE19217C2300B197EA /* HRPGEmptySerializer.m in Sources */,
				D9B11C8C18D63D4E00AB4D23 /* HRPGTabBarController.m in Sources */,
				D99DEC8F190914AD00FFD2B9 /* HRPGQuestInvitationViewController.m in Sources */,
				D92CDADD18CB79E50006C242 /* HRPGTableViewController.m in Sources */,
				D9B5C0E118D602FC00C8D1B7 /* Group.m in Sources */,
				D9884B4519168AF00078BC7C /* HRPGProgressView.m in Sources */,
				D9EB4E9F18CB4A9400BB2094 /* HRPGAppDelegate.m in Sources */,
				D9C0003419290D5E003D4E4C /* HRPGActivityIndicatorOverlayView.m in Sources */,
				D92CDAEA18CB8C130006C242 /* HRPGFormViewController.m in Sources */,
				D9B5C0C018D5EFF400C8D1B7 /* ChecklistItem.m in Sources */,
				D9B5C0E718D62CC700C8D1B7 /* HRPGLoginViewController.m in Sources */,
				D98F5AEF1905C090002F8223 /* HRPGQuestParticipantsViewController.m in Sources */,
				D922F01F191BCC1600B197EA /* HRPGQuestDetailController.m in Sources */,
				D98F5AEC190566CA002F8223 /* User.m in Sources */,
				D9C7C1F318E280DE0083F4E4 /* HRPGRewardsViewController.m in Sources */,
				D922F0AB191D957D00B197EA /* HRPGDeathViewController.m in Sources */,
				D92CDAE718CB84000006C242 /* HRPGToDoTableViewController.m in Sources */,
				D99DEC841908313D00FFD2B9 /* HRPGItemViewController.m in Sources */,
				D9B5C0CF18D5F4D400C8D1B7 /* Tag.m in Sources */,
				D92CDAE418CB83EF0006C242 /* HRPGDailyTableViewController.m in Sources */,
				D94AADB7192A56E800546C8E /* HRPGSpellTaskController.m in Sources */,
				D97C71E118ECA7050089FDC6 /* ChatMessage.m in Sources */,
				D908B3831903515B00D32A75 /* HRPGSwipeTableViewCell.m in Sources */,
				D9B5C0B718D5C07100C8D1B7 /* HRPGProfileViewController.m in Sources */,
				D96038371930F90E0025EAEC /* HRPGMessageViewController.m in Sources */,
				D9B5C0EA18D6320D00C8D1B7 /* HRPGLoginData.m in Sources */,
				D97C71EA18F32FEE0089FDC6 /* Reward.m in Sources */,
				D9C000301928F83E003D4E4C /* HRPGRoundProgressView.m in Sources */,
				D97C71E718F32FED0089FDC6 /* Potion.m in Sources */,
				D9B5C0E418D610E300C8D1B7 /* HRPGTaskResponse.m in Sources */,
				D97C71F018F32FEF0089FDC6 /* MetaReward.m in Sources */,
				D94AADB0192973CD00546C8E /* HabitRPG.xcdatamodeld in Sources */,
				D97C71DE18EC98A40089FDC6 /* QuestCollect.m in Sources */,
			);
			runOnlyForDeploymentPostprocessing = 0;
		};
		D9EB4EAE18CB4A9400BB2094 /* Sources */ = {
			isa = PBXSourcesBuildPhase;
			buildActionMask = 2147483647;
			files = (
				D9EB4EC018CB4A9400BB2094 /* HabitRPGTests.m in Sources */,
			);
			runOnlyForDeploymentPostprocessing = 0;
		};
/* End PBXSourcesBuildPhase section */

/* Begin PBXTargetDependency section */
		D9EB4EB818CB4A9400BB2094 /* PBXTargetDependency */ = {
			isa = PBXTargetDependency;
			target = D9EB4E8A18CB4A9400BB2094 /* RabbitRPG */;
			targetProxy = D9EB4EB718CB4A9400BB2094 /* PBXContainerItemProxy */;
		};
/* End PBXTargetDependency section */

/* Begin PBXVariantGroup section */
		D9EB4E9718CB4A9400BB2094 /* InfoPlist.strings */ = {
			isa = PBXVariantGroup;
			children = (
				D9EB4E9818CB4A9400BB2094 /* en */,
			);
			name = InfoPlist.strings;
			sourceTree = "<group>";
		};
		D9EB4EA018CB4A9400BB2094 /* Main_iPhone.storyboard */ = {
			isa = PBXVariantGroup;
			children = (
				D9EB4EA118CB4A9400BB2094 /* Base */,
			);
			name = Main_iPhone.storyboard;
			sourceTree = "<group>";
		};
		D9EB4EA318CB4A9400BB2094 /* Main_iPad.storyboard */ = {
			isa = PBXVariantGroup;
			children = (
				D9EB4EA418CB4A9400BB2094 /* Base */,
			);
			name = Main_iPad.storyboard;
			sourceTree = "<group>";
		};
		D9EB4EBC18CB4A9400BB2094 /* InfoPlist.strings */ = {
			isa = PBXVariantGroup;
			children = (
				D9EB4EBD18CB4A9400BB2094 /* en */,
			);
			name = InfoPlist.strings;
			sourceTree = "<group>";
		};
/* End PBXVariantGroup section */

/* Begin XCBuildConfiguration section */
		D9EB4EC118CB4A9400BB2094 /* Debug */ = {
			isa = XCBuildConfiguration;
			buildSettings = {
				ALWAYS_SEARCH_USER_PATHS = NO;
				ARCHS = "$(ARCHS_STANDARD_INCLUDING_64_BIT)";
				CLANG_CXX_LANGUAGE_STANDARD = "gnu++0x";
				CLANG_CXX_LIBRARY = "libc++";
				CLANG_ENABLE_MODULES = YES;
				CLANG_ENABLE_OBJC_ARC = YES;
				CLANG_WARN_BOOL_CONVERSION = YES;
				CLANG_WARN_CONSTANT_CONVERSION = YES;
				CLANG_WARN_DIRECT_OBJC_ISA_USAGE = YES_ERROR;
				CLANG_WARN_EMPTY_BODY = YES;
				CLANG_WARN_ENUM_CONVERSION = YES;
				CLANG_WARN_INT_CONVERSION = YES;
				CLANG_WARN_OBJC_ROOT_CLASS = YES_ERROR;
				CLANG_WARN__DUPLICATE_METHOD_MATCH = YES;
				"CODE_SIGN_IDENTITY[sdk=iphoneos*]" = "iPhone Developer";
				COPY_PHASE_STRIP = NO;
				GCC_C_LANGUAGE_STANDARD = gnu99;
				GCC_DYNAMIC_NO_PIC = NO;
				GCC_OPTIMIZATION_LEVEL = 0;
				GCC_PREPROCESSOR_DEFINITIONS = (
					"DEBUG=1",
					"$(inherited)",
				);
				GCC_SYMBOLS_PRIVATE_EXTERN = NO;
				GCC_WARN_64_TO_32_BIT_CONVERSION = YES;
				GCC_WARN_ABOUT_RETURN_TYPE = YES_ERROR;
				GCC_WARN_UNDECLARED_SELECTOR = YES;
				GCC_WARN_UNINITIALIZED_AUTOS = YES;
				GCC_WARN_UNUSED_FUNCTION = YES;
				GCC_WARN_UNUSED_VARIABLE = YES;
				IPHONEOS_DEPLOYMENT_TARGET = 7.0;
				ONLY_ACTIVE_ARCH = YES;
				SDKROOT = iphoneos;
				TARGETED_DEVICE_FAMILY = "1,2";
			};
			name = Debug;
		};
		D9EB4EC218CB4A9400BB2094 /* Release */ = {
			isa = XCBuildConfiguration;
			buildSettings = {
				ALWAYS_SEARCH_USER_PATHS = NO;
				ARCHS = "$(ARCHS_STANDARD_INCLUDING_64_BIT)";
				CLANG_CXX_LANGUAGE_STANDARD = "gnu++0x";
				CLANG_CXX_LIBRARY = "libc++";
				CLANG_ENABLE_MODULES = YES;
				CLANG_ENABLE_OBJC_ARC = YES;
				CLANG_WARN_BOOL_CONVERSION = YES;
				CLANG_WARN_CONSTANT_CONVERSION = YES;
				CLANG_WARN_DIRECT_OBJC_ISA_USAGE = YES_ERROR;
				CLANG_WARN_EMPTY_BODY = YES;
				CLANG_WARN_ENUM_CONVERSION = YES;
				CLANG_WARN_INT_CONVERSION = YES;
				CLANG_WARN_OBJC_ROOT_CLASS = YES_ERROR;
				CLANG_WARN__DUPLICATE_METHOD_MATCH = YES;
				"CODE_SIGN_IDENTITY[sdk=iphoneos*]" = "iPhone Developer";
				COPY_PHASE_STRIP = YES;
				ENABLE_NS_ASSERTIONS = NO;
				GCC_C_LANGUAGE_STANDARD = gnu99;
				GCC_WARN_64_TO_32_BIT_CONVERSION = YES;
				GCC_WARN_ABOUT_RETURN_TYPE = YES_ERROR;
				GCC_WARN_UNDECLARED_SELECTOR = YES;
				GCC_WARN_UNINITIALIZED_AUTOS = YES;
				GCC_WARN_UNUSED_FUNCTION = YES;
				GCC_WARN_UNUSED_VARIABLE = YES;
				IPHONEOS_DEPLOYMENT_TARGET = 7.0;
				SDKROOT = iphoneos;
				TARGETED_DEVICE_FAMILY = "1,2";
				VALIDATE_PRODUCT = YES;
			};
			name = Release;
		};
		D9EB4EC418CB4A9400BB2094 /* Debug */ = {
			isa = XCBuildConfiguration;
			baseConfigurationReference = E55E45210D0A48989E0A671E /* Pods.xcconfig */;
			buildSettings = {
				ASSETCATALOG_COMPILER_APPICON_NAME = AppIcon;
				ASSETCATALOG_COMPILER_LAUNCHIMAGE_NAME = LaunchImage;
				FRAMEWORK_SEARCH_PATHS = (
					"$(inherited)",
					"$(PROJECT_DIR)/HabitRPG",
					"$(PROJECT_DIR)",
					"$(PODS_ROOT)/HockeySDK/Vendor",
					"$(PROJECT_DIR)/HockeySDK-iOS/HockeySDK.embeddedframework",
					"$(PROJECT_DIR)/HabitRPG/HockeySDK-iOS/HockeySDK.embeddedframework",
				);
				GCC_PRECOMPILE_PREFIX_HEADER = YES;
				GCC_PREFIX_HEADER = "HabitRPG/RabbitRPG-Prefix.pch";
				HEADER_SEARCH_PATHS = (
					"\"${PODS_ROOT}/Headers\"",
					"\"${PODS_ROOT}/Headers/AFNetworking\"",
					"\"${PODS_ROOT}/Headers/CRToast\"",
					"\"${PODS_ROOT}/Headers/CTFeedback\"",
					"\"${PODS_ROOT}/Headers/FontAwesomeIconFactory\"",
					"\"${PODS_ROOT}/Headers/ISO8601DateFormatterValueTransformer\"",
					"\"${PODS_ROOT}/Headers/MCSwipeTableViewCell\"",
					"\"${PODS_ROOT}/Headers/NSDate+TimeAgo\"",
					"\"${PODS_ROOT}/Headers/NSString+Emoji\"",
					"\"${PODS_ROOT}/Headers/PDKeychainBindingsController\"",
					"\"${PODS_ROOT}/Headers/RKValueTransformers\"",
					"\"${PODS_ROOT}/Headers/RestKit\"",
					"\"${PODS_ROOT}/Headers/RestKit/CoreData\"",
					"\"${PODS_ROOT}/Headers/RestKit/Network\"",
					"\"${PODS_ROOT}/Headers/RestKit/ObjectMapping\"",
					"\"${PODS_ROOT}/Headers/RestKit/Support\"",
					"\"${PODS_ROOT}/Headers/SDWebImage\"",
					"\"${PODS_ROOT}/Headers/SOCKit\"",
					"\"${PODS_ROOT}/Headers/TransitionKit\"",
					"\"${PODS_ROOT}/Headers/VTAcknowledgementsViewController\"",
					"\"${PODS_ROOT}/Headers/Vendor/LibComponentLogging/Core\"",
					"\"${PODS_ROOT}/Headers/Vendor/LibComponentLogging/NSLog\"",
				);
				INFOPLIST_FILE = "HabitRPG/RabbitRPG-Info.plist";
				IPHONEOS_DEPLOYMENT_TARGET = 7.1;
				OTHER_LDFLAGS = (
					"-ObjC",
					"-framework",
					CFNetwork,
					"-framework",
					CoreData,
					"-framework",
					CoreGraphics,
					"-framework",
					CoreText,
					"-framework",
					ImageIO,
					"-framework",
					MessageUI,
					"-framework",
					MobileCoreServices,
					"-framework",
					Security,
					"-framework",
					SystemConfiguration,
					"-framework",
					UIKit,
				);
				PRODUCT_NAME = RabbitRPG;
				TARGETED_DEVICE_FAMILY = 1;
				USER_HEADER_SEARCH_PATHS = "\"${PROJECT_DIR}/Pods\"/**";
				WRAPPER_EXTENSION = app;
			};
			name = Debug;
		};
		D9EB4EC518CB4A9400BB2094 /* Release */ = {
			isa = XCBuildConfiguration;
			baseConfigurationReference = E55E45210D0A48989E0A671E /* Pods.xcconfig */;
			buildSettings = {
				ASSETCATALOG_COMPILER_APPICON_NAME = AppIcon;
				ASSETCATALOG_COMPILER_LAUNCHIMAGE_NAME = LaunchImage;
				FRAMEWORK_SEARCH_PATHS = (
					"$(inherited)",
					"$(PROJECT_DIR)/HabitRPG",
					"$(PROJECT_DIR)",
					"$(PODS_ROOT)/HockeySDK/Vendor",
					"$(PROJECT_DIR)/HockeySDK-iOS/HockeySDK.embeddedframework",
					"$(PROJECT_DIR)/HabitRPG/HockeySDK-iOS/HockeySDK.embeddedframework",
				);
				GCC_PRECOMPILE_PREFIX_HEADER = YES;
				GCC_PREFIX_HEADER = "HabitRPG/RabbitRPG-Prefix.pch";
				HEADER_SEARCH_PATHS = (
					"\"${PODS_ROOT}/Headers\"",
					"\"${PODS_ROOT}/Headers/AFNetworking\"",
					"\"${PODS_ROOT}/Headers/CRToast\"",
					"\"${PODS_ROOT}/Headers/CTFeedback\"",
					"\"${PODS_ROOT}/Headers/FontAwesomeIconFactory\"",
					"\"${PODS_ROOT}/Headers/ISO8601DateFormatterValueTransformer\"",
					"\"${PODS_ROOT}/Headers/MCSwipeTableViewCell\"",
					"\"${PODS_ROOT}/Headers/NSDate+TimeAgo\"",
					"\"${PODS_ROOT}/Headers/NSString+Emoji\"",
					"\"${PODS_ROOT}/Headers/PDKeychainBindingsController\"",
					"\"${PODS_ROOT}/Headers/RKValueTransformers\"",
					"\"${PODS_ROOT}/Headers/RestKit\"",
					"\"${PODS_ROOT}/Headers/RestKit/CoreData\"",
					"\"${PODS_ROOT}/Headers/RestKit/Network\"",
					"\"${PODS_ROOT}/Headers/RestKit/ObjectMapping\"",
					"\"${PODS_ROOT}/Headers/RestKit/Support\"",
					"\"${PODS_ROOT}/Headers/SDWebImage\"",
					"\"${PODS_ROOT}/Headers/SOCKit\"",
					"\"${PODS_ROOT}/Headers/TransitionKit\"",
					"\"${PODS_ROOT}/Headers/VTAcknowledgementsViewController\"",
					"\"${PODS_ROOT}/Headers/Vendor/LibComponentLogging/Core\"",
					"\"${PODS_ROOT}/Headers/Vendor/LibComponentLogging/NSLog\"",
				);
				INFOPLIST_FILE = "HabitRPG/RabbitRPG-Info.plist";
				IPHONEOS_DEPLOYMENT_TARGET = 7.1;
				OTHER_LDFLAGS = (
					"-ObjC",
					"-framework",
					CFNetwork,
					"-framework",
					CoreData,
					"-framework",
					CoreGraphics,
					"-framework",
					CoreText,
					"-framework",
					ImageIO,
					"-framework",
					MessageUI,
					"-framework",
					MobileCoreServices,
					"-framework",
					Security,
					"-framework",
					SystemConfiguration,
					"-framework",
					UIKit,
				);
				PRODUCT_NAME = RabbitRPG;
				TARGETED_DEVICE_FAMILY = 1;
				USER_HEADER_SEARCH_PATHS = "\"${PROJECT_DIR}/Pods\"/**";
				WRAPPER_EXTENSION = app;
			};
			name = Release;
		};
		D9EB4EC718CB4A9400BB2094 /* Debug */ = {
			isa = XCBuildConfiguration;
			buildSettings = {
				ARCHS = "$(ARCHS_STANDARD_INCLUDING_64_BIT)";
				BUNDLE_LOADER = "$(BUILT_PRODUCTS_DIR)/HabitRPG.app/HabitRPG";
				FRAMEWORK_SEARCH_PATHS = (
					"$(SDKROOT)/Developer/Library/Frameworks",
					"$(inherited)",
					"$(DEVELOPER_FRAMEWORKS_DIR)",
				);
				GCC_PRECOMPILE_PREFIX_HEADER = YES;
				GCC_PREFIX_HEADER = "HabitRPG/HabitRPG-Prefix.pch";
				GCC_PREPROCESSOR_DEFINITIONS = (
					"DEBUG=1",
					"$(inherited)",
				);
				INFOPLIST_FILE = "HabitRPGTests/RabbitRPGTests-Info.plist";
				PRODUCT_NAME = RabbitRPGTests;
				TEST_HOST = "$(BUNDLE_LOADER)";
				WRAPPER_EXTENSION = xctest;
			};
			name = Debug;
		};
		D9EB4EC818CB4A9400BB2094 /* Release */ = {
			isa = XCBuildConfiguration;
			buildSettings = {
				ARCHS = "$(ARCHS_STANDARD_INCLUDING_64_BIT)";
				BUNDLE_LOADER = "$(BUILT_PRODUCTS_DIR)/HabitRPG.app/HabitRPG";
				FRAMEWORK_SEARCH_PATHS = (
					"$(SDKROOT)/Developer/Library/Frameworks",
					"$(inherited)",
					"$(DEVELOPER_FRAMEWORKS_DIR)",
				);
				GCC_PRECOMPILE_PREFIX_HEADER = YES;
				GCC_PREFIX_HEADER = "HabitRPG/HabitRPG-Prefix.pch";
				INFOPLIST_FILE = "HabitRPGTests/RabbitRPGTests-Info.plist";
				PRODUCT_NAME = RabbitRPGTests;
				TEST_HOST = "$(BUNDLE_LOADER)";
				WRAPPER_EXTENSION = xctest;
			};
			name = Release;
		};
/* End XCBuildConfiguration section */

/* Begin XCConfigurationList section */
		D9EB4E8618CB4A9400BB2094 /* Build configuration list for PBXProject "RabbitRPG" */ = {
			isa = XCConfigurationList;
			buildConfigurations = (
				D9EB4EC118CB4A9400BB2094 /* Debug */,
				D9EB4EC218CB4A9400BB2094 /* Release */,
			);
			defaultConfigurationIsVisible = 0;
			defaultConfigurationName = Release;
		};
		D9EB4EC318CB4A9400BB2094 /* Build configuration list for PBXNativeTarget "RabbitRPG" */ = {
			isa = XCConfigurationList;
			buildConfigurations = (
				D9EB4EC418CB4A9400BB2094 /* Debug */,
				D9EB4EC518CB4A9400BB2094 /* Release */,
			);
			defaultConfigurationIsVisible = 0;
			defaultConfigurationName = Release;
		};
		D9EB4EC618CB4A9400BB2094 /* Build configuration list for PBXNativeTarget "RabbitRPGTests" */ = {
			isa = XCConfigurationList;
			buildConfigurations = (
				D9EB4EC718CB4A9400BB2094 /* Debug */,
				D9EB4EC818CB4A9400BB2094 /* Release */,
			);
			defaultConfigurationIsVisible = 0;
			defaultConfigurationName = Release;
		};
/* End XCConfigurationList section */

/* Begin XCVersionGroup section */
		D94AADAE192973CD00546C8E /* HabitRPG.xcdatamodeld */ = {
			isa = XCVersionGroup;
			children = (
				D94AADB1192974AD00546C8E /* HabitRPG 2.xcdatamodel */,
				D94AADAF192973CD00546C8E /* HabitRPG.xcdatamodel */,
			);
			currentVersion = D94AADB1192974AD00546C8E /* HabitRPG 2.xcdatamodel */;
			path = HabitRPG.xcdatamodeld;
			sourceTree = "<group>";
			versionGroupType = wrapper.xcdatamodel;
		};
/* End XCVersionGroup section */
	};
	rootObject = D9EB4E8318CB4A9400BB2094 /* Project object */;
}
