// !$*UTF8*$!
{
	archiveVersion = 1;
	classes = {
	};
	objectVersion = 48;
	objects = {

/* Begin PBXBuildFile section */
		175E06DDF89F66BE894D1E3E /* Pods_Habitica_Database.framework in Frameworks */ = {isa = PBXBuildFile; fileRef = D821314C12B6448718FD4120 /* Pods_Habitica_Database.framework */; };
		290279602057E957006DACB9 /* RealmFAQEntry.swift in Sources */ = {isa = PBXBuildFile; fileRef = 2902795F2057E957006DACB9 /* RealmFAQEntry.swift */; };
		2902797B2058107E006DACB9 /* RealmBuff.swift in Sources */ = {isa = PBXBuildFile; fileRef = 2902797A2058107E006DACB9 /* RealmBuff.swift */; };
		2902797D2058134D006DACB9 /* InventoryLocalRepository.swift in Sources */ = {isa = PBXBuildFile; fileRef = 2902797C2058134D006DACB9 /* InventoryLocalRepository.swift */; };
		290279892058344B006DACB9 /* RealmWorldState.swift in Sources */ = {isa = PBXBuildFile; fileRef = 290279882058344B006DACB9 /* RealmWorldState.swift */; };
		2902798B20583479006DACB9 /* RealmQuestState.swift in Sources */ = {isa = PBXBuildFile; fileRef = 2902798A20583479006DACB9 /* RealmQuestState.swift */; };
		2902798D205834A3006DACB9 /* RealmQuestProgress.swift in Sources */ = {isa = PBXBuildFile; fileRef = 2902798C205834A3006DACB9 /* RealmQuestProgress.swift */; };
		290B6247207397E1007287C4 /* RealmGroupMembership.swift in Sources */ = {isa = PBXBuildFile; fileRef = 290B6246207397E1007287C4 /* RealmGroupMembership.swift */; };
		290B62562073D99E007287C4 /* RealmInbox.swift in Sources */ = {isa = PBXBuildFile; fileRef = 290B62552073D99E007287C4 /* RealmInbox.swift */; };
		290B62582073DA41007287C4 /* RealmPushNotifications.swift in Sources */ = {isa = PBXBuildFile; fileRef = 290B62572073DA41007287C4 /* RealmPushNotifications.swift */; };
		290B6267207B990D007287C4 /* RealmAuthenticationTimestamps.swift in Sources */ = {isa = PBXBuildFile; fileRef = 290B6266207B990D007287C4 /* RealmAuthenticationTimestamps.swift */; };
		290B6269207B9987007287C4 /* RealmLocalAuthentication.swift in Sources */ = {isa = PBXBuildFile; fileRef = 290B6268207B9987007287C4 /* RealmLocalAuthentication.swift */; };
		290B626B207B9A60007287C4 /* RealmAuthentication.swift in Sources */ = {isa = PBXBuildFile; fileRef = 290B626A207B9A60007287C4 /* RealmAuthentication.swift */; };
		290B628D207E174C007287C4 /* RealmMember.swift in Sources */ = {isa = PBXBuildFile; fileRef = 290B628C207E174C007287C4 /* RealmMember.swift */; };
		290B629E207F7F34007287C4 /* RealmOwnedGear.swift in Sources */ = {isa = PBXBuildFile; fileRef = 290B629D207F7F34007287C4 /* RealmOwnedGear.swift */; };
		290C3026206B96320066AF5B /* RealmOwnedItem.swift in Sources */ = {isa = PBXBuildFile; fileRef = 290C3025206B96320066AF5B /* RealmOwnedItem.swift */; };
		290C3048206D47A30066AF5B /* SocialLocalRepository.swift in Sources */ = {isa = PBXBuildFile; fileRef = 290C3047206D47A30066AF5B /* SocialLocalRepository.swift */; };
		29144892208A1BD000F3A6B5 /* RealmHair.swift in Sources */ = {isa = PBXBuildFile; fileRef = 29144891208A1BD000F3A6B5 /* RealmHair.swift */; };
		291448A2208A3ACD00F3A6B5 /* RealmCustomization.swift in Sources */ = {isa = PBXBuildFile; fileRef = 291448A1208A3ACD00F3A6B5 /* RealmCustomization.swift */; };
		291448A4208A3B4A00F3A6B5 /* RealmCustomizationSet.swift in Sources */ = {isa = PBXBuildFile; fileRef = 291448A3208A3B4A00F3A6B5 /* RealmCustomizationSet.swift */; };
		291448A6208A3C7100F3A6B5 /* CustomizationLocalRepository.swift in Sources */ = {isa = PBXBuildFile; fileRef = 291448A5208A3C7000F3A6B5 /* CustomizationLocalRepository.swift */; };
		291DE97C209B44BB0073182A /* RealmQuestParticipant.swift in Sources */ = {isa = PBXBuildFile; fileRef = 291DE97B209B44BB0073182A /* RealmQuestParticipant.swift */; };
		291E95B3209887BF006EE585 /* RealmUserParty.swift in Sources */ = {isa = PBXBuildFile; fileRef = 291E95B2209887BF006EE585 /* RealmUserParty.swift */; };
		2927269E20B6FE31009DD08A /* RealmChallenge.swift in Sources */ = {isa = PBXBuildFile; fileRef = 2927269D20B6FE31009DD08A /* RealmChallenge.swift */; };
		292726A020B6FE50009DD08A /* RealmChallengeCategory.swift in Sources */ = {isa = PBXBuildFile; fileRef = 2927269F20B6FE50009DD08A /* RealmChallengeCategory.swift */; };
		292726B220B7043C009DD08A /* RealmChallengeMembership.swift in Sources */ = {isa = PBXBuildFile; fileRef = 292726B120B7043C009DD08A /* RealmChallengeMembership.swift */; };
		292844E520DD16BE0011DC43 /* RealmGroupInvitation.swift in Sources */ = {isa = PBXBuildFile; fileRef = 292844E420DD16BE0011DC43 /* RealmGroupInvitation.swift */; };
		292DEE3F204D9D810086D5F7 /* Habitica_API_Client.framework in Frameworks */ = {isa = PBXBuildFile; fileRef = 292DEE40204D9D810086D5F7 /* Habitica_API_Client.framework */; };
		292DEE41204D9D860086D5F7 /* Habitica_Models.framework in Frameworks */ = {isa = PBXBuildFile; fileRef = 292DEE42204D9D860086D5F7 /* Habitica_Models.framework */; };
		292DEE66204DCB010086D5F7 /* BaseLocalRepository.swift in Sources */ = {isa = PBXBuildFile; fileRef = 292DEE65204DCB010086D5F7 /* BaseLocalRepository.swift */; };
		292DEE68204DCCB40086D5F7 /* TaskLocalRepository.swift in Sources */ = {isa = PBXBuildFile; fileRef = 292DEE67204DCCB40086D5F7 /* TaskLocalRepository.swift */; };
		292DEE6B204DCF2E0086D5F7 /* RealmTask.swift in Sources */ = {isa = PBXBuildFile; fileRef = 292DEE6A204DCF2E0086D5F7 /* RealmTask.swift */; };
		292DEE6E204DD94E0086D5F7 /* ReactiveRealm.swift in Sources */ = {isa = PBXBuildFile; fileRef = 292DEE6D204DD94E0086D5F7 /* ReactiveRealm.swift */; };
		292DEE80204E3A000086D5F7 /* RealmTag.swift in Sources */ = {isa = PBXBuildFile; fileRef = 292DEE7F204E3A000086D5F7 /* RealmTag.swift */; };
		292DEE84204E41AF0086D5F7 /* RealmChecklistItem.swift in Sources */ = {isa = PBXBuildFile; fileRef = 292DEE83204E41AF0086D5F7 /* RealmChecklistItem.swift */; };
		292DEE8A204E49600086D5F7 /* RealmReminder.swift in Sources */ = {isa = PBXBuildFile; fileRef = 292DEE89204E49600086D5F7 /* RealmReminder.swift */; };
		292F965E206E306E00804151 /* RealmGroup.swift in Sources */ = {isa = PBXBuildFile; fileRef = 292F965D206E306E00804151 /* RealmGroup.swift */; };
		292F9660206E307800804151 /* RealmChatMessage.swift in Sources */ = {isa = PBXBuildFile; fileRef = 292F965F206E307800804151 /* RealmChatMessage.swift */; };
		292F967820722BB300804151 /* RealmChatMessageReaction.swift in Sources */ = {isa = PBXBuildFile; fileRef = 292F967720722BB300804151 /* RealmChatMessageReaction.swift */; };
		292F967A20722C4B00804151 /* RealmUserStyle.swift in Sources */ = {isa = PBXBuildFile; fileRef = 292F967920722C4B00804151 /* RealmUserStyle.swift */; };
		29323E1D2050537700AC6D6F /* UserLocalRepository.swift in Sources */ = {isa = PBXBuildFile; fileRef = 29323E1C2050537700AC6D6F /* UserLocalRepository.swift */; };
		29323E312051FA8000AC6D6F /* RealmUser.swift in Sources */ = {isa = PBXBuildFile; fileRef = 29323E302051FA8000AC6D6F /* RealmUser.swift */; };
		29323E332051FA8700AC6D6F /* RealmStats.swift in Sources */ = {isa = PBXBuildFile; fileRef = 29323E322051FA8700AC6D6F /* RealmStats.swift */; };
		29323E3D205213EF00AC6D6F /* RealmFlags.swift in Sources */ = {isa = PBXBuildFile; fileRef = 29323E3C205213EF00AC6D6F /* RealmFlags.swift */; };
		29323E3F2052142600AC6D6F /* RealmPreferences.swift in Sources */ = {isa = PBXBuildFile; fileRef = 29323E3E2052142600AC6D6F /* RealmPreferences.swift */; };
		29323E412052145900AC6D6F /* RealmProfile.swift in Sources */ = {isa = PBXBuildFile; fileRef = 29323E402052145900AC6D6F /* RealmProfile.swift */; };
		29323E4520521ABC00AC6D6F /* RealmContributor.swift in Sources */ = {isa = PBXBuildFile; fileRef = 29323E4420521ABC00AC6D6F /* RealmContributor.swift */; };
		29323E582052F8BC00AC6D6F /* RealmUserItems.swift in Sources */ = {isa = PBXBuildFile; fileRef = 29323E572052F8BC00AC6D6F /* RealmUserItems.swift */; };
		29323E5A2052F8C200AC6D6F /* RealmOutfit.swift in Sources */ = {isa = PBXBuildFile; fileRef = 29323E592052F8C200AC6D6F /* RealmOutfit.swift */; };
		29323E5C2052F8E900AC6D6F /* RealmUserGear.swift in Sources */ = {isa = PBXBuildFile; fileRef = 29323E5B2052F8E900AC6D6F /* RealmUserGear.swift */; };
		295611122056EC5C00D9711A /* RealmSkill.swift in Sources */ = {isa = PBXBuildFile; fileRef = 295611112056EC5C00D9711A /* RealmSkill.swift */; };
		295611142056ECA400D9711A /* ContentLocalRepository.swift in Sources */ = {isa = PBXBuildFile; fileRef = 295611132056ECA400D9711A /* ContentLocalRepository.swift */; };
		295611182057C8EB00D9711A /* RealmItem.swift in Sources */ = {isa = PBXBuildFile; fileRef = 295611172057C8EB00D9711A /* RealmItem.swift */; };
		2956111A2057C93200D9711A /* RealmFood.swift in Sources */ = {isa = PBXBuildFile; fileRef = 295611192057C93200D9711A /* RealmFood.swift */; };
		2956111C2057C98300D9711A /* RealmEgg.swift in Sources */ = {isa = PBXBuildFile; fileRef = 2956111B2057C98300D9711A /* RealmEgg.swift */; };
		2956111E2057C9B100D9711A /* RealmHatchingPotion.swift in Sources */ = {isa = PBXBuildFile; fileRef = 2956111D2057C9B100D9711A /* RealmHatchingPotion.swift */; };
		295611202057D48A00D9711A /* RealmGear.swift in Sources */ = {isa = PBXBuildFile; fileRef = 2956111F2057D48A00D9711A /* RealmGear.swift */; };
		295611222057D60F00D9711A /* RealmQuest.swift in Sources */ = {isa = PBXBuildFile; fileRef = 295611212057D60F00D9711A /* RealmQuest.swift */; };
		295611242057D65500D9711A /* RealmQuestBoss.swift in Sources */ = {isa = PBXBuildFile; fileRef = 295611232057D65500D9711A /* RealmQuestBoss.swift */; };
		295611262057D77600D9711A /* RealmQuestCollect.swift in Sources */ = {isa = PBXBuildFile; fileRef = 295611252057D77600D9711A /* RealmQuestCollect.swift */; };
		295BC6F4226F3D8200DDDF1A /* RealmNotification.swift in Sources */ = {isa = PBXBuildFile; fileRef = 295BC6F3226F3D8200DDDF1A /* RealmNotification.swift */; };
		295D430420973A3F00948E7E /* RealmTutorialStep.swift in Sources */ = {isa = PBXBuildFile; fileRef = 295D430320973A3F00948E7E /* RealmTutorialStep.swift */; };
		295E9DBF20B2C8CF00D58D45 /* RealmQuestBossRage.swift in Sources */ = {isa = PBXBuildFile; fileRef = 295E9DBE20B2C8CF00D58D45 /* RealmQuestBossRage.swift */; };
		295E9DEC20B3326700D58D45 /* RealmShop.swift in Sources */ = {isa = PBXBuildFile; fileRef = 295E9DEB20B3326700D58D45 /* RealmShop.swift */; };
		295E9DEE20B3331500D58D45 /* RealmShopCategory.swift in Sources */ = {isa = PBXBuildFile; fileRef = 295E9DED20B3331500D58D45 /* RealmShopCategory.swift */; };
		295E9DF820B479A700D58D45 /* RealmQuestColors.swift in Sources */ = {isa = PBXBuildFile; fileRef = 295E9DF720B479A700D58D45 /* RealmQuestColors.swift */; };
		296AC81E20ADDC5900885682 /* RealmInAppReward.swift in Sources */ = {isa = PBXBuildFile; fileRef = 296AC81D20ADDC5900885682 /* RealmInAppReward.swift */; };
		2974BDA3208E176700EC1A25 /* RealmPurchased.swift in Sources */ = {isa = PBXBuildFile; fileRef = 2974BDA2208E176700EC1A25 /* RealmPurchased.swift */; };
		2974BDA5208E180100EC1A25 /* RealmOwnedCustomization.swift in Sources */ = {isa = PBXBuildFile; fileRef = 2974BDA4208E180100EC1A25 /* RealmOwnedCustomization.swift */; };
		2974BDA7208E1A5100EC1A25 /* RealmSubscriptionPlan.swift in Sources */ = {isa = PBXBuildFile; fileRef = 2974BDA6208E1A5100EC1A25 /* RealmSubscriptionPlan.swift */; };
		2974BDA9208E1AFB00EC1A25 /* RealmSubscriptionConsecutive.swift in Sources */ = {isa = PBXBuildFile; fileRef = 2974BDA8208E1AFB00EC1A25 /* RealmSubscriptionConsecutive.swift */; };
		2974BDB020908BE500EC1A25 /* RealmInboxMessage.swift in Sources */ = {isa = PBXBuildFile; fileRef = 2974BDAF20908BE500EC1A25 /* RealmInboxMessage.swift */; };
		298CB21320AF0B22006DA349 /* RealmQuestDrop.swift in Sources */ = {isa = PBXBuildFile; fileRef = 298CB21220AF0B22006DA349 /* RealmQuestDrop.swift */; };
		298CB21520AF0B3A006DA349 /* RealmQuestDropItem.swift in Sources */ = {isa = PBXBuildFile; fileRef = 298CB21420AF0B3A006DA349 /* RealmQuestDropItem.swift */; };
		298FB9B6204D9338004DDACC /* Habitica_Database.framework in Frameworks */ = {isa = PBXBuildFile; fileRef = 298FB9AC204D9338004DDACC /* Habitica_Database.framework */; };
		298FB9BB204D9338004DDACC /* Habitica_DatabaseTests.swift in Sources */ = {isa = PBXBuildFile; fileRef = 298FB9BA204D9338004DDACC /* Habitica_DatabaseTests.swift */; };
		298FB9BD204D9338004DDACC /* Habitica_Database.h in Headers */ = {isa = PBXBuildFile; fileRef = 298FB9AF204D9338004DDACC /* Habitica_Database.h */; settings = {ATTRIBUTES = (Public, ); }; };
		29990DAE20E3E6DE001ADD8B /* RealmQuestProgressCollect.swift in Sources */ = {isa = PBXBuildFile; fileRef = 29990DAD20E3E6DE001ADD8B /* RealmQuestProgressCollect.swift */; };
		29990DB820E51DFF001ADD8B /* RealmPushDevice.swift in Sources */ = {isa = PBXBuildFile; fileRef = 29990DB720E51DFF001ADD8B /* RealmPushDevice.swift */; };
		299FB282208496A500422522 /* RealmPet.swift in Sources */ = {isa = PBXBuildFile; fileRef = 299FB281208496A500422522 /* RealmPet.swift */; };
		299FB2842084975100422522 /* RealmMount.swift in Sources */ = {isa = PBXBuildFile; fileRef = 299FB2832084975100422522 /* RealmMount.swift */; };
		299FB29020849E7300422522 /* RealmOwnedPet.swift in Sources */ = {isa = PBXBuildFile; fileRef = 299FB28F20849E7300422522 /* RealmOwnedPet.swift */; };
		299FB29220849E9E00422522 /* RealmOwnedMount.swift in Sources */ = {isa = PBXBuildFile; fileRef = 299FB29120849E9E00422522 /* RealmOwnedMount.swift */; };
		299FB2982084A17A00422522 /* StableLocalRepository.swift in Sources */ = {isa = PBXBuildFile; fileRef = 299FB2972084A17A00422522 /* StableLocalRepository.swift */; };
		29A6B86C20690DF00086B2A6 /* RealmWeekRepeat.swift in Sources */ = {isa = PBXBuildFile; fileRef = 29A6B86B20690DF00086B2A6 /* RealmWeekRepeat.swift */; };
		29DBFEFB20CADB4100DF9CF2 /* RealmSpecialItem.swift in Sources */ = {isa = PBXBuildFile; fileRef = 29DBFEFA20CADB4100DF9CF2 /* RealmSpecialItem.swift */; };
		29DBFF0D20D15B0500DF9CF2 /* RealmUserNewMessages.swift in Sources */ = {isa = PBXBuildFile; fileRef = 29DBFF0C20D15B0500DF9CF2 /* RealmUserNewMessages.swift */; };
		EFA96FFA3536BF094D7B36B3 /* Pods_Habitica_DatabaseTests.framework in Frameworks */ = {isa = PBXBuildFile; fileRef = 930CE9895A927708C0C96A90 /* Pods_Habitica_DatabaseTests.framework */; };
/* End PBXBuildFile section */

/* Begin PBXContainerItemProxy section */
		298FB9B7204D9338004DDACC /* PBXContainerItemProxy */ = {
			isa = PBXContainerItemProxy;
			containerPortal = 298FB9A3204D9338004DDACC /* Project object */;
			proxyType = 1;
			remoteGlobalIDString = 298FB9AB204D9338004DDACC;
			remoteInfo = "Habitica Database";
		};
/* End PBXContainerItemProxy section */

/* Begin PBXFileReference section */
		1A9C077122E72759532BE95C /* Pods-Habitica Database.release.xcconfig */ = {isa = PBXFileReference; includeInIndex = 1; lastKnownFileType = text.xcconfig; name = "Pods-Habitica Database.release.xcconfig"; path = "../Pods/Target Support Files/Pods-Habitica Database/Pods-Habitica Database.release.xcconfig"; sourceTree = "<group>"; };
		1D84CF561C90D7C295416F02 /* Pods-Habitica DatabaseTests.release.xcconfig */ = {isa = PBXFileReference; includeInIndex = 1; lastKnownFileType = text.xcconfig; name = "Pods-Habitica DatabaseTests.release.xcconfig"; path = "../Pods/Target Support Files/Pods-Habitica DatabaseTests/Pods-Habitica DatabaseTests.release.xcconfig"; sourceTree = "<group>"; };
		2902795F2057E957006DACB9 /* RealmFAQEntry.swift */ = {isa = PBXFileReference; lastKnownFileType = sourcecode.swift; path = RealmFAQEntry.swift; sourceTree = "<group>"; };
		2902797A2058107E006DACB9 /* RealmBuff.swift */ = {isa = PBXFileReference; lastKnownFileType = sourcecode.swift; path = RealmBuff.swift; sourceTree = "<group>"; };
		2902797C2058134D006DACB9 /* InventoryLocalRepository.swift */ = {isa = PBXFileReference; lastKnownFileType = sourcecode.swift; path = InventoryLocalRepository.swift; sourceTree = "<group>"; };
		290279882058344B006DACB9 /* RealmWorldState.swift */ = {isa = PBXFileReference; lastKnownFileType = sourcecode.swift; path = RealmWorldState.swift; sourceTree = "<group>"; };
		2902798A20583479006DACB9 /* RealmQuestState.swift */ = {isa = PBXFileReference; lastKnownFileType = sourcecode.swift; path = RealmQuestState.swift; sourceTree = "<group>"; };
		2902798C205834A3006DACB9 /* RealmQuestProgress.swift */ = {isa = PBXFileReference; lastKnownFileType = sourcecode.swift; path = RealmQuestProgress.swift; sourceTree = "<group>"; };
		290B6246207397E1007287C4 /* RealmGroupMembership.swift */ = {isa = PBXFileReference; lastKnownFileType = sourcecode.swift; path = RealmGroupMembership.swift; sourceTree = "<group>"; };
		290B62552073D99E007287C4 /* RealmInbox.swift */ = {isa = PBXFileReference; lastKnownFileType = sourcecode.swift; path = RealmInbox.swift; sourceTree = "<group>"; };
		290B62572073DA41007287C4 /* RealmPushNotifications.swift */ = {isa = PBXFileReference; lastKnownFileType = sourcecode.swift; path = RealmPushNotifications.swift; sourceTree = "<group>"; };
		290B6266207B990D007287C4 /* RealmAuthenticationTimestamps.swift */ = {isa = PBXFileReference; lastKnownFileType = sourcecode.swift; path = RealmAuthenticationTimestamps.swift; sourceTree = "<group>"; };
		290B6268207B9987007287C4 /* RealmLocalAuthentication.swift */ = {isa = PBXFileReference; lastKnownFileType = sourcecode.swift; path = RealmLocalAuthentication.swift; sourceTree = "<group>"; };
		290B626A207B9A60007287C4 /* RealmAuthentication.swift */ = {isa = PBXFileReference; lastKnownFileType = sourcecode.swift; path = RealmAuthentication.swift; sourceTree = "<group>"; };
		290B628C207E174C007287C4 /* RealmMember.swift */ = {isa = PBXFileReference; lastKnownFileType = sourcecode.swift; path = RealmMember.swift; sourceTree = "<group>"; };
		290B629D207F7F34007287C4 /* RealmOwnedGear.swift */ = {isa = PBXFileReference; lastKnownFileType = sourcecode.swift; path = RealmOwnedGear.swift; sourceTree = "<group>"; };
		290C3025206B96320066AF5B /* RealmOwnedItem.swift */ = {isa = PBXFileReference; lastKnownFileType = sourcecode.swift; path = RealmOwnedItem.swift; sourceTree = "<group>"; };
		290C3047206D47A30066AF5B /* SocialLocalRepository.swift */ = {isa = PBXFileReference; lastKnownFileType = sourcecode.swift; path = SocialLocalRepository.swift; sourceTree = "<group>"; };
		29144891208A1BD000F3A6B5 /* RealmHair.swift */ = {isa = PBXFileReference; lastKnownFileType = sourcecode.swift; path = RealmHair.swift; sourceTree = "<group>"; };
		291448A1208A3ACD00F3A6B5 /* RealmCustomization.swift */ = {isa = PBXFileReference; lastKnownFileType = sourcecode.swift; path = RealmCustomization.swift; sourceTree = "<group>"; };
		291448A3208A3B4A00F3A6B5 /* RealmCustomizationSet.swift */ = {isa = PBXFileReference; lastKnownFileType = sourcecode.swift; path = RealmCustomizationSet.swift; sourceTree = "<group>"; };
		291448A5208A3C7000F3A6B5 /* CustomizationLocalRepository.swift */ = {isa = PBXFileReference; lastKnownFileType = sourcecode.swift; path = CustomizationLocalRepository.swift; sourceTree = "<group>"; };
		291DE97B209B44BB0073182A /* RealmQuestParticipant.swift */ = {isa = PBXFileReference; lastKnownFileType = sourcecode.swift; path = RealmQuestParticipant.swift; sourceTree = "<group>"; };
		291E95B2209887BF006EE585 /* RealmUserParty.swift */ = {isa = PBXFileReference; lastKnownFileType = sourcecode.swift; path = RealmUserParty.swift; sourceTree = "<group>"; };
		2927269D20B6FE31009DD08A /* RealmChallenge.swift */ = {isa = PBXFileReference; lastKnownFileType = sourcecode.swift; path = RealmChallenge.swift; sourceTree = "<group>"; };
		2927269F20B6FE50009DD08A /* RealmChallengeCategory.swift */ = {isa = PBXFileReference; lastKnownFileType = sourcecode.swift; path = RealmChallengeCategory.swift; sourceTree = "<group>"; };
		292726B120B7043C009DD08A /* RealmChallengeMembership.swift */ = {isa = PBXFileReference; lastKnownFileType = sourcecode.swift; path = RealmChallengeMembership.swift; sourceTree = "<group>"; };
		292844E420DD16BE0011DC43 /* RealmGroupInvitation.swift */ = {isa = PBXFileReference; lastKnownFileType = sourcecode.swift; name = RealmGroupInvitation.swift; path = "../../../../Habitica Models/Habitica Models/Group/RealmGroupInvitation.swift"; sourceTree = "<group>"; };
		292DEE40204D9D810086D5F7 /* Habitica_API_Client.framework */ = {isa = PBXFileReference; explicitFileType = wrapper.framework; path = Habitica_API_Client.framework; sourceTree = BUILT_PRODUCTS_DIR; };
		292DEE42204D9D860086D5F7 /* Habitica_Models.framework */ = {isa = PBXFileReference; explicitFileType = wrapper.framework; path = Habitica_Models.framework; sourceTree = BUILT_PRODUCTS_DIR; };
		292DEE65204DCB010086D5F7 /* BaseLocalRepository.swift */ = {isa = PBXFileReference; lastKnownFileType = sourcecode.swift; path = BaseLocalRepository.swift; sourceTree = "<group>"; };
		292DEE67204DCCB40086D5F7 /* TaskLocalRepository.swift */ = {isa = PBXFileReference; lastKnownFileType = sourcecode.swift; path = TaskLocalRepository.swift; sourceTree = "<group>"; };
		292DEE6A204DCF2E0086D5F7 /* RealmTask.swift */ = {isa = PBXFileReference; lastKnownFileType = sourcecode.swift; path = RealmTask.swift; sourceTree = "<group>"; };
		292DEE6D204DD94E0086D5F7 /* ReactiveRealm.swift */ = {isa = PBXFileReference; lastKnownFileType = sourcecode.swift; path = ReactiveRealm.swift; sourceTree = "<group>"; };
		292DEE7F204E3A000086D5F7 /* RealmTag.swift */ = {isa = PBXFileReference; lastKnownFileType = sourcecode.swift; path = RealmTag.swift; sourceTree = "<group>"; };
		292DEE83204E41AF0086D5F7 /* RealmChecklistItem.swift */ = {isa = PBXFileReference; lastKnownFileType = sourcecode.swift; path = RealmChecklistItem.swift; sourceTree = "<group>"; };
		292DEE89204E49600086D5F7 /* RealmReminder.swift */ = {isa = PBXFileReference; lastKnownFileType = sourcecode.swift; path = RealmReminder.swift; sourceTree = "<group>"; };
		292F965D206E306E00804151 /* RealmGroup.swift */ = {isa = PBXFileReference; lastKnownFileType = sourcecode.swift; path = RealmGroup.swift; sourceTree = "<group>"; };
		292F965F206E307800804151 /* RealmChatMessage.swift */ = {isa = PBXFileReference; lastKnownFileType = sourcecode.swift; path = RealmChatMessage.swift; sourceTree = "<group>"; };
		292F967720722BB300804151 /* RealmChatMessageReaction.swift */ = {isa = PBXFileReference; lastKnownFileType = sourcecode.swift; path = RealmChatMessageReaction.swift; sourceTree = "<group>"; };
		292F967920722C4B00804151 /* RealmUserStyle.swift */ = {isa = PBXFileReference; lastKnownFileType = sourcecode.swift; path = RealmUserStyle.swift; sourceTree = "<group>"; };
		29323E1C2050537700AC6D6F /* UserLocalRepository.swift */ = {isa = PBXFileReference; lastKnownFileType = sourcecode.swift; path = UserLocalRepository.swift; sourceTree = "<group>"; };
		29323E302051FA8000AC6D6F /* RealmUser.swift */ = {isa = PBXFileReference; lastKnownFileType = sourcecode.swift; path = RealmUser.swift; sourceTree = "<group>"; };
		29323E322051FA8700AC6D6F /* RealmStats.swift */ = {isa = PBXFileReference; lastKnownFileType = sourcecode.swift; path = RealmStats.swift; sourceTree = "<group>"; };
		29323E3C205213EF00AC6D6F /* RealmFlags.swift */ = {isa = PBXFileReference; lastKnownFileType = sourcecode.swift; path = RealmFlags.swift; sourceTree = "<group>"; };
		29323E3E2052142600AC6D6F /* RealmPreferences.swift */ = {isa = PBXFileReference; lastKnownFileType = sourcecode.swift; path = RealmPreferences.swift; sourceTree = "<group>"; };
		29323E402052145900AC6D6F /* RealmProfile.swift */ = {isa = PBXFileReference; lastKnownFileType = sourcecode.swift; path = RealmProfile.swift; sourceTree = "<group>"; };
		29323E4420521ABC00AC6D6F /* RealmContributor.swift */ = {isa = PBXFileReference; lastKnownFileType = sourcecode.swift; path = RealmContributor.swift; sourceTree = "<group>"; };
		29323E572052F8BC00AC6D6F /* RealmUserItems.swift */ = {isa = PBXFileReference; lastKnownFileType = sourcecode.swift; path = RealmUserItems.swift; sourceTree = "<group>"; };
		29323E592052F8C200AC6D6F /* RealmOutfit.swift */ = {isa = PBXFileReference; lastKnownFileType = sourcecode.swift; path = RealmOutfit.swift; sourceTree = "<group>"; };
		29323E5B2052F8E900AC6D6F /* RealmUserGear.swift */ = {isa = PBXFileReference; lastKnownFileType = sourcecode.swift; path = RealmUserGear.swift; sourceTree = "<group>"; };
		295611112056EC5C00D9711A /* RealmSkill.swift */ = {isa = PBXFileReference; lastKnownFileType = sourcecode.swift; path = RealmSkill.swift; sourceTree = "<group>"; };
		295611132056ECA400D9711A /* ContentLocalRepository.swift */ = {isa = PBXFileReference; lastKnownFileType = sourcecode.swift; path = ContentLocalRepository.swift; sourceTree = "<group>"; };
		295611172057C8EB00D9711A /* RealmItem.swift */ = {isa = PBXFileReference; lastKnownFileType = sourcecode.swift; path = RealmItem.swift; sourceTree = "<group>"; };
		295611192057C93200D9711A /* RealmFood.swift */ = {isa = PBXFileReference; lastKnownFileType = sourcecode.swift; path = RealmFood.swift; sourceTree = "<group>"; };
		2956111B2057C98300D9711A /* RealmEgg.swift */ = {isa = PBXFileReference; lastKnownFileType = sourcecode.swift; path = RealmEgg.swift; sourceTree = "<group>"; };
		2956111D2057C9B100D9711A /* RealmHatchingPotion.swift */ = {isa = PBXFileReference; lastKnownFileType = sourcecode.swift; path = RealmHatchingPotion.swift; sourceTree = "<group>"; };
		2956111F2057D48A00D9711A /* RealmGear.swift */ = {isa = PBXFileReference; lastKnownFileType = sourcecode.swift; path = RealmGear.swift; sourceTree = "<group>"; };
		295611212057D60F00D9711A /* RealmQuest.swift */ = {isa = PBXFileReference; lastKnownFileType = sourcecode.swift; path = RealmQuest.swift; sourceTree = "<group>"; };
		295611232057D65500D9711A /* RealmQuestBoss.swift */ = {isa = PBXFileReference; lastKnownFileType = sourcecode.swift; path = RealmQuestBoss.swift; sourceTree = "<group>"; };
		295611252057D77600D9711A /* RealmQuestCollect.swift */ = {isa = PBXFileReference; lastKnownFileType = sourcecode.swift; path = RealmQuestCollect.swift; sourceTree = "<group>"; };
		295BC6F3226F3D8200DDDF1A /* RealmNotification.swift */ = {isa = PBXFileReference; lastKnownFileType = sourcecode.swift; path = RealmNotification.swift; sourceTree = "<group>"; };
		295D430320973A3F00948E7E /* RealmTutorialStep.swift */ = {isa = PBXFileReference; lastKnownFileType = sourcecode.swift; path = RealmTutorialStep.swift; sourceTree = "<group>"; };
		295E9DBE20B2C8CF00D58D45 /* RealmQuestBossRage.swift */ = {isa = PBXFileReference; lastKnownFileType = sourcecode.swift; path = RealmQuestBossRage.swift; sourceTree = "<group>"; };
		295E9DEB20B3326700D58D45 /* RealmShop.swift */ = {isa = PBXFileReference; lastKnownFileType = sourcecode.swift; path = RealmShop.swift; sourceTree = "<group>"; };
		295E9DED20B3331500D58D45 /* RealmShopCategory.swift */ = {isa = PBXFileReference; lastKnownFileType = sourcecode.swift; path = RealmShopCategory.swift; sourceTree = "<group>"; };
		295E9DF720B479A700D58D45 /* RealmQuestColors.swift */ = {isa = PBXFileReference; lastKnownFileType = sourcecode.swift; path = RealmQuestColors.swift; sourceTree = "<group>"; };
		296AC81D20ADDC5900885682 /* RealmInAppReward.swift */ = {isa = PBXFileReference; lastKnownFileType = sourcecode.swift; path = RealmInAppReward.swift; sourceTree = "<group>"; };
		2974BDA2208E176700EC1A25 /* RealmPurchased.swift */ = {isa = PBXFileReference; lastKnownFileType = sourcecode.swift; path = RealmPurchased.swift; sourceTree = "<group>"; };
		2974BDA4208E180100EC1A25 /* RealmOwnedCustomization.swift */ = {isa = PBXFileReference; lastKnownFileType = sourcecode.swift; path = RealmOwnedCustomization.swift; sourceTree = "<group>"; };
		2974BDA6208E1A5100EC1A25 /* RealmSubscriptionPlan.swift */ = {isa = PBXFileReference; lastKnownFileType = sourcecode.swift; path = RealmSubscriptionPlan.swift; sourceTree = "<group>"; };
		2974BDA8208E1AFB00EC1A25 /* RealmSubscriptionConsecutive.swift */ = {isa = PBXFileReference; lastKnownFileType = sourcecode.swift; path = RealmSubscriptionConsecutive.swift; sourceTree = "<group>"; };
		2974BDAF20908BE500EC1A25 /* RealmInboxMessage.swift */ = {isa = PBXFileReference; lastKnownFileType = sourcecode.swift; path = RealmInboxMessage.swift; sourceTree = "<group>"; };
		298CB21220AF0B22006DA349 /* RealmQuestDrop.swift */ = {isa = PBXFileReference; lastKnownFileType = sourcecode.swift; path = RealmQuestDrop.swift; sourceTree = "<group>"; };
		298CB21420AF0B3A006DA349 /* RealmQuestDropItem.swift */ = {isa = PBXFileReference; lastKnownFileType = sourcecode.swift; path = RealmQuestDropItem.swift; sourceTree = "<group>"; };
		298FB9AC204D9338004DDACC /* Habitica_Database.framework */ = {isa = PBXFileReference; explicitFileType = wrapper.framework; includeInIndex = 0; path = Habitica_Database.framework; sourceTree = BUILT_PRODUCTS_DIR; };
		298FB9AF204D9338004DDACC /* Habitica_Database.h */ = {isa = PBXFileReference; lastKnownFileType = sourcecode.c.h; path = Habitica_Database.h; sourceTree = "<group>"; };
		298FB9B0204D9338004DDACC /* Info.plist */ = {isa = PBXFileReference; lastKnownFileType = text.plist.xml; path = Info.plist; sourceTree = "<group>"; };
		298FB9B5204D9338004DDACC /* Habitica DatabaseTests.xctest */ = {isa = PBXFileReference; explicitFileType = wrapper.cfbundle; includeInIndex = 0; path = "Habitica DatabaseTests.xctest"; sourceTree = BUILT_PRODUCTS_DIR; };
		298FB9BA204D9338004DDACC /* Habitica_DatabaseTests.swift */ = {isa = PBXFileReference; lastKnownFileType = sourcecode.swift; path = Habitica_DatabaseTests.swift; sourceTree = "<group>"; };
		298FB9BC204D9338004DDACC /* Info.plist */ = {isa = PBXFileReference; lastKnownFileType = text.plist.xml; path = Info.plist; sourceTree = "<group>"; };
		29990DAD20E3E6DE001ADD8B /* RealmQuestProgressCollect.swift */ = {isa = PBXFileReference; lastKnownFileType = sourcecode.swift; path = RealmQuestProgressCollect.swift; sourceTree = "<group>"; };
		29990DB720E51DFF001ADD8B /* RealmPushDevice.swift */ = {isa = PBXFileReference; lastKnownFileType = sourcecode.swift; path = RealmPushDevice.swift; sourceTree = "<group>"; };
		299FB281208496A500422522 /* RealmPet.swift */ = {isa = PBXFileReference; lastKnownFileType = sourcecode.swift; path = RealmPet.swift; sourceTree = "<group>"; };
		299FB2832084975100422522 /* RealmMount.swift */ = {isa = PBXFileReference; lastKnownFileType = sourcecode.swift; path = RealmMount.swift; sourceTree = "<group>"; };
		299FB28F20849E7300422522 /* RealmOwnedPet.swift */ = {isa = PBXFileReference; lastKnownFileType = sourcecode.swift; path = RealmOwnedPet.swift; sourceTree = "<group>"; };
		299FB29120849E9E00422522 /* RealmOwnedMount.swift */ = {isa = PBXFileReference; lastKnownFileType = sourcecode.swift; path = RealmOwnedMount.swift; sourceTree = "<group>"; };
		299FB2972084A17A00422522 /* StableLocalRepository.swift */ = {isa = PBXFileReference; lastKnownFileType = sourcecode.swift; path = StableLocalRepository.swift; sourceTree = "<group>"; };
		29A6B86B20690DF00086B2A6 /* RealmWeekRepeat.swift */ = {isa = PBXFileReference; lastKnownFileType = sourcecode.swift; path = RealmWeekRepeat.swift; sourceTree = "<group>"; };
		29DBFEFA20CADB4100DF9CF2 /* RealmSpecialItem.swift */ = {isa = PBXFileReference; lastKnownFileType = sourcecode.swift; path = RealmSpecialItem.swift; sourceTree = "<group>"; };
		29DBFF0C20D15B0500DF9CF2 /* RealmUserNewMessages.swift */ = {isa = PBXFileReference; lastKnownFileType = sourcecode.swift; path = RealmUserNewMessages.swift; sourceTree = "<group>"; };
		46F1FDA07144B10D37712F09 /* Pods-Habitica DatabaseTests.debug.xcconfig */ = {isa = PBXFileReference; includeInIndex = 1; lastKnownFileType = text.xcconfig; name = "Pods-Habitica DatabaseTests.debug.xcconfig"; path = "../Pods/Target Support Files/Pods-Habitica DatabaseTests/Pods-Habitica DatabaseTests.debug.xcconfig"; sourceTree = "<group>"; };
		930CE9895A927708C0C96A90 /* Pods_Habitica_DatabaseTests.framework */ = {isa = PBXFileReference; explicitFileType = wrapper.framework; includeInIndex = 0; path = Pods_Habitica_DatabaseTests.framework; sourceTree = BUILT_PRODUCTS_DIR; };
		D821314C12B6448718FD4120 /* Pods_Habitica_Database.framework */ = {isa = PBXFileReference; explicitFileType = wrapper.framework; includeInIndex = 0; path = Pods_Habitica_Database.framework; sourceTree = BUILT_PRODUCTS_DIR; };
		FBC613B665533F6D81509FD4 /* Pods-Habitica Database.debug.xcconfig */ = {isa = PBXFileReference; includeInIndex = 1; lastKnownFileType = text.xcconfig; name = "Pods-Habitica Database.debug.xcconfig"; path = "../Pods/Target Support Files/Pods-Habitica Database/Pods-Habitica Database.debug.xcconfig"; sourceTree = "<group>"; };
/* End PBXFileReference section */

/* Begin PBXFrameworksBuildPhase section */
		298FB9A8204D9338004DDACC /* Frameworks */ = {
			isa = PBXFrameworksBuildPhase;
			buildActionMask = 2147483647;
			files = (
				292DEE41204D9D860086D5F7 /* Habitica_Models.framework in Frameworks */,
				292DEE3F204D9D810086D5F7 /* Habitica_API_Client.framework in Frameworks */,
				175E06DDF89F66BE894D1E3E /* Pods_Habitica_Database.framework in Frameworks */,
			);
			runOnlyForDeploymentPostprocessing = 0;
		};
		298FB9B2204D9338004DDACC /* Frameworks */ = {
			isa = PBXFrameworksBuildPhase;
			buildActionMask = 2147483647;
			files = (
				298FB9B6204D9338004DDACC /* Habitica_Database.framework in Frameworks */,
				EFA96FFA3536BF094D7B36B3 /* Pods_Habitica_DatabaseTests.framework in Frameworks */,
			);
			runOnlyForDeploymentPostprocessing = 0;
		};
/* End PBXFrameworksBuildPhase section */

/* Begin PBXGroup section */
		292DEE3E204D9D810086D5F7 /* Frameworks */ = {
			isa = PBXGroup;
			children = (
				292DEE42204D9D860086D5F7 /* Habitica_Models.framework */,
				292DEE40204D9D810086D5F7 /* Habitica_API_Client.framework */,
				D821314C12B6448718FD4120 /* Pods_Habitica_Database.framework */,
				930CE9895A927708C0C96A90 /* Pods_Habitica_DatabaseTests.framework */,
			);
			name = Frameworks;
			sourceTree = "<group>";
		};
		292DEE69204DCF240086D5F7 /* Models */ = {
			isa = PBXGroup;
			children = (
				295BC6F2226F3D5B00DDDF1A /* Notifications */,
				292F965C206E305800804151 /* Group */,
				2956110E2056EC0E00D9711A /* Content */,
				29323E2F2051FA7700AC6D6F /* Tasks */,
				29323E562052F8B000AC6D6F /* User */,
			);
			path = Models;
			sourceTree = "<group>";
		};
		292DEE6C204DCFDA0086D5F7 /* Repositories */ = {
			isa = PBXGroup;
			children = (
				292DEE65204DCB010086D5F7 /* BaseLocalRepository.swift */,
				295611132056ECA400D9711A /* ContentLocalRepository.swift */,
				2902797C2058134D006DACB9 /* InventoryLocalRepository.swift */,
				291448A5208A3C7000F3A6B5 /* CustomizationLocalRepository.swift */,
				299FB2972084A17A00422522 /* StableLocalRepository.swift */,
				290C3047206D47A30066AF5B /* SocialLocalRepository.swift */,
				292DEE67204DCCB40086D5F7 /* TaskLocalRepository.swift */,
				29323E1C2050537700AC6D6F /* UserLocalRepository.swift */,
			);
			path = Repositories;
			sourceTree = "<group>";
		};
		292F965C206E305800804151 /* Group */ = {
			isa = PBXGroup;
			children = (
				292F965D206E306E00804151 /* RealmGroup.swift */,
				292F965F206E307800804151 /* RealmChatMessage.swift */,
				292F967720722BB300804151 /* RealmChatMessageReaction.swift */,
				292F967920722C4B00804151 /* RealmUserStyle.swift */,
				290B6246207397E1007287C4 /* RealmGroupMembership.swift */,
				292726B120B7043C009DD08A /* RealmChallengeMembership.swift */,
				290B628C207E174C007287C4 /* RealmMember.swift */,
				2927269D20B6FE31009DD08A /* RealmChallenge.swift */,
				2927269F20B6FE50009DD08A /* RealmChallengeCategory.swift */,
				292844E420DD16BE0011DC43 /* RealmGroupInvitation.swift */,
			);
			path = Group;
			sourceTree = "<group>";
		};
		29323E2F2051FA7700AC6D6F /* Tasks */ = {
			isa = PBXGroup;
			children = (
				292DEE6A204DCF2E0086D5F7 /* RealmTask.swift */,
				29A6B86B20690DF00086B2A6 /* RealmWeekRepeat.swift */,
				292DEE83204E41AF0086D5F7 /* RealmChecklistItem.swift */,
				292DEE89204E49600086D5F7 /* RealmReminder.swift */,
			);
			path = Tasks;
			sourceTree = "<group>";
		};
		29323E562052F8B000AC6D6F /* User */ = {
			isa = PBXGroup;
			children = (
				290B626A207B9A60007287C4 /* RealmAuthentication.swift */,
				290B6266207B990D007287C4 /* RealmAuthenticationTimestamps.swift */,
				2902797A2058107E006DACB9 /* RealmBuff.swift */,
				29323E4420521ABC00AC6D6F /* RealmContributor.swift */,
				29323E3C205213EF00AC6D6F /* RealmFlags.swift */,
				29144891208A1BD000F3A6B5 /* RealmHair.swift */,
				290B62552073D99E007287C4 /* RealmInbox.swift */,
				2974BDAF20908BE500EC1A25 /* RealmInboxMessage.swift */,
				290B6268207B9987007287C4 /* RealmLocalAuthentication.swift */,
				29323E592052F8C200AC6D6F /* RealmOutfit.swift */,
				2974BDA4208E180100EC1A25 /* RealmOwnedCustomization.swift */,
				290B629D207F7F34007287C4 /* RealmOwnedGear.swift */,
				290C3025206B96320066AF5B /* RealmOwnedItem.swift */,
				299FB29120849E9E00422522 /* RealmOwnedMount.swift */,
				299FB28F20849E7300422522 /* RealmOwnedPet.swift */,
				29323E3E2052142600AC6D6F /* RealmPreferences.swift */,
				29323E402052145900AC6D6F /* RealmProfile.swift */,
				2974BDA2208E176700EC1A25 /* RealmPurchased.swift */,
				290B62572073DA41007287C4 /* RealmPushNotifications.swift */,
				29323E322051FA8700AC6D6F /* RealmStats.swift */,
				2974BDA8208E1AFB00EC1A25 /* RealmSubscriptionConsecutive.swift */,
				2974BDA6208E1A5100EC1A25 /* RealmSubscriptionPlan.swift */,
				292DEE7F204E3A000086D5F7 /* RealmTag.swift */,
				295D430320973A3F00948E7E /* RealmTutorialStep.swift */,
				29323E302051FA8000AC6D6F /* RealmUser.swift */,
				29990DB720E51DFF001ADD8B /* RealmPushDevice.swift */,
				29323E5B2052F8E900AC6D6F /* RealmUserGear.swift */,
				29323E572052F8BC00AC6D6F /* RealmUserItems.swift */,
				291E95B2209887BF006EE585 /* RealmUserParty.swift */,
				29DBFF0C20D15B0500DF9CF2 /* RealmUserNewMessages.swift */,
			);
			path = User;
			sourceTree = "<group>";
		};
		2956110E2056EC0E00D9711A /* Content */ = {
			isa = PBXGroup;
			children = (
				291448A1208A3ACD00F3A6B5 /* RealmCustomization.swift */,
				291448A3208A3B4A00F3A6B5 /* RealmCustomizationSet.swift */,
				2956111B2057C98300D9711A /* RealmEgg.swift */,
				2902795F2057E957006DACB9 /* RealmFAQEntry.swift */,
				295611192057C93200D9711A /* RealmFood.swift */,
				2956111F2057D48A00D9711A /* RealmGear.swift */,
				2956111D2057C9B100D9711A /* RealmHatchingPotion.swift */,
				296AC81D20ADDC5900885682 /* RealmInAppReward.swift */,
				295611172057C8EB00D9711A /* RealmItem.swift */,
				299FB2832084975100422522 /* RealmMount.swift */,
				299FB281208496A500422522 /* RealmPet.swift */,
				295611212057D60F00D9711A /* RealmQuest.swift */,
				295611232057D65500D9711A /* RealmQuestBoss.swift */,
				295E9DBE20B2C8CF00D58D45 /* RealmQuestBossRage.swift */,
				295611252057D77600D9711A /* RealmQuestCollect.swift */,
				295E9DF720B479A700D58D45 /* RealmQuestColors.swift */,
				298CB21220AF0B22006DA349 /* RealmQuestDrop.swift */,
				298CB21420AF0B3A006DA349 /* RealmQuestDropItem.swift */,
				291DE97B209B44BB0073182A /* RealmQuestParticipant.swift */,
				2902798C205834A3006DACB9 /* RealmQuestProgress.swift */,
				29990DAD20E3E6DE001ADD8B /* RealmQuestProgressCollect.swift */,
				2902798A20583479006DACB9 /* RealmQuestState.swift */,
				295E9DEB20B3326700D58D45 /* RealmShop.swift */,
				295E9DED20B3331500D58D45 /* RealmShopCategory.swift */,
				295611112056EC5C00D9711A /* RealmSkill.swift */,
				29DBFEFA20CADB4100DF9CF2 /* RealmSpecialItem.swift */,
				290279882058344B006DACB9 /* RealmWorldState.swift */,
			);
			path = Content;
			sourceTree = "<group>";
		};
		295BC6F2226F3D5B00DDDF1A /* Notifications */ = {
			isa = PBXGroup;
			children = (
				295BC6F3226F3D8200DDDF1A /* RealmNotification.swift */,
			);
			path = Notifications;
			sourceTree = "<group>";
		};
		298FB9A2204D9338004DDACC = {
			isa = PBXGroup;
			children = (
				298FB9AE204D9338004DDACC /* Habitica Database */,
				298FB9B9204D9338004DDACC /* Habitica DatabaseTests */,
				298FB9AD204D9338004DDACC /* Products */,
				292DEE3E204D9D810086D5F7 /* Frameworks */,
				F0456787638F3B237BE48F81 /* Pods */,
			);
			sourceTree = "<group>";
		};
		298FB9AD204D9338004DDACC /* Products */ = {
			isa = PBXGroup;
			children = (
				298FB9AC204D9338004DDACC /* Habitica_Database.framework */,
				298FB9B5204D9338004DDACC /* Habitica DatabaseTests.xctest */,
			);
			name = Products;
			sourceTree = "<group>";
		};
		298FB9AE204D9338004DDACC /* Habitica Database */ = {
			isa = PBXGroup;
			children = (
				292DEE6D204DD94E0086D5F7 /* ReactiveRealm.swift */,
				292DEE69204DCF240086D5F7 /* Models */,
				292DEE6C204DCFDA0086D5F7 /* Repositories */,
				298FB9AF204D9338004DDACC /* Habitica_Database.h */,
				298FB9B0204D9338004DDACC /* Info.plist */,
			);
			path = "Habitica Database";
			sourceTree = "<group>";
		};
		298FB9B9204D9338004DDACC /* Habitica DatabaseTests */ = {
			isa = PBXGroup;
			children = (
				298FB9BA204D9338004DDACC /* Habitica_DatabaseTests.swift */,
				298FB9BC204D9338004DDACC /* Info.plist */,
			);
			path = "Habitica DatabaseTests";
			sourceTree = "<group>";
		};
		F0456787638F3B237BE48F81 /* Pods */ = {
			isa = PBXGroup;
			children = (
				FBC613B665533F6D81509FD4 /* Pods-Habitica Database.debug.xcconfig */,
				1A9C077122E72759532BE95C /* Pods-Habitica Database.release.xcconfig */,
				46F1FDA07144B10D37712F09 /* Pods-Habitica DatabaseTests.debug.xcconfig */,
				1D84CF561C90D7C295416F02 /* Pods-Habitica DatabaseTests.release.xcconfig */,
			);
			name = Pods;
			sourceTree = "<group>";
		};
/* End PBXGroup section */

/* Begin PBXHeadersBuildPhase section */
		298FB9A9204D9338004DDACC /* Headers */ = {
			isa = PBXHeadersBuildPhase;
			buildActionMask = 2147483647;
			files = (
				298FB9BD204D9338004DDACC /* Habitica_Database.h in Headers */,
			);
			runOnlyForDeploymentPostprocessing = 0;
		};
/* End PBXHeadersBuildPhase section */

/* Begin PBXNativeTarget section */
		298FB9AB204D9338004DDACC /* Habitica Database */ = {
			isa = PBXNativeTarget;
			buildConfigurationList = 298FB9C0204D9338004DDACC /* Build configuration list for PBXNativeTarget "Habitica Database" */;
			buildPhases = (
				A8001DCFA0AD202CB6AC8AD1 /* [CP] Check Pods Manifest.lock */,
				298FB9A7204D9338004DDACC /* Sources */,
				298FB9A8204D9338004DDACC /* Frameworks */,
				298FB9A9204D9338004DDACC /* Headers */,
				298FB9AA204D9338004DDACC /* Resources */,
			);
			buildRules = (
			);
			dependencies = (
			);
			name = "Habitica Database";
			productName = "Habitica Database";
			productReference = 298FB9AC204D9338004DDACC /* Habitica_Database.framework */;
			productType = "com.apple.product-type.framework";
		};
		298FB9B4204D9338004DDACC /* Habitica DatabaseTests */ = {
			isa = PBXNativeTarget;
			buildConfigurationList = 298FB9C3204D9338004DDACC /* Build configuration list for PBXNativeTarget "Habitica DatabaseTests" */;
			buildPhases = (
				779F748F3603084DA5F2CB78 /* [CP] Check Pods Manifest.lock */,
				298FB9B1204D9338004DDACC /* Sources */,
				298FB9B2204D9338004DDACC /* Frameworks */,
				298FB9B3204D9338004DDACC /* Resources */,
				983C9FA03B70C3B601E33E84 /* [CP] Embed Pods Frameworks */,
			);
			buildRules = (
			);
			dependencies = (
				298FB9B8204D9338004DDACC /* PBXTargetDependency */,
			);
			name = "Habitica DatabaseTests";
			productName = "Habitica DatabaseTests";
			productReference = 298FB9B5204D9338004DDACC /* Habitica DatabaseTests.xctest */;
			productType = "com.apple.product-type.bundle.unit-test";
		};
/* End PBXNativeTarget section */

/* Begin PBXProject section */
		298FB9A3204D9338004DDACC /* Project object */ = {
			isa = PBXProject;
			attributes = {
				LastSwiftUpdateCheck = 0920;
				LastUpgradeCheck = 0920;
				ORGANIZATIONNAME = "HabitRPG Inc.";
				TargetAttributes = {
					298FB9AB204D9338004DDACC = {
						CreatedOnToolsVersion = 9.2;
						LastSwiftMigration = 0920;
						ProvisioningStyle = Automatic;
					};
					298FB9B4204D9338004DDACC = {
						CreatedOnToolsVersion = 9.2;
						ProvisioningStyle = Automatic;
					};
				};
			};
			buildConfigurationList = 298FB9A6204D9338004DDACC /* Build configuration list for PBXProject "Habitica Database" */;
			compatibilityVersion = "Xcode 8.0";
			developmentRegion = en;
			hasScannedForEncodings = 0;
			knownRegions = (
				en,
			);
			mainGroup = 298FB9A2204D9338004DDACC;
			productRefGroup = 298FB9AD204D9338004DDACC /* Products */;
			projectDirPath = "";
			projectRoot = "";
			targets = (
				298FB9AB204D9338004DDACC /* Habitica Database */,
				298FB9B4204D9338004DDACC /* Habitica DatabaseTests */,
			);
		};
/* End PBXProject section */

/* Begin PBXResourcesBuildPhase section */
		298FB9AA204D9338004DDACC /* Resources */ = {
			isa = PBXResourcesBuildPhase;
			buildActionMask = 2147483647;
			files = (
			);
			runOnlyForDeploymentPostprocessing = 0;
		};
		298FB9B3204D9338004DDACC /* Resources */ = {
			isa = PBXResourcesBuildPhase;
			buildActionMask = 2147483647;
			files = (
			);
			runOnlyForDeploymentPostprocessing = 0;
		};
/* End PBXResourcesBuildPhase section */

/* Begin PBXShellScriptBuildPhase section */
		779F748F3603084DA5F2CB78 /* [CP] Check Pods Manifest.lock */ = {
			isa = PBXShellScriptBuildPhase;
			buildActionMask = 2147483647;
			files = (
			);
			inputPaths = (
				"${PODS_PODFILE_DIR_PATH}/Podfile.lock",
				"${PODS_ROOT}/Manifest.lock",
			);
			name = "[CP] Check Pods Manifest.lock";
			outputPaths = (
				"$(DERIVED_FILE_DIR)/Pods-Habitica DatabaseTests-checkManifestLockResult.txt",
			);
			runOnlyForDeploymentPostprocessing = 0;
			shellPath = /bin/sh;
			shellScript = "diff \"${PODS_PODFILE_DIR_PATH}/Podfile.lock\" \"${PODS_ROOT}/Manifest.lock\" > /dev/null\nif [ $? != 0 ] ; then\n    # print error to STDERR\n    echo \"error: The sandbox is not in sync with the Podfile.lock. Run 'pod install' or update your CocoaPods installation.\" >&2\n    exit 1\nfi\n# This output is used by Xcode 'outputs' to avoid re-running this script phase.\necho \"SUCCESS\" > \"${SCRIPT_OUTPUT_FILE_0}\"\n";
			showEnvVarsInLog = 0;
		};
		983C9FA03B70C3B601E33E84 /* [CP] Embed Pods Frameworks */ = {
			isa = PBXShellScriptBuildPhase;
			buildActionMask = 2147483647;
			files = (
			);
			inputPaths = (
				"${SRCROOT}/../Pods/Target Support Files/Pods-Habitica DatabaseTests/Pods-Habitica DatabaseTests-frameworks.sh",
				"${BUILT_PRODUCTS_DIR}/Nimble/Nimble.framework",
				"${BUILT_PRODUCTS_DIR}/Quick/Quick.framework",
				"${BUILT_PRODUCTS_DIR}/iOSSnapshotTestCase/FBSnapshotTestCase.framework",
				"${BUILT_PRODUCTS_DIR}/Keys/Keys.framework",
				"${BUILT_PRODUCTS_DIR}/ReactiveCocoa/ReactiveCocoa.framework",
				"${BUILT_PRODUCTS_DIR}/ReactiveSwift/ReactiveSwift.framework",
				"${BUILT_PRODUCTS_DIR}/Realm/Realm.framework",
				"${BUILT_PRODUCTS_DIR}/RealmSwift/RealmSwift.framework",
			);
			name = "[CP] Embed Pods Frameworks";
			outputPaths = (
				"${TARGET_BUILD_DIR}/${FRAMEWORKS_FOLDER_PATH}/Nimble.framework",
				"${TARGET_BUILD_DIR}/${FRAMEWORKS_FOLDER_PATH}/Quick.framework",
				"${TARGET_BUILD_DIR}/${FRAMEWORKS_FOLDER_PATH}/FBSnapshotTestCase.framework",
				"${TARGET_BUILD_DIR}/${FRAMEWORKS_FOLDER_PATH}/Keys.framework",
				"${TARGET_BUILD_DIR}/${FRAMEWORKS_FOLDER_PATH}/ReactiveCocoa.framework",
				"${TARGET_BUILD_DIR}/${FRAMEWORKS_FOLDER_PATH}/ReactiveSwift.framework",
				"${TARGET_BUILD_DIR}/${FRAMEWORKS_FOLDER_PATH}/Realm.framework",
				"${TARGET_BUILD_DIR}/${FRAMEWORKS_FOLDER_PATH}/RealmSwift.framework",
			);
			runOnlyForDeploymentPostprocessing = 0;
			shellPath = /bin/sh;
			shellScript = "\"${SRCROOT}/../Pods/Target Support Files/Pods-Habitica DatabaseTests/Pods-Habitica DatabaseTests-frameworks.sh\"\n";
			showEnvVarsInLog = 0;
		};
		A8001DCFA0AD202CB6AC8AD1 /* [CP] Check Pods Manifest.lock */ = {
			isa = PBXShellScriptBuildPhase;
			buildActionMask = 2147483647;
			files = (
			);
			inputPaths = (
				"${PODS_PODFILE_DIR_PATH}/Podfile.lock",
				"${PODS_ROOT}/Manifest.lock",
			);
			name = "[CP] Check Pods Manifest.lock";
			outputPaths = (
				"$(DERIVED_FILE_DIR)/Pods-Habitica Database-checkManifestLockResult.txt",
			);
			runOnlyForDeploymentPostprocessing = 0;
			shellPath = /bin/sh;
			shellScript = "diff \"${PODS_PODFILE_DIR_PATH}/Podfile.lock\" \"${PODS_ROOT}/Manifest.lock\" > /dev/null\nif [ $? != 0 ] ; then\n    # print error to STDERR\n    echo \"error: The sandbox is not in sync with the Podfile.lock. Run 'pod install' or update your CocoaPods installation.\" >&2\n    exit 1\nfi\n# This output is used by Xcode 'outputs' to avoid re-running this script phase.\necho \"SUCCESS\" > \"${SCRIPT_OUTPUT_FILE_0}\"\n";
			showEnvVarsInLog = 0;
		};
/* End PBXShellScriptBuildPhase section */

/* Begin PBXSourcesBuildPhase section */
		298FB9A7204D9338004DDACC /* Sources */ = {
			isa = PBXSourcesBuildPhase;
			buildActionMask = 2147483647;
			files = (
				295611122056EC5C00D9711A /* RealmSkill.swift in Sources */,
				292F9660206E307800804151 /* RealmChatMessage.swift in Sources */,
				295611242057D65500D9711A /* RealmQuestBoss.swift in Sources */,
				291DE97C209B44BB0073182A /* RealmQuestParticipant.swift in Sources */,
				2956111C2057C98300D9711A /* RealmEgg.swift in Sources */,
				29323E5C2052F8E900AC6D6F /* RealmUserGear.swift in Sources */,
				295E9DF820B479A700D58D45 /* RealmQuestColors.swift in Sources */,
				291448A2208A3ACD00F3A6B5 /* RealmCustomization.swift in Sources */,
				2902797B2058107E006DACB9 /* RealmBuff.swift in Sources */,
				292726A020B6FE50009DD08A /* RealmChallengeCategory.swift in Sources */,
				2974BDA7208E1A5100EC1A25 /* RealmSubscriptionPlan.swift in Sources */,
				295611182057C8EB00D9711A /* RealmItem.swift in Sources */,
				298CB21520AF0B3A006DA349 /* RealmQuestDropItem.swift in Sources */,
				292DEE68204DCCB40086D5F7 /* TaskLocalRepository.swift in Sources */,
				295D430420973A3F00948E7E /* RealmTutorialStep.swift in Sources */,
				29DBFF0D20D15B0500DF9CF2 /* RealmUserNewMessages.swift in Sources */,
				292F967820722BB300804151 /* RealmChatMessageReaction.swift in Sources */,
				29990DB820E51DFF001ADD8B /* RealmPushDevice.swift in Sources */,
				299FB2982084A17A00422522 /* StableLocalRepository.swift in Sources */,
				292DEE66204DCB010086D5F7 /* BaseLocalRepository.swift in Sources */,
				292DEE80204E3A000086D5F7 /* RealmTag.swift in Sources */,
				295E9DBF20B2C8CF00D58D45 /* RealmQuestBossRage.swift in Sources */,
				291E95B3209887BF006EE585 /* RealmUserParty.swift in Sources */,
				29323E582052F8BC00AC6D6F /* RealmUserItems.swift in Sources */,
				29DBFEFB20CADB4100DF9CF2 /* RealmSpecialItem.swift in Sources */,
				29990DAE20E3E6DE001ADD8B /* RealmQuestProgressCollect.swift in Sources */,
				290B629E207F7F34007287C4 /* RealmOwnedGear.swift in Sources */,
				295611262057D77600D9711A /* RealmQuestCollect.swift in Sources */,
				298CB21320AF0B22006DA349 /* RealmQuestDrop.swift in Sources */,
				299FB29020849E7300422522 /* RealmOwnedPet.swift in Sources */,
				29323E332051FA8700AC6D6F /* RealmStats.swift in Sources */,
				29323E3F2052142600AC6D6F /* RealmPreferences.swift in Sources */,
				2974BDA5208E180100EC1A25 /* RealmOwnedCustomization.swift in Sources */,
				290279892058344B006DACB9 /* RealmWorldState.swift in Sources */,
				295611202057D48A00D9711A /* RealmGear.swift in Sources */,
				2902797D2058134D006DACB9 /* InventoryLocalRepository.swift in Sources */,
				292DEE84204E41AF0086D5F7 /* RealmChecklistItem.swift in Sources */,
				299FB29220849E9E00422522 /* RealmOwnedMount.swift in Sources */,
				2956111A2057C93200D9711A /* RealmFood.swift in Sources */,
				295E9DEC20B3326700D58D45 /* RealmShop.swift in Sources */,
				290B628D207E174C007287C4 /* RealmMember.swift in Sources */,
				295BC6F4226F3D8200DDDF1A /* RealmNotification.swift in Sources */,
				2974BDB020908BE500EC1A25 /* RealmInboxMessage.swift in Sources */,
				290B6269207B9987007287C4 /* RealmLocalAuthentication.swift in Sources */,
				2974BDA9208E1AFB00EC1A25 /* RealmSubscriptionConsecutive.swift in Sources */,
				295611222057D60F00D9711A /* RealmQuest.swift in Sources */,
				2956111E2057C9B100D9711A /* RealmHatchingPotion.swift in Sources */,
				290B62562073D99E007287C4 /* RealmInbox.swift in Sources */,
				292726B220B7043C009DD08A /* RealmChallengeMembership.swift in Sources */,
				290C3048206D47A30066AF5B /* SocialLocalRepository.swift in Sources */,
				291448A6208A3C7100F3A6B5 /* CustomizationLocalRepository.swift in Sources */,
				2902798B20583479006DACB9 /* RealmQuestState.swift in Sources */,
				299FB282208496A500422522 /* RealmPet.swift in Sources */,
				290B62582073DA41007287C4 /* RealmPushNotifications.swift in Sources */,
				290B6247207397E1007287C4 /* RealmGroupMembership.swift in Sources */,
				292DEE6E204DD94E0086D5F7 /* ReactiveRealm.swift in Sources */,
				2902798D205834A3006DACB9 /* RealmQuestProgress.swift in Sources */,
				29323E5A2052F8C200AC6D6F /* RealmOutfit.swift in Sources */,
				29323E3D205213EF00AC6D6F /* RealmFlags.swift in Sources */,
				295E9DEE20B3331500D58D45 /* RealmShopCategory.swift in Sources */,
				292F965E206E306E00804151 /* RealmGroup.swift in Sources */,
				29323E312051FA8000AC6D6F /* RealmUser.swift in Sources */,
				290279602057E957006DACB9 /* RealmFAQEntry.swift in Sources */,
				290B626B207B9A60007287C4 /* RealmAuthentication.swift in Sources */,
				290B6267207B990D007287C4 /* RealmAuthenticationTimestamps.swift in Sources */,
				291448A4208A3B4A00F3A6B5 /* RealmCustomizationSet.swift in Sources */,
				292DEE6B204DCF2E0086D5F7 /* RealmTask.swift in Sources */,
				2974BDA3208E176700EC1A25 /* RealmPurchased.swift in Sources */,
				296AC81E20ADDC5900885682 /* RealmInAppReward.swift in Sources */,
				292F967A20722C4B00804151 /* RealmUserStyle.swift in Sources */,
				29323E1D2050537700AC6D6F /* UserLocalRepository.swift in Sources */,
				295611142056ECA400D9711A /* ContentLocalRepository.swift in Sources */,
				2927269E20B6FE31009DD08A /* RealmChallenge.swift in Sources */,
				292DEE8A204E49600086D5F7 /* RealmReminder.swift in Sources */,
				29323E412052145900AC6D6F /* RealmProfile.swift in Sources */,
				292844E520DD16BE0011DC43 /* RealmGroupInvitation.swift in Sources */,
				29A6B86C20690DF00086B2A6 /* RealmWeekRepeat.swift in Sources */,
				290C3026206B96320066AF5B /* RealmOwnedItem.swift in Sources */,
				299FB2842084975100422522 /* RealmMount.swift in Sources */,
				29323E4520521ABC00AC6D6F /* RealmContributor.swift in Sources */,
				29144892208A1BD000F3A6B5 /* RealmHair.swift in Sources */,
			);
			runOnlyForDeploymentPostprocessing = 0;
		};
		298FB9B1204D9338004DDACC /* Sources */ = {
			isa = PBXSourcesBuildPhase;
			buildActionMask = 2147483647;
			files = (
				298FB9BB204D9338004DDACC /* Habitica_DatabaseTests.swift in Sources */,
			);
			runOnlyForDeploymentPostprocessing = 0;
		};
/* End PBXSourcesBuildPhase section */

/* Begin PBXTargetDependency section */
		298FB9B8204D9338004DDACC /* PBXTargetDependency */ = {
			isa = PBXTargetDependency;
			target = 298FB9AB204D9338004DDACC /* Habitica Database */;
			targetProxy = 298FB9B7204D9338004DDACC /* PBXContainerItemProxy */;
		};
/* End PBXTargetDependency section */

/* Begin XCBuildConfiguration section */
		298FB9BE204D9338004DDACC /* Debug */ = {
			isa = XCBuildConfiguration;
			buildSettings = {
				ALWAYS_EMBED_SWIFT_STANDARD_LIBRARIES = "$(inherited)";
				ALWAYS_SEARCH_USER_PATHS = NO;
				CLANG_ANALYZER_NONNULL = YES;
				CLANG_ANALYZER_NUMBER_OBJECT_CONVERSION = YES_AGGRESSIVE;
				CLANG_CXX_LANGUAGE_STANDARD = "gnu++14";
				CLANG_CXX_LIBRARY = "libc++";
				CLANG_ENABLE_MODULES = YES;
				CLANG_ENABLE_OBJC_ARC = YES;
				CLANG_WARN_BLOCK_CAPTURE_AUTORELEASING = YES;
				CLANG_WARN_BOOL_CONVERSION = YES;
				CLANG_WARN_COMMA = YES;
				CLANG_WARN_CONSTANT_CONVERSION = YES;
				CLANG_WARN_DIRECT_OBJC_ISA_USAGE = YES_ERROR;
				CLANG_WARN_DOCUMENTATION_COMMENTS = YES;
				CLANG_WARN_EMPTY_BODY = YES;
				CLANG_WARN_ENUM_CONVERSION = YES;
				CLANG_WARN_INFINITE_RECURSION = YES;
				CLANG_WARN_INT_CONVERSION = YES;
				CLANG_WARN_NON_LITERAL_NULL_CONVERSION = YES;
				CLANG_WARN_OBJC_LITERAL_CONVERSION = YES;
				CLANG_WARN_OBJC_ROOT_CLASS = YES_ERROR;
				CLANG_WARN_RANGE_LOOP_ANALYSIS = YES;
				CLANG_WARN_STRICT_PROTOTYPES = YES;
				CLANG_WARN_SUSPICIOUS_MOVE = YES;
				CLANG_WARN_UNGUARDED_AVAILABILITY = YES_AGGRESSIVE;
				CLANG_WARN_UNREACHABLE_CODE = YES;
				CLANG_WARN__DUPLICATE_METHOD_MATCH = YES;
				CODE_SIGN_IDENTITY = "iPhone Developer";
				COPY_PHASE_STRIP = NO;
				CURRENT_PROJECT_VERSION = 1;
				DEBUG_INFORMATION_FORMAT = dwarf;
				ENABLE_STRICT_OBJC_MSGSEND = YES;
				ENABLE_TESTABILITY = YES;
				GCC_C_LANGUAGE_STANDARD = gnu11;
				GCC_DYNAMIC_NO_PIC = NO;
				GCC_NO_COMMON_BLOCKS = YES;
				GCC_OPTIMIZATION_LEVEL = 0;
				GCC_PREPROCESSOR_DEFINITIONS = (
					"DEBUG=1",
					"$(inherited)",
				);
				GCC_WARN_64_TO_32_BIT_CONVERSION = YES;
				GCC_WARN_ABOUT_RETURN_TYPE = YES_ERROR;
				GCC_WARN_UNDECLARED_SELECTOR = YES;
				GCC_WARN_UNINITIALIZED_AUTOS = YES_AGGRESSIVE;
				GCC_WARN_UNUSED_FUNCTION = YES;
				GCC_WARN_UNUSED_VARIABLE = YES;
				IPHONEOS_DEPLOYMENT_TARGET = 9.3;
				MTL_ENABLE_DEBUG_INFO = YES;
				ONLY_ACTIVE_ARCH = YES;
				SDKROOT = iphoneos;
				SWIFT_ACTIVE_COMPILATION_CONDITIONS = DEBUG;
				SWIFT_OPTIMIZATION_LEVEL = "-Onone";
				VERSIONING_SYSTEM = "apple-generic";
				VERSION_INFO_PREFIX = "";
			};
			name = Debug;
		};
		298FB9BF204D9338004DDACC /* Release */ = {
			isa = XCBuildConfiguration;
			buildSettings = {
				ALWAYS_EMBED_SWIFT_STANDARD_LIBRARIES = "$(inherited)";
				ALWAYS_SEARCH_USER_PATHS = NO;
				CLANG_ANALYZER_NONNULL = YES;
				CLANG_ANALYZER_NUMBER_OBJECT_CONVERSION = YES_AGGRESSIVE;
				CLANG_CXX_LANGUAGE_STANDARD = "gnu++14";
				CLANG_CXX_LIBRARY = "libc++";
				CLANG_ENABLE_MODULES = YES;
				CLANG_ENABLE_OBJC_ARC = YES;
				CLANG_WARN_BLOCK_CAPTURE_AUTORELEASING = YES;
				CLANG_WARN_BOOL_CONVERSION = YES;
				CLANG_WARN_COMMA = YES;
				CLANG_WARN_CONSTANT_CONVERSION = YES;
				CLANG_WARN_DIRECT_OBJC_ISA_USAGE = YES_ERROR;
				CLANG_WARN_DOCUMENTATION_COMMENTS = YES;
				CLANG_WARN_EMPTY_BODY = YES;
				CLANG_WARN_ENUM_CONVERSION = YES;
				CLANG_WARN_INFINITE_RECURSION = YES;
				CLANG_WARN_INT_CONVERSION = YES;
				CLANG_WARN_NON_LITERAL_NULL_CONVERSION = YES;
				CLANG_WARN_OBJC_LITERAL_CONVERSION = YES;
				CLANG_WARN_OBJC_ROOT_CLASS = YES_ERROR;
				CLANG_WARN_RANGE_LOOP_ANALYSIS = YES;
				CLANG_WARN_STRICT_PROTOTYPES = YES;
				CLANG_WARN_SUSPICIOUS_MOVE = YES;
				CLANG_WARN_UNGUARDED_AVAILABILITY = YES_AGGRESSIVE;
				CLANG_WARN_UNREACHABLE_CODE = YES;
				CLANG_WARN__DUPLICATE_METHOD_MATCH = YES;
				CODE_SIGN_IDENTITY = "iPhone Developer";
				COPY_PHASE_STRIP = NO;
				CURRENT_PROJECT_VERSION = 1;
				DEBUG_INFORMATION_FORMAT = "dwarf-with-dsym";
				ENABLE_NS_ASSERTIONS = NO;
				ENABLE_STRICT_OBJC_MSGSEND = YES;
				GCC_C_LANGUAGE_STANDARD = gnu11;
				GCC_NO_COMMON_BLOCKS = YES;
				GCC_WARN_64_TO_32_BIT_CONVERSION = YES;
				GCC_WARN_ABOUT_RETURN_TYPE = YES_ERROR;
				GCC_WARN_UNDECLARED_SELECTOR = YES;
				GCC_WARN_UNINITIALIZED_AUTOS = YES_AGGRESSIVE;
				GCC_WARN_UNUSED_FUNCTION = YES;
				GCC_WARN_UNUSED_VARIABLE = YES;
				IPHONEOS_DEPLOYMENT_TARGET = 9.3;
				MTL_ENABLE_DEBUG_INFO = NO;
				SDKROOT = iphoneos;
				SWIFT_OPTIMIZATION_LEVEL = "-Owholemodule";
				VALIDATE_PRODUCT = YES;
				VERSIONING_SYSTEM = "apple-generic";
				VERSION_INFO_PREFIX = "";
			};
			name = Release;
		};
		298FB9C1204D9338004DDACC /* Debug */ = {
			isa = XCBuildConfiguration;
			baseConfigurationReference = FBC613B665533F6D81509FD4 /* Pods-Habitica Database.debug.xcconfig */;
			buildSettings = {
				CLANG_ENABLE_MODULES = YES;
				CODE_SIGN_IDENTITY = "";
				CODE_SIGN_STYLE = Automatic;
				DEFINES_MODULE = YES;
				DEVELOPMENT_TEAM = 9Q9SMRMCNN;
				DYLIB_COMPATIBILITY_VERSION = 1;
				DYLIB_CURRENT_VERSION = 1;
				DYLIB_INSTALL_NAME_BASE = "@rpath";
				INFOPLIST_FILE = "Habitica Database/Info.plist";
				INSTALL_PATH = "$(LOCAL_LIBRARY_DIR)/Frameworks";
				IPHONEOS_DEPLOYMENT_TARGET = 9.3;
				LD_RUNPATH_SEARCH_PATHS = "$(inherited) @executable_path/Frameworks @loader_path/Frameworks";
				PRODUCT_BUNDLE_IDENTIFIER = "com.habitrpg.ios.habitica.Habitica-Database";
				PRODUCT_NAME = "$(TARGET_NAME:c99extidentifier)";
				SKIP_INSTALL = YES;
				SWIFT_OPTIMIZATION_LEVEL = "-Onone";
				SWIFT_VERSION = 5.0;
				TARGETED_DEVICE_FAMILY = "1,2";
			};
			name = Debug;
		};
		298FB9C2204D9338004DDACC /* Release */ = {
			isa = XCBuildConfiguration;
			baseConfigurationReference = 1A9C077122E72759532BE95C /* Pods-Habitica Database.release.xcconfig */;
			buildSettings = {
				CLANG_ENABLE_MODULES = YES;
				CODE_SIGN_IDENTITY = "";
				CODE_SIGN_STYLE = Automatic;
				DEFINES_MODULE = YES;
				DEVELOPMENT_TEAM = 9Q9SMRMCNN;
				DYLIB_COMPATIBILITY_VERSION = 1;
				DYLIB_CURRENT_VERSION = 1;
				DYLIB_INSTALL_NAME_BASE = "@rpath";
				INFOPLIST_FILE = "Habitica Database/Info.plist";
				INSTALL_PATH = "$(LOCAL_LIBRARY_DIR)/Frameworks";
				IPHONEOS_DEPLOYMENT_TARGET = 9.3;
				LD_RUNPATH_SEARCH_PATHS = "$(inherited) @executable_path/Frameworks @loader_path/Frameworks";
				PRODUCT_BUNDLE_IDENTIFIER = "com.habitrpg.ios.habitica.Habitica-Database";
				PRODUCT_NAME = "$(TARGET_NAME:c99extidentifier)";
				SKIP_INSTALL = YES;
				SWIFT_VERSION = 5.0;
				TARGETED_DEVICE_FAMILY = "1,2";
			};
			name = Release;
		};
		298FB9C4204D9338004DDACC /* Debug */ = {
			isa = XCBuildConfiguration;
			baseConfigurationReference = 46F1FDA07144B10D37712F09 /* Pods-Habitica DatabaseTests.debug.xcconfig */;
			buildSettings = {
				ALWAYS_EMBED_SWIFT_STANDARD_LIBRARIES = "$(inherited)";
				CODE_SIGN_STYLE = Automatic;
				DEVELOPMENT_TEAM = 9Q9SMRMCNN;
				INFOPLIST_FILE = "Habitica DatabaseTests/Info.plist";
				LD_RUNPATH_SEARCH_PATHS = "$(inherited) @executable_path/Frameworks @loader_path/Frameworks";
				PRODUCT_BUNDLE_IDENTIFIER = "com.habitrpg.ios.habitica.Habitica-DatabaseTests";
				PRODUCT_NAME = "$(TARGET_NAME)";
				SWIFT_VERSION = 5.0;
				TARGETED_DEVICE_FAMILY = "1,2";
			};
			name = Debug;
		};
		298FB9C5204D9338004DDACC /* Release */ = {
			isa = XCBuildConfiguration;
			baseConfigurationReference = 1D84CF561C90D7C295416F02 /* Pods-Habitica DatabaseTests.release.xcconfig */;
			buildSettings = {
				ALWAYS_EMBED_SWIFT_STANDARD_LIBRARIES = "$(inherited)";
				CODE_SIGN_STYLE = Automatic;
				DEVELOPMENT_TEAM = 9Q9SMRMCNN;
				INFOPLIST_FILE = "Habitica DatabaseTests/Info.plist";
				LD_RUNPATH_SEARCH_PATHS = "$(inherited) @executable_path/Frameworks @loader_path/Frameworks";
				PRODUCT_BUNDLE_IDENTIFIER = "com.habitrpg.ios.habitica.Habitica-DatabaseTests";
				PRODUCT_NAME = "$(TARGET_NAME)";
				SWIFT_VERSION = 5.0;
				TARGETED_DEVICE_FAMILY = "1,2";
			};
			name = Release;
		};
/* End XCBuildConfiguration section */

/* Begin XCConfigurationList section */
		298FB9A6204D9338004DDACC /* Build configuration list for PBXProject "Habitica Database" */ = {
			isa = XCConfigurationList;
			buildConfigurations = (
				298FB9BE204D9338004DDACC /* Debug */,
				298FB9BF204D9338004DDACC /* Release */,
			);
			defaultConfigurationIsVisible = 0;
			defaultConfigurationName = Release;
		};
		298FB9C0204D9338004DDACC /* Build configuration list for PBXNativeTarget "Habitica Database" */ = {
			isa = XCConfigurationList;
			buildConfigurations = (
				298FB9C1204D9338004DDACC /* Debug */,
				298FB9C2204D9338004DDACC /* Release */,
			);
			defaultConfigurationIsVisible = 0;
			defaultConfigurationName = Release;
		};
		298FB9C3204D9338004DDACC /* Build configuration list for PBXNativeTarget "Habitica DatabaseTests" */ = {
			isa = XCConfigurationList;
			buildConfigurations = (
				298FB9C4204D9338004DDACC /* Debug */,
				298FB9C5204D9338004DDACC /* Release */,
			);
			defaultConfigurationIsVisible = 0;
			defaultConfigurationName = Release;
		};
/* End XCConfigurationList section */
	};
	rootObject = 298FB9A3204D9338004DDACC /* Project object */;
}
