// !$*UTF8*$!
{
	archiveVersion = 1;
	classes = {
	};
	objectVersion = 46;
	objects = {

/* Begin PBXBuildFile section */
		D92CDADD18CB79E50006C242 /* HRPGTableViewController.m in Sources */ = {isa = PBXBuildFile; fileRef = D92CDADC18CB79E50006C242 /* HRPGTableViewController.m */; };
		D92CDAE018CB83B90006C242 /* HRPGHabitTableViewController.m in Sources */ = {isa = PBXBuildFile; fileRef = D92CDADF18CB83B90006C242 /* HRPGHabitTableViewController.m */; };
		D92CDAE418CB83EF0006C242 /* HRPGDailyTableViewController.m in Sources */ = {isa = PBXBuildFile; fileRef = D92CDAE318CB83EF0006C242 /* HRPGDailyTableViewController.m */; };
		D92CDAE718CB84000006C242 /* HRPGToDoTableViewController.m in Sources */ = {isa = PBXBuildFile; fileRef = D92CDAE618CB84000006C242 /* HRPGToDoTableViewController.m */; };
		D92CDAEA18CB8C130006C242 /* HRPGAddViewController.m in Sources */ = {isa = PBXBuildFile; fileRef = D92CDAE918CB8C130006C242 /* HRPGAddViewController.m */; };
		D92CDAED18CBC8980006C242 /* HabitRPG.xcdatamodeld in Sources */ = {isa = PBXBuildFile; fileRef = D92CDAEB18CBC8980006C242 /* HabitRPG.xcdatamodeld */; };
		D92CDAF018CBC9160006C242 /* Task.m in Sources */ = {isa = PBXBuildFile; fileRef = D92CDAEF18CBC9160006C242 /* Task.m */; };
		D9EB4E8F18CB4A9400BB2094 /* Foundation.framework in Frameworks */ = {isa = PBXBuildFile; fileRef = D9EB4E8E18CB4A9400BB2094 /* Foundation.framework */; };
		D9EB4E9118CB4A9400BB2094 /* CoreGraphics.framework in Frameworks */ = {isa = PBXBuildFile; fileRef = D9EB4E9018CB4A9400BB2094 /* CoreGraphics.framework */; };
		D9EB4E9318CB4A9400BB2094 /* UIKit.framework in Frameworks */ = {isa = PBXBuildFile; fileRef = D9EB4E9218CB4A9400BB2094 /* UIKit.framework */; };
		D9EB4E9918CB4A9400BB2094 /* InfoPlist.strings in Resources */ = {isa = PBXBuildFile; fileRef = D9EB4E9718CB4A9400BB2094 /* InfoPlist.strings */; };
		D9EB4E9B18CB4A9400BB2094 /* main.m in Sources */ = {isa = PBXBuildFile; fileRef = D9EB4E9A18CB4A9400BB2094 /* main.m */; };
		D9EB4E9F18CB4A9400BB2094 /* HRPGAppDelegate.m in Sources */ = {isa = PBXBuildFile; fileRef = D9EB4E9E18CB4A9400BB2094 /* HRPGAppDelegate.m */; };
		D9EB4EA218CB4A9400BB2094 /* Main_iPhone.storyboard in Resources */ = {isa = PBXBuildFile; fileRef = D9EB4EA018CB4A9400BB2094 /* Main_iPhone.storyboard */; };
		D9EB4EA518CB4A9400BB2094 /* Main_iPad.storyboard in Resources */ = {isa = PBXBuildFile; fileRef = D9EB4EA318CB4A9400BB2094 /* Main_iPad.storyboard */; };
		D9EB4EAD18CB4A9400BB2094 /* Images.xcassets in Resources */ = {isa = PBXBuildFile; fileRef = D9EB4EAC18CB4A9400BB2094 /* Images.xcassets */; };
		D9EB4EB418CB4A9400BB2094 /* XCTest.framework in Frameworks */ = {isa = PBXBuildFile; fileRef = D9EB4EB318CB4A9400BB2094 /* XCTest.framework */; };
		D9EB4EB518CB4A9400BB2094 /* Foundation.framework in Frameworks */ = {isa = PBXBuildFile; fileRef = D9EB4E8E18CB4A9400BB2094 /* Foundation.framework */; };
		D9EB4EB618CB4A9400BB2094 /* UIKit.framework in Frameworks */ = {isa = PBXBuildFile; fileRef = D9EB4E9218CB4A9400BB2094 /* UIKit.framework */; };
		D9EB4EBE18CB4A9400BB2094 /* InfoPlist.strings in Resources */ = {isa = PBXBuildFile; fileRef = D9EB4EBC18CB4A9400BB2094 /* InfoPlist.strings */; };
		D9EB4EC018CB4A9400BB2094 /* HabitRPGTests.m in Sources */ = {isa = PBXBuildFile; fileRef = D9EB4EBF18CB4A9400BB2094 /* HabitRPGTests.m */; };
/* End PBXBuildFile section */

/* Begin PBXContainerItemProxy section */
		D9EB4EB718CB4A9400BB2094 /* PBXContainerItemProxy */ = {
			isa = PBXContainerItemProxy;
			containerPortal = D9EB4E8318CB4A9400BB2094 /* Project object */;
			proxyType = 1;
			remoteGlobalIDString = D9EB4E8A18CB4A9400BB2094;
			remoteInfo = HabitRPG;
		};
/* End PBXContainerItemProxy section */

/* Begin PBXFileReference section */
		D92CDADB18CB79E50006C242 /* HRPGTableViewController.h */ = {isa = PBXFileReference; fileEncoding = 4; lastKnownFileType = sourcecode.c.h; path = HRPGTableViewController.h; sourceTree = "<group>"; };
		D92CDADC18CB79E50006C242 /* HRPGTableViewController.m */ = {isa = PBXFileReference; fileEncoding = 4; lastKnownFileType = sourcecode.c.objc; path = HRPGTableViewController.m; sourceTree = "<group>"; };
		D92CDADE18CB83B90006C242 /* HRPGHabitTableViewController.h */ = {isa = PBXFileReference; fileEncoding = 4; lastKnownFileType = sourcecode.c.h; path = HRPGHabitTableViewController.h; sourceTree = "<group>"; };
		D92CDADF18CB83B90006C242 /* HRPGHabitTableViewController.m */ = {isa = PBXFileReference; fileEncoding = 4; lastKnownFileType = sourcecode.c.objc; path = HRPGHabitTableViewController.m; sourceTree = "<group>"; };
		D92CDAE218CB83EF0006C242 /* HRPGDailyTableViewController.h */ = {isa = PBXFileReference; fileEncoding = 4; lastKnownFileType = sourcecode.c.h; path = HRPGDailyTableViewController.h; sourceTree = "<group>"; };
		D92CDAE318CB83EF0006C242 /* HRPGDailyTableViewController.m */ = {isa = PBXFileReference; fileEncoding = 4; lastKnownFileType = sourcecode.c.objc; path = HRPGDailyTableViewController.m; sourceTree = "<group>"; };
		D92CDAE518CB84000006C242 /* HRPGToDoTableViewController.h */ = {isa = PBXFileReference; fileEncoding = 4; lastKnownFileType = sourcecode.c.h; path = HRPGToDoTableViewController.h; sourceTree = "<group>"; };
		D92CDAE618CB84000006C242 /* HRPGToDoTableViewController.m */ = {isa = PBXFileReference; fileEncoding = 4; lastKnownFileType = sourcecode.c.objc; path = HRPGToDoTableViewController.m; sourceTree = "<group>"; };
		D92CDAE818CB8C130006C242 /* HRPGAddViewController.h */ = {isa = PBXFileReference; fileEncoding = 4; lastKnownFileType = sourcecode.c.h; path = HRPGAddViewController.h; sourceTree = "<group>"; };
		D92CDAE918CB8C130006C242 /* HRPGAddViewController.m */ = {isa = PBXFileReference; fileEncoding = 4; lastKnownFileType = sourcecode.c.objc; path = HRPGAddViewController.m; sourceTree = "<group>"; };
		D92CDAEC18CBC8980006C242 /* HabitRPG.xcdatamodel */ = {isa = PBXFileReference; lastKnownFileType = wrapper.xcdatamodel; path = HabitRPG.xcdatamodel; sourceTree = "<group>"; };
		D92CDAEE18CBC9160006C242 /* Task.h */ = {isa = PBXFileReference; fileEncoding = 4; lastKnownFileType = sourcecode.c.h; path = Task.h; sourceTree = "<group>"; };
		D92CDAEF18CBC9160006C242 /* Task.m */ = {isa = PBXFileReference; fileEncoding = 4; lastKnownFileType = sourcecode.c.objc; path = Task.m; sourceTree = "<group>"; };
		D9EB4E8B18CB4A9400BB2094 /* HabitRPG.app */ = {isa = PBXFileReference; explicitFileType = wrapper.application; includeInIndex = 0; path = HabitRPG.app; sourceTree = BUILT_PRODUCTS_DIR; };
		D9EB4E8E18CB4A9400BB2094 /* Foundation.framework */ = {isa = PBXFileReference; lastKnownFileType = wrapper.framework; name = Foundation.framework; path = System/Library/Frameworks/Foundation.framework; sourceTree = SDKROOT; };
		D9EB4E9018CB4A9400BB2094 /* CoreGraphics.framework */ = {isa = PBXFileReference; lastKnownFileType = wrapper.framework; name = CoreGraphics.framework; path = System/Library/Frameworks/CoreGraphics.framework; sourceTree = SDKROOT; };
		D9EB4E9218CB4A9400BB2094 /* UIKit.framework */ = {isa = PBXFileReference; lastKnownFileType = wrapper.framework; name = UIKit.framework; path = System/Library/Frameworks/UIKit.framework; sourceTree = SDKROOT; };
		D9EB4E9618CB4A9400BB2094 /* HabitRPG-Info.plist */ = {isa = PBXFileReference; lastKnownFileType = text.plist.xml; path = "HabitRPG-Info.plist"; sourceTree = "<group>"; };
		D9EB4E9818CB4A9400BB2094 /* en */ = {isa = PBXFileReference; lastKnownFileType = text.plist.strings; name = en; path = en.lproj/InfoPlist.strings; sourceTree = "<group>"; };
		D9EB4E9A18CB4A9400BB2094 /* main.m */ = {isa = PBXFileReference; lastKnownFileType = sourcecode.c.objc; path = main.m; sourceTree = "<group>"; };
		D9EB4E9C18CB4A9400BB2094 /* HabitRPG-Prefix.pch */ = {isa = PBXFileReference; lastKnownFileType = sourcecode.c.h; path = "HabitRPG-Prefix.pch"; sourceTree = "<group>"; };
		D9EB4E9D18CB4A9400BB2094 /* HRPGAppDelegate.h */ = {isa = PBXFileReference; lastKnownFileType = sourcecode.c.h; path = HRPGAppDelegate.h; sourceTree = "<group>"; };
		D9EB4E9E18CB4A9400BB2094 /* HRPGAppDelegate.m */ = {isa = PBXFileReference; lastKnownFileType = sourcecode.c.objc; path = HRPGAppDelegate.m; sourceTree = "<group>"; };
		D9EB4EA118CB4A9400BB2094 /* Base */ = {isa = PBXFileReference; lastKnownFileType = file.storyboard; name = Base; path = Base.lproj/Main_iPhone.storyboard; sourceTree = "<group>"; };
		D9EB4EA418CB4A9400BB2094 /* Base */ = {isa = PBXFileReference; lastKnownFileType = file.storyboard; name = Base; path = Base.lproj/Main_iPad.storyboard; sourceTree = "<group>"; };
		D9EB4EAC18CB4A9400BB2094 /* Images.xcassets */ = {isa = PBXFileReference; lastKnownFileType = folder.assetcatalog; path = Images.xcassets; sourceTree = "<group>"; };
		D9EB4EB218CB4A9400BB2094 /* HabitRPGTests.xctest */ = {isa = PBXFileReference; explicitFileType = wrapper.cfbundle; includeInIndex = 0; path = HabitRPGTests.xctest; sourceTree = BUILT_PRODUCTS_DIR; };
		D9EB4EB318CB4A9400BB2094 /* XCTest.framework */ = {isa = PBXFileReference; lastKnownFileType = wrapper.framework; name = XCTest.framework; path = Library/Frameworks/XCTest.framework; sourceTree = DEVELOPER_DIR; };
		D9EB4EBB18CB4A9400BB2094 /* HabitRPGTests-Info.plist */ = {isa = PBXFileReference; lastKnownFileType = text.plist.xml; path = "HabitRPGTests-Info.plist"; sourceTree = "<group>"; };
		D9EB4EBD18CB4A9400BB2094 /* en */ = {isa = PBXFileReference; lastKnownFileType = text.plist.strings; name = en; path = en.lproj/InfoPlist.strings; sourceTree = "<group>"; };
		D9EB4EBF18CB4A9400BB2094 /* HabitRPGTests.m */ = {isa = PBXFileReference; lastKnownFileType = sourcecode.c.objc; path = HabitRPGTests.m; sourceTree = "<group>"; };
/* End PBXFileReference section */

/* Begin PBXFrameworksBuildPhase section */
		D9EB4E8818CB4A9400BB2094 /* Frameworks */ = {
			isa = PBXFrameworksBuildPhase;
			buildActionMask = 2147483647;
			files = (
				D9EB4E9118CB4A9400BB2094 /* CoreGraphics.framework in Frameworks */,
				D9EB4E9318CB4A9400BB2094 /* UIKit.framework in Frameworks */,
				D9EB4E8F18CB4A9400BB2094 /* Foundation.framework in Frameworks */,
			);
			runOnlyForDeploymentPostprocessing = 0;
		};
		D9EB4EAF18CB4A9400BB2094 /* Frameworks */ = {
			isa = PBXFrameworksBuildPhase;
			buildActionMask = 2147483647;
			files = (
				D9EB4EB418CB4A9400BB2094 /* XCTest.framework in Frameworks */,
				D9EB4EB618CB4A9400BB2094 /* UIKit.framework in Frameworks */,
				D9EB4EB518CB4A9400BB2094 /* Foundation.framework in Frameworks */,
			);
			runOnlyForDeploymentPostprocessing = 0;
		};
/* End PBXFrameworksBuildPhase section */

/* Begin PBXGroup section */
		D92CDAE118CB83C40006C242 /* TablewViewController */ = {
			isa = PBXGroup;
			children = (
				D92CDAE818CB8C130006C242 /* HRPGAddViewController.h */,
				D92CDAE918CB8C130006C242 /* HRPGAddViewController.m */,
				D92CDADB18CB79E50006C242 /* HRPGTableViewController.h */,
				D92CDADC18CB79E50006C242 /* HRPGTableViewController.m */,
				D92CDADE18CB83B90006C242 /* HRPGHabitTableViewController.h */,
				D92CDADF18CB83B90006C242 /* HRPGHabitTableViewController.m */,
				D92CDAE218CB83EF0006C242 /* HRPGDailyTableViewController.h */,
				D92CDAE318CB83EF0006C242 /* HRPGDailyTableViewController.m */,
				D92CDAE518CB84000006C242 /* HRPGToDoTableViewController.h */,
				D92CDAE618CB84000006C242 /* HRPGToDoTableViewController.m */,
			);
			name = TablewViewController;
			sourceTree = "<group>";
		};
		D9EB4E8218CB4A9400BB2094 = {
			isa = PBXGroup;
			children = (
				D9EB4E9418CB4A9400BB2094 /* HabitRPG */,
				D9EB4EB918CB4A9400BB2094 /* HabitRPGTests */,
				D9EB4E8D18CB4A9400BB2094 /* Frameworks */,
				D9EB4E8C18CB4A9400BB2094 /* Products */,
			);
			sourceTree = "<group>";
		};
		D9EB4E8C18CB4A9400BB2094 /* Products */ = {
			isa = PBXGroup;
			children = (
				D9EB4E8B18CB4A9400BB2094 /* HabitRPG.app */,
				D9EB4EB218CB4A9400BB2094 /* HabitRPGTests.xctest */,
			);
			name = Products;
			sourceTree = "<group>";
		};
		D9EB4E8D18CB4A9400BB2094 /* Frameworks */ = {
			isa = PBXGroup;
			children = (
				D9EB4E8E18CB4A9400BB2094 /* Foundation.framework */,
				D9EB4E9018CB4A9400BB2094 /* CoreGraphics.framework */,
				D9EB4E9218CB4A9400BB2094 /* UIKit.framework */,
				D9EB4EB318CB4A9400BB2094 /* XCTest.framework */,
			);
			name = Frameworks;
			sourceTree = "<group>";
		};
		D9EB4E9418CB4A9400BB2094 /* HabitRPG */ = {
			isa = PBXGroup;
			children = (
				D92CDAE118CB83C40006C242 /* TablewViewController */,
				D9EB4E9D18CB4A9400BB2094 /* HRPGAppDelegate.h */,
				D9EB4E9E18CB4A9400BB2094 /* HRPGAppDelegate.m */,
				D9EB4EA018CB4A9400BB2094 /* Main_iPhone.storyboard */,
				D9EB4EA318CB4A9400BB2094 /* Main_iPad.storyboard */,
				D92CDAEB18CBC8980006C242 /* HabitRPG.xcdatamodeld */,
				D92CDAEE18CBC9160006C242 /* Task.h */,
				D92CDAEF18CBC9160006C242 /* Task.m */,
				D9EB4EAC18CB4A9400BB2094 /* Images.xcassets */,
				D9EB4E9518CB4A9400BB2094 /* Supporting Files */,
			);
			path = HabitRPG;
			sourceTree = "<group>";
		};
		D9EB4E9518CB4A9400BB2094 /* Supporting Files */ = {
			isa = PBXGroup;
			children = (
				D9EB4E9618CB4A9400BB2094 /* HabitRPG-Info.plist */,
				D9EB4E9718CB4A9400BB2094 /* InfoPlist.strings */,
				D9EB4E9A18CB4A9400BB2094 /* main.m */,
				D9EB4E9C18CB4A9400BB2094 /* HabitRPG-Prefix.pch */,
			);
			name = "Supporting Files";
			sourceTree = "<group>";
		};
		D9EB4EB918CB4A9400BB2094 /* HabitRPGTests */ = {
			isa = PBXGroup;
			children = (
				D9EB4EBF18CB4A9400BB2094 /* HabitRPGTests.m */,
				D9EB4EBA18CB4A9400BB2094 /* Supporting Files */,
			);
			path = HabitRPGTests;
			sourceTree = "<group>";
		};
		D9EB4EBA18CB4A9400BB2094 /* Supporting Files */ = {
			isa = PBXGroup;
			children = (
				D9EB4EBB18CB4A9400BB2094 /* HabitRPGTests-Info.plist */,
				D9EB4EBC18CB4A9400BB2094 /* InfoPlist.strings */,
			);
			name = "Supporting Files";
			sourceTree = "<group>";
		};
/* End PBXGroup section */

/* Begin PBXNativeTarget section */
		D9EB4E8A18CB4A9400BB2094 /* HabitRPG */ = {
			isa = PBXNativeTarget;
			buildConfigurationList = D9EB4EC318CB4A9400BB2094 /* Build configuration list for PBXNativeTarget "HabitRPG" */;
			buildPhases = (
				D9EB4E8718CB4A9400BB2094 /* Sources */,
				D9EB4E8818CB4A9400BB2094 /* Frameworks */,
				D9EB4E8918CB4A9400BB2094 /* Resources */,
			);
			buildRules = (
			);
			dependencies = (
			);
			name = HabitRPG;
			productName = HabitRPG;
			productReference = D9EB4E8B18CB4A9400BB2094 /* HabitRPG.app */;
			productType = "com.apple.product-type.application";
		};
		D9EB4EB118CB4A9400BB2094 /* HabitRPGTests */ = {
			isa = PBXNativeTarget;
			buildConfigurationList = D9EB4EC618CB4A9400BB2094 /* Build configuration list for PBXNativeTarget "HabitRPGTests" */;
			buildPhases = (
				D9EB4EAE18CB4A9400BB2094 /* Sources */,
				D9EB4EAF18CB4A9400BB2094 /* Frameworks */,
				D9EB4EB018CB4A9400BB2094 /* Resources */,
			);
			buildRules = (
			);
			dependencies = (
				D9EB4EB818CB4A9400BB2094 /* PBXTargetDependency */,
			);
			name = HabitRPGTests;
			productName = HabitRPGTests;
			productReference = D9EB4EB218CB4A9400BB2094 /* HabitRPGTests.xctest */;
			productType = "com.apple.product-type.bundle.unit-test";
		};
/* End PBXNativeTarget section */

/* Begin PBXProject section */
		D9EB4E8318CB4A9400BB2094 /* Project object */ = {
			isa = PBXProject;
			attributes = {
				CLASSPREFIX = HRPG;
				LastUpgradeCheck = 0500;
				ORGANIZATIONNAME = "Phillip Thelen";
				TargetAttributes = {
					D9EB4EB118CB4A9400BB2094 = {
						TestTargetID = D9EB4E8A18CB4A9400BB2094;
					};
				};
			};
			buildConfigurationList = D9EB4E8618CB4A9400BB2094 /* Build configuration list for PBXProject "HabitRPG" */;
			compatibilityVersion = "Xcode 3.2";
			developmentRegion = English;
			hasScannedForEncodings = 0;
			knownRegions = (
				en,
				Base,
			);
			mainGroup = D9EB4E8218CB4A9400BB2094;
			productRefGroup = D9EB4E8C18CB4A9400BB2094 /* Products */;
			projectDirPath = "";
			projectRoot = "";
			targets = (
				D9EB4E8A18CB4A9400BB2094 /* HabitRPG */,
				D9EB4EB118CB4A9400BB2094 /* HabitRPGTests */,
			);
		};
/* End PBXProject section */

/* Begin PBXResourcesBuildPhase section */
		D9EB4E8918CB4A9400BB2094 /* Resources */ = {
			isa = PBXResourcesBuildPhase;
			buildActionMask = 2147483647;
			files = (
				D9EB4EA518CB4A9400BB2094 /* Main_iPad.storyboard in Resources */,
				D9EB4EAD18CB4A9400BB2094 /* Images.xcassets in Resources */,
				D9EB4EA218CB4A9400BB2094 /* Main_iPhone.storyboard in Resources */,
				D9EB4E9918CB4A9400BB2094 /* InfoPlist.strings in Resources */,
			);
			runOnlyForDeploymentPostprocessing = 0;
		};
		D9EB4EB018CB4A9400BB2094 /* Resources */ = {
			isa = PBXResourcesBuildPhase;
			buildActionMask = 2147483647;
			files = (
				D9EB4EBE18CB4A9400BB2094 /* InfoPlist.strings in Resources */,
			);
			runOnlyForDeploymentPostprocessing = 0;
		};
/* End PBXResourcesBuildPhase section */

/* Begin PBXSourcesBuildPhase section */
		D9EB4E8718CB4A9400BB2094 /* Sources */ = {
			isa = PBXSourcesBuildPhase;
			buildActionMask = 2147483647;
			files = (
				D9EB4E9B18CB4A9400BB2094 /* main.m in Sources */,
				D92CDAE018CB83B90006C242 /* HRPGHabitTableViewController.m in Sources */,
				D92CDAED18CBC8980006C242 /* HabitRPG.xcdatamodeld in Sources */,
				D92CDADD18CB79E50006C242 /* HRPGTableViewController.m in Sources */,
				D9EB4E9F18CB4A9400BB2094 /* HRPGAppDelegate.m in Sources */,
				D92CDAEA18CB8C130006C242 /* HRPGAddViewController.m in Sources */,
				D92CDAE718CB84000006C242 /* HRPGToDoTableViewController.m in Sources */,
				D92CDAF018CBC9160006C242 /* Task.m in Sources */,
				D92CDAE418CB83EF0006C242 /* HRPGDailyTableViewController.m in Sources */,
			);
			runOnlyForDeploymentPostprocessing = 0;
		};
		D9EB4EAE18CB4A9400BB2094 /* Sources */ = {
			isa = PBXSourcesBuildPhase;
			buildActionMask = 2147483647;
			files = (
				D9EB4EC018CB4A9400BB2094 /* HabitRPGTests.m in Sources */,
			);
			runOnlyForDeploymentPostprocessing = 0;
		};
/* End PBXSourcesBuildPhase section */

/* Begin PBXTargetDependency section */
		D9EB4EB818CB4A9400BB2094 /* PBXTargetDependency */ = {
			isa = PBXTargetDependency;
			target = D9EB4E8A18CB4A9400BB2094 /* HabitRPG */;
			targetProxy = D9EB4EB718CB4A9400BB2094 /* PBXContainerItemProxy */;
		};
/* End PBXTargetDependency section */

/* Begin PBXVariantGroup section */
		D9EB4E9718CB4A9400BB2094 /* InfoPlist.strings */ = {
			isa = PBXVariantGroup;
			children = (
				D9EB4E9818CB4A9400BB2094 /* en */,
			);
			name = InfoPlist.strings;
			sourceTree = "<group>";
		};
		D9EB4EA018CB4A9400BB2094 /* Main_iPhone.storyboard */ = {
			isa = PBXVariantGroup;
			children = (
				D9EB4EA118CB4A9400BB2094 /* Base */,
			);
			name = Main_iPhone.storyboard;
			sourceTree = "<group>";
		};
		D9EB4EA318CB4A9400BB2094 /* Main_iPad.storyboard */ = {
			isa = PBXVariantGroup;
			children = (
				D9EB4EA418CB4A9400BB2094 /* Base */,
			);
			name = Main_iPad.storyboard;
			sourceTree = "<group>";
		};
		D9EB4EBC18CB4A9400BB2094 /* InfoPlist.strings */ = {
			isa = PBXVariantGroup;
			children = (
				D9EB4EBD18CB4A9400BB2094 /* en */,
			);
			name = InfoPlist.strings;
			sourceTree = "<group>";
		};
/* End PBXVariantGroup section */

/* Begin XCBuildConfiguration section */
		D9EB4EC118CB4A9400BB2094 /* Debug */ = {
			isa = XCBuildConfiguration;
			buildSettings = {
				ALWAYS_SEARCH_USER_PATHS = NO;
				ARCHS = "$(ARCHS_STANDARD_INCLUDING_64_BIT)";
				CLANG_CXX_LANGUAGE_STANDARD = "gnu++0x";
				CLANG_CXX_LIBRARY = "libc++";
				CLANG_ENABLE_MODULES = YES;
				CLANG_ENABLE_OBJC_ARC = YES;
				CLANG_WARN_BOOL_CONVERSION = YES;
				CLANG_WARN_CONSTANT_CONVERSION = YES;
				CLANG_WARN_DIRECT_OBJC_ISA_USAGE = YES_ERROR;
				CLANG_WARN_EMPTY_BODY = YES;
				CLANG_WARN_ENUM_CONVERSION = YES;
				CLANG_WARN_INT_CONVERSION = YES;
				CLANG_WARN_OBJC_ROOT_CLASS = YES_ERROR;
				CLANG_WARN__DUPLICATE_METHOD_MATCH = YES;
				"CODE_SIGN_IDENTITY[sdk=iphoneos*]" = "iPhone Developer";
				COPY_PHASE_STRIP = NO;
				GCC_C_LANGUAGE_STANDARD = gnu99;
				GCC_DYNAMIC_NO_PIC = NO;
				GCC_OPTIMIZATION_LEVEL = 0;
				GCC_PREPROCESSOR_DEFINITIONS = (
					"DEBUG=1",
					"$(inherited)",
				);
				GCC_SYMBOLS_PRIVATE_EXTERN = NO;
				GCC_WARN_64_TO_32_BIT_CONVERSION = YES;
				GCC_WARN_ABOUT_RETURN_TYPE = YES_ERROR;
				GCC_WARN_UNDECLARED_SELECTOR = YES;
				GCC_WARN_UNINITIALIZED_AUTOS = YES;
				GCC_WARN_UNUSED_FUNCTION = YES;
				GCC_WARN_UNUSED_VARIABLE = YES;
				IPHONEOS_DEPLOYMENT_TARGET = 7.0;
				ONLY_ACTIVE_ARCH = YES;
				SDKROOT = iphoneos;
				TARGETED_DEVICE_FAMILY = "1,2";
			};
			name = Debug;
		};
		D9EB4EC218CB4A9400BB2094 /* Release */ = {
			isa = XCBuildConfiguration;
			buildSettings = {
				ALWAYS_SEARCH_USER_PATHS = NO;
				ARCHS = "$(ARCHS_STANDARD_INCLUDING_64_BIT)";
				CLANG_CXX_LANGUAGE_STANDARD = "gnu++0x";
				CLANG_CXX_LIBRARY = "libc++";
				CLANG_ENABLE_MODULES = YES;
				CLANG_ENABLE_OBJC_ARC = YES;
				CLANG_WARN_BOOL_CONVERSION = YES;
				CLANG_WARN_CONSTANT_CONVERSION = YES;
				CLANG_WARN_DIRECT_OBJC_ISA_USAGE = YES_ERROR;
				CLANG_WARN_EMPTY_BODY = YES;
				CLANG_WARN_ENUM_CONVERSION = YES;
				CLANG_WARN_INT_CONVERSION = YES;
				CLANG_WARN_OBJC_ROOT_CLASS = YES_ERROR;
				CLANG_WARN__DUPLICATE_METHOD_MATCH = YES;
				"CODE_SIGN_IDENTITY[sdk=iphoneos*]" = "iPhone Developer";
				COPY_PHASE_STRIP = YES;
				ENABLE_NS_ASSERTIONS = NO;
				GCC_C_LANGUAGE_STANDARD = gnu99;
				GCC_WARN_64_TO_32_BIT_CONVERSION = YES;
				GCC_WARN_ABOUT_RETURN_TYPE = YES_ERROR;
				GCC_WARN_UNDECLARED_SELECTOR = YES;
				GCC_WARN_UNINITIALIZED_AUTOS = YES;
				GCC_WARN_UNUSED_FUNCTION = YES;
				GCC_WARN_UNUSED_VARIABLE = YES;
				IPHONEOS_DEPLOYMENT_TARGET = 7.0;
				SDKROOT = iphoneos;
				TARGETED_DEVICE_FAMILY = "1,2";
				VALIDATE_PRODUCT = YES;
			};
			name = Release;
		};
		D9EB4EC418CB4A9400BB2094 /* Debug */ = {
			isa = XCBuildConfiguration;
			buildSettings = {
				ASSETCATALOG_COMPILER_APPICON_NAME = AppIcon;
				ASSETCATALOG_COMPILER_LAUNCHIMAGE_NAME = LaunchImage;
				GCC_PRECOMPILE_PREFIX_HEADER = YES;
				GCC_PREFIX_HEADER = "HabitRPG/HabitRPG-Prefix.pch";
				INFOPLIST_FILE = "HabitRPG/HabitRPG-Info.plist";
				PRODUCT_NAME = "$(TARGET_NAME)";
				WRAPPER_EXTENSION = app;
			};
			name = Debug;
		};
		D9EB4EC518CB4A9400BB2094 /* Release */ = {
			isa = XCBuildConfiguration;
			buildSettings = {
				ASSETCATALOG_COMPILER_APPICON_NAME = AppIcon;
				ASSETCATALOG_COMPILER_LAUNCHIMAGE_NAME = LaunchImage;
				GCC_PRECOMPILE_PREFIX_HEADER = YES;
				GCC_PREFIX_HEADER = "HabitRPG/HabitRPG-Prefix.pch";
				INFOPLIST_FILE = "HabitRPG/HabitRPG-Info.plist";
				PRODUCT_NAME = "$(TARGET_NAME)";
				WRAPPER_EXTENSION = app;
			};
			name = Release;
		};
		D9EB4EC718CB4A9400BB2094 /* Debug */ = {
			isa = XCBuildConfiguration;
			buildSettings = {
				ARCHS = "$(ARCHS_STANDARD_INCLUDING_64_BIT)";
				BUNDLE_LOADER = "$(BUILT_PRODUCTS_DIR)/HabitRPG.app/HabitRPG";
				FRAMEWORK_SEARCH_PATHS = (
					"$(SDKROOT)/Developer/Library/Frameworks",
					"$(inherited)",
					"$(DEVELOPER_FRAMEWORKS_DIR)",
				);
				GCC_PRECOMPILE_PREFIX_HEADER = YES;
				GCC_PREFIX_HEADER = "HabitRPG/HabitRPG-Prefix.pch";
				GCC_PREPROCESSOR_DEFINITIONS = (
					"DEBUG=1",
					"$(inherited)",
				);
				INFOPLIST_FILE = "HabitRPGTests/HabitRPGTests-Info.plist";
				PRODUCT_NAME = "$(TARGET_NAME)";
				TEST_HOST = "$(BUNDLE_LOADER)";
				WRAPPER_EXTENSION = xctest;
			};
			name = Debug;
		};
		D9EB4EC818CB4A9400BB2094 /* Release */ = {
			isa = XCBuildConfiguration;
			buildSettings = {
				ARCHS = "$(ARCHS_STANDARD_INCLUDING_64_BIT)";
				BUNDLE_LOADER = "$(BUILT_PRODUCTS_DIR)/HabitRPG.app/HabitRPG";
				FRAMEWORK_SEARCH_PATHS = (
					"$(SDKROOT)/Developer/Library/Frameworks",
					"$(inherited)",
					"$(DEVELOPER_FRAMEWORKS_DIR)",
				);
				GCC_PRECOMPILE_PREFIX_HEADER = YES;
				GCC_PREFIX_HEADER = "HabitRPG/HabitRPG-Prefix.pch";
				INFOPLIST_FILE = "HabitRPGTests/HabitRPGTests-Info.plist";
				PRODUCT_NAME = "$(TARGET_NAME)";
				TEST_HOST = "$(BUNDLE_LOADER)";
				WRAPPER_EXTENSION = xctest;
			};
			name = Release;
		};
/* End XCBuildConfiguration section */

/* Begin XCConfigurationList section */
		D9EB4E8618CB4A9400BB2094 /* Build configuration list for PBXProject "HabitRPG" */ = {
			isa = XCConfigurationList;
			buildConfigurations = (
				D9EB4EC118CB4A9400BB2094 /* Debug */,
				D9EB4EC218CB4A9400BB2094 /* Release */,
			);
			defaultConfigurationIsVisible = 0;
			defaultConfigurationName = Release;
		};
		D9EB4EC318CB4A9400BB2094 /* Build configuration list for PBXNativeTarget "HabitRPG" */ = {
			isa = XCConfigurationList;
			buildConfigurations = (
				D9EB4EC418CB4A9400BB2094 /* Debug */,
				D9EB4EC518CB4A9400BB2094 /* Release */,
			);
			defaultConfigurationIsVisible = 0;
			defaultConfigurationName = Release;
		};
		D9EB4EC618CB4A9400BB2094 /* Build configuration list for PBXNativeTarget "HabitRPGTests" */ = {
			isa = XCConfigurationList;
			buildConfigurations = (
				D9EB4EC718CB4A9400BB2094 /* Debug */,
				D9EB4EC818CB4A9400BB2094 /* Release */,
			);
			defaultConfigurationIsVisible = 0;
			defaultConfigurationName = Release;
		};
/* End XCConfigurationList section */

/* Begin XCVersionGroup section */
		D92CDAEB18CBC8980006C242 /* HabitRPG.xcdatamodeld */ = {
			isa = XCVersionGroup;
			children = (
				D92CDAEC18CBC8980006C242 /* HabitRPG.xcdatamodel */,
			);
			currentVersion = D92CDAEC18CBC8980006C242 /* HabitRPG.xcdatamodel */;
			path = HabitRPG.xcdatamodeld;
			sourceTree = "<group>";
			versionGroupType = wrapper.xcdatamodel;
		};
/* End XCVersionGroup section */
	};
	rootObject = D9EB4E8318CB4A9400BB2094 /* Project object */;
}
